PODS:
  - Bolts (1.9.0):
    - Bolts/AppLinks (= 1.9.0)
    - Bolts/Tasks (= 1.9.0)
  - Bolts/AppLinks (1.9.0):
    - Bolts/Tasks
  - Bolts/Tasks (1.9.0)
  - BoringSSL (10.0.6):
    - BoringSSL/Implementation (= 10.0.6)
    - BoringSSL/Interface (= 10.0.6)
  - BoringSSL/Implementation (10.0.6):
    - BoringSSL/Interface (= 10.0.6)
  - BoringSSL/Interface (10.0.6)
  - Cosmos (17.0.0)
  - Crashlytics (3.12.0):
    - Fabric (~> 1.9.0)
  - Dip (7.0.1)
  - Eureka (4.3.1)
  - Fabric (1.9.0)
  - FBSDKCoreKit (4.38.1):
    - Bolts (~> 1.9)
  - FBSDKLoginKit (4.38.1):
    - FBSDKCoreKit
  - Firebase/Auth (5.14.0):
    - Firebase/CoreOnly
    - FirebaseAuth (= 5.1.0)
  - Firebase/Core (5.14.0):
    - Firebase/CoreOnly
    - FirebaseAnalytics (= 5.4.0)
  - Firebase/CoreOnly (5.14.0):
    - FirebaseCore (= 5.1.9)
  - Firebase/Database (5.14.0):
    - Firebase/CoreOnly
    - FirebaseDatabase (= 5.0.4)
  - Firebase/Firestore (5.14.0):
    - Firebase/CoreOnly
    - FirebaseFirestore (= 0.16.0)
  - Firebase/Performance (5.14.0):
    - Firebase/Core
    - FirebasePerformance (= 2.2.1)
  - Firebase/Storage (5.14.0):
    - Firebase/CoreOnly
    - FirebaseStorage (= 3.0.3)
  - FirebaseABTesting (2.0.0):
    - FirebaseCore (~> 5.0)
    - Protobuf (~> 3.5)
  - FirebaseAnalytics (5.4.0):
    - FirebaseCore (~> 5.1)
    - FirebaseInstanceID (~> 3.3)
    - GoogleAppMeasurement (= 5.4.0)
    - GoogleUtilities/AppDelegateSwizzler (~> 5.2)
    - GoogleUtilities/MethodSwizzler (~> 5.2)
    - GoogleUtilities/Network (~> 5.2)
    - "GoogleUtilities/NSData+zlib (~> 5.2)"
    - nanopb (~> 0.3)
  - FirebaseAuth (5.1.0):
    - FirebaseAuthInterop (~> 1.0)
    - FirebaseCore (~> 5.1)
    - GoogleUtilities/Environment (~> 5.2)
    - GTMSessionFetcher/Core (~> 1.1)
  - FirebaseAuthInterop (1.0.0)
  - FirebaseCore (5.1.9):
    - GoogleUtilities/Logger (~> 5.2)
  - FirebaseDatabase (5.0.4):
    - FirebaseAuthInterop (~> 1.0)
    - FirebaseCore (~> 5.1)
    - leveldb-library (~> 1.18)
  - FirebaseFirestore (0.16.0):
    - FirebaseAuthInterop (~> 1.0)
    - FirebaseCore (~> 5.1)
    - FirebaseFirestore/abseil-cpp (= 0.16.0)
    - "gRPC-C++ (= 0.0.5)"
    - leveldb-library (~> 1.20)
    - nanopb (~> 0.3.8)
    - Protobuf (~> 3.1)
  - FirebaseFirestore/abseil-cpp (0.16.0):
    - FirebaseAuthInterop (~> 1.0)
    - FirebaseCore (~> 5.1)
    - "gRPC-C++ (= 0.0.5)"
    - leveldb-library (~> 1.20)
    - nanopb (~> 0.3.8)
    - Protobuf (~> 3.1)
  - FirebaseInstanceID (3.3.0):
    - FirebaseCore (~> 5.1)
    - GoogleUtilities/Environment (~> 5.3)
    - GoogleUtilities/UserDefaults (~> 5.3)
  - FirebasePerformance (2.2.1):
    - FirebaseAnalytics (~> 5.3)
    - FirebaseInstanceID (~> 3.3)
    - FirebaseRemoteConfig (~> 3.1)
    - GoogleToolboxForMac/Logger (~> 2.1)
    - "GoogleToolboxForMac/NSData+zlib (~> 2.1)"
    - GoogleUtilities/ISASwizzler (~> 5.2)
    - GoogleUtilities/MethodSwizzler (~> 5.2)
    - GTMSessionFetcher/Core (~> 1.1)
    - Protobuf (~> 3.5)
  - FirebaseRemoteConfig (3.1.0):
    - FirebaseABTesting (~> 2.0)
    - FirebaseAnalytics (~> 5.3)
    - FirebaseCore (~> 5.1)
    - FirebaseInstanceID (~> 3.3)
    - GoogleUtilities/Environment (~> 5.2)
    - "GoogleUtilities/NSData+zlib (~> 5.2)"
    - Protobuf (~> 3.5)
  - FirebaseStorage (3.0.3):
    - FirebaseAuthInterop (~> 1.0)
    - FirebaseCore (~> 5.1)
    - GTMSessionFetcher/Core (~> 1.1)
  - FirebaseUI (5.1.3):
    - FirebaseUI/Auth (= 5.1.3)
    - FirebaseUI/Database (= 5.1.3)
    - FirebaseUI/Facebook (= 5.1.3)
    - FirebaseUI/Firestore (= 5.1.3)
    - FirebaseUI/Google (= 5.1.3)
    - FirebaseUI/Phone (= 5.1.3)
    - FirebaseUI/Storage (= 5.1.3)
    - FirebaseUI/Twitter (= 5.1.3)
  - FirebaseUI/Auth (5.1.3):
    - Firebase/Auth (~> 5.0)
  - FirebaseUI/Database (5.1.3):
    - Firebase/Database (~> 5.0)
  - FirebaseUI/Facebook (5.1.3):
    - FBSDKLoginKit (~> 4.0)
    - FirebaseUI/Auth
  - FirebaseUI/Firestore (5.1.3):
    - Firebase/Firestore
  - FirebaseUI/Google (5.1.3):
    - FirebaseUI/Auth
    - GoogleSignIn (~> 4.0)
  - FirebaseUI/Phone (5.1.3):
    - FirebaseUI/Auth
  - FirebaseUI/Storage (5.1.3):
    - Firebase/Storage (~> 5.0)
    - SDWebImage (~> 4.0)
  - FirebaseUI/Twitter (5.1.3):
    - FirebaseUI/Auth
    - TwitterKit (~> 3.0)
  - GoogleAppMeasurement (5.4.0):
    - GoogleUtilities/AppDelegateSwizzler (~> 5.2)
    - GoogleUtilities/MethodSwizzler (~> 5.2)
    - GoogleUtilities/Network (~> 5.2)
    - "GoogleUtilities/NSData+zlib (~> 5.2)"
    - nanopb (~> 0.3)
  - GoogleSignIn (4.4.0):
    - "GoogleToolboxForMac/NSDictionary+URLArguments (~> 2.1)"
    - "GoogleToolboxForMac/NSString+URLArguments (~> 2.1)"
    - GTMSessionFetcher/Core (~> 1.1)
  - GoogleToolboxForMac/DebugUtils (2.2.1):
    - GoogleToolboxForMac/Defines (= 2.2.1)
  - GoogleToolboxForMac/Defines (2.2.1)
  - GoogleToolboxForMac/Logger (2.2.1):
    - GoogleToolboxForMac/Defines (= 2.2.1)
  - "GoogleToolboxForMac/NSData+zlib (2.2.1)":
    - GoogleToolboxForMac/Defines (= 2.2.1)
  - "GoogleToolboxForMac/NSDictionary+URLArguments (2.2.1)":
    - GoogleToolboxForMac/DebugUtils (= 2.2.1)
    - GoogleToolboxForMac/Defines (= 2.2.1)
    - "GoogleToolboxForMac/NSString+URLArguments (= 2.2.1)"
  - "GoogleToolboxForMac/NSString+URLArguments (2.2.1)"
  - GoogleUtilities/AppDelegateSwizzler (5.8.0):
    - GoogleUtilities/Environment
    - GoogleUtilities/Logger
    - GoogleUtilities/Network
  - GoogleUtilities/Environment (5.8.0)
  - GoogleUtilities/ISASwizzler (5.8.0)
  - GoogleUtilities/Logger (5.8.0):
    - GoogleUtilities/Environment
  - GoogleUtilities/MethodSwizzler (5.8.0):
    - GoogleUtilities/Logger
  - GoogleUtilities/Network (5.8.0):
    - GoogleUtilities/Logger
    - "GoogleUtilities/NSData+zlib"
    - GoogleUtilities/Reachability
  - "GoogleUtilities/NSData+zlib (5.8.0)"
  - GoogleUtilities/Reachability (5.8.0):
    - GoogleUtilities/Logger
  - GoogleUtilities/UserDefaults (5.8.0):
    - GoogleUtilities/Logger
  - "gRPC-C++ (0.0.5)":
    - "gRPC-C++/Implementation (= 0.0.5)"
    - "gRPC-C++/Interface (= 0.0.5)"
  - "gRPC-C++/Implementation (0.0.5)":
    - "gRPC-C++/Interface (= 0.0.5)"
    - gRPC-Core (= 1.14.0)
    - nanopb (~> 0.3)
  - "gRPC-C++/Interface (0.0.5)"
  - gRPC-Core (1.14.0):
    - gRPC-Core/Implementation (= 1.14.0)
    - gRPC-Core/Interface (= 1.14.0)
  - gRPC-Core/Implementation (1.14.0):
    - BoringSSL (~> 10.0)
    - gRPC-Core/Interface (= 1.14.0)
    - nanopb (~> 0.3)
  - gRPC-Core/Interface (1.14.0)
  - GTMSessionFetcher/Core (1.2.2)
  - leveldb-library (1.22)
  - nanopb (0.3.901):
    - nanopb/decode (= 0.3.901)
    - nanopb/encode (= 0.3.901)
  - nanopb/decode (0.3.901)
  - nanopb/encode (0.3.901)
  - Nimble (8.0.4)
  - PromiseKit (6.11.0):
    - PromiseKit/CorePromise (= 6.11.0)
    - PromiseKit/Foundation (= 6.11.0)
    - PromiseKit/UIKit (= 6.11.0)
  - PromiseKit/CorePromise (6.11.0)
  - PromiseKit/Foundation (6.11.0):
    - PromiseKit/CorePromise
  - PromiseKit/UIKit (6.11.0):
    - PromiseKit/CorePromise
  - Protobuf (3.10.0)
  - PureLayout (3.1.5)
  - SDWebImage (4.4.7):
    - SDWebImage/Core (= 4.4.7)
  - SDWebImage/Core (4.4.7)
  - SwiftyBeaver (1.8.2)
  - TwitterCore (3.2.0)
  - TwitterKit (3.4.2):
    - TwitterCore (>= 3.2.0)

DEPENDENCIES:
  - Cosmos (~> 17.0.0)
  - Crashlytics (~> 3.12.0)
  - Dip (~> 7.0.0)
  - Eureka (~> 4.3.0)
  - Fabric (~> 1.9.0)
  - FBSDKCoreKit (~> 4.38.0)
  - FBSDKLoginKit (~> 4.38.0)
  - Firebase/Auth (~> 5.14.0)
  - Firebase/Core
  - Firebase/Core (~> 5.14.0)
  - Firebase/Firestore (~> 5.14.0)
  - Firebase/Performance (~> 5.14.0)
  - Firebase/Storage (~> 5.14.0)
  - FirebaseUI (~> 5.1.0)
  - GoogleSignIn (~> 4.4.0)
  - Nimble
  - PromiseKit (~> 6.8)
  - PureLayout (~> 3.1.4)
  - SwiftyBeaver (~> 1.7)

SPEC REPOS:
  trunk:
    - Bolts
    - BoringSSL
    - Cosmos
    - Crashlytics
    - Dip
    - Eureka
    - Fabric
    - FBSDKCoreKit
    - FBSDKLoginKit
    - Firebase
    - FirebaseABTesting
    - FirebaseAnalytics
    - FirebaseAuth
    - FirebaseAuthInterop
    - FirebaseCore
    - FirebaseDatabase
    - FirebaseFirestore
    - FirebaseInstanceID
    - FirebasePerformance
    - FirebaseRemoteConfig
    - FirebaseStorage
    - FirebaseUI
    - GoogleAppMeasurement
    - GoogleSignIn
    - GoogleToolboxForMac
    - GoogleUtilities
    - "gRPC-C++"
    - gRPC-Core
    - GTMSessionFetcher
    - leveldb-library
    - nanopb
    - Nimble
    - PromiseKit
    - Protobuf
    - PureLayout
    - SDWebImage
    - SwiftyBeaver
    - TwitterCore
    - TwitterKit

SPEC CHECKSUMS:
  Bolts: ac6567323eac61e203f6a9763667d0f711be34c8
  BoringSSL: e10f92a27043805c01071fe815a5cd98ae8212e7
  Cosmos: 309e489f21ffc91a1eeecfebef7f817cd2fcfba6
  Crashlytics: 07fb167b1694128c1c9a5a5cc319b0e9c3ca0933
  Dip: 79509d5dc4f648e10e922ed79c608a7761c52b13
  Eureka: 28ea296f06710f6745266b71f17862048941a32d
  Fabric: f988e33c97f08930a413e08123064d2e5f68d655
  FBSDKCoreKit: 8d47857400e2f5bdea697a80daff882e91c84ef6
  FBSDKLoginKit: 4621c690d9dd8628031a4791497062183ea34b0d
  Firebase: 963d5685fae888a56d6d4d9cfce6b9c976958798
  FirebaseABTesting: 1f50b8d50f5e3469eea54e7463a7b7fe221d1f5e
  FirebaseAnalytics: c06f9d70577d79074214700a71fd5d39de5550fb
  FirebaseAuth: 4a5cc5fc2d1721e509e24699b93ebc3d94b1e195
  FirebaseAuthInterop: 0ffa57668be100582bb7643d4fcb7615496c41fc
  FirebaseCore: 8f49b70f57ab5cbb032ef41d64992ded21606459
  FirebaseDatabase: 0621689f77528d62b47e1c06ca737c4c19275d1a
  FirebaseFirestore: 0b2495ff27e5749fa0984c405ea58db3d070e075
  FirebaseInstanceID: e2fa4cb35ef5558c200f7f0ad8a53e212215f93e
  FirebasePerformance: 071ef097e7fb2d4f2f27fac1d4ed72ae3dd737d7
  FirebaseRemoteConfig: 7e11c65f0769c09bff6947997c209515058c5318
  FirebaseStorage: 3d22c041370593e639fba013d1eb698a8dae2881
  FirebaseUI: 6d3f86249a4de8288424e154c9ff1a976aae3910
  GoogleAppMeasurement: 98b71f5e04142793729a5ef23e5b96651ff4b70f
  GoogleSignIn: 7ff245e1a7b26d379099d3243a562f5747e23d39
  GoogleToolboxForMac: b3553629623a3b1bff17f555e736cd5a6d95ad55
  GoogleUtilities: 04fce34bcd5620c1ee76fb79172105c74a4df335
  "gRPC-C++": 19eec1ffd34de29453f5fab5b4697ad0f240ad51
  gRPC-Core: f4836515817c0eb479aeeb9cc27c91c4ba62a9f6
  GTMSessionFetcher: 61bb0f61a4cb560030f1222021178008a5727a23
  leveldb-library: 55d93ee664b4007aac644a782d11da33fba316f7
  nanopb: 2901f78ea1b7b4015c860c2fdd1ea2fee1a18d48
  Nimble: 18d5360282923225d62b09d781f63abc1a0111fc
  PromiseKit: e4863d06976e7dee5e41c04fc7371c16b3600292
  Protobuf: a4dc852ad69c027ca2166ed287b856697814375b
  PureLayout: 9b4ad47b2f0388c84ff534af23d96e720c1b875a
  SDWebImage: c10d14a8883ebd89664f02a422006f66a85c0c5d
  SwiftyBeaver: aaf2ebd7dac2e952991f46a82ed24ad642867ae2
  TwitterCore: 8cbc9ad34d91c63a0035ea05bfbfc0d7ca72a28c
  TwitterKit: 5e4f41d70b9abdb41df5467f52d7aa2c0fd26ebb

PODFILE CHECKSUM: e2fe812238f15feed6ff5af0621d5d8571eb9818

COCOAPODS: 1.8.3
