PODS:
  - AWSAuthCore (2.6.13):
    - AWSCore (= 2.6.13)
  - AWSAuthUI (2.6.13):
    - AWSAuthCore (= 2.6.13)
    - AWSCore (= 2.6.13)
  - AWSCognitoIdentityProvider (2.6.13):
    - AWSCognitoIdentityProviderASF (= 1.0.1)
    - AWSCore (= 2.6.13)
  - AWSCognitoIdentityProviderASF (1.0.1)
  - AWSCore (2.6.13)
  - AWSDynamoDB (2.6.13):
    - AWSCore (= 2.6.13)
  - AWSFacebookSignIn (2.6.13):
    - AWSAuthCore (= 2.6.13)
    - FBSDKCoreKit (~> 4.0)
    - FBSDKLoginKit (~> 4.0)
  - AWSMobileClient (2.6.13):
    - AWSAuthCore (= 2.6.13)
  - AWSS3 (2.6.13):
    - AWSCore (= 2.6.13)
  - AWSUserPoolsSignIn (2.6.13):
    - AWSAuthCore (= 2.6.13)
    - AWSCognitoIdentityProvider (= 2.6.13)
  - Bolts (1.9.0):
    - Bolts/AppLinks (= 1.9.0)
    - Bolts/Tasks (= 1.9.0)
  - Bolts/AppLinks (1.9.0):
    - Bolts/Tasks
  - Bolts/Tasks (1.9.0)
  - Cosmos (12.0.1)
  - Eureka (4.1.1)
  - FBSDKCoreKit (4.31.1):
    - Bolts (~> 1.7)
  - FBSDKLoginKit (4.31.1):
    - FBSDKCoreKit
  - Nimble (7.3.0)
  - PureLayout (3.0.2)
  - SwiftyBeaver (1.6.1)

DEPENDENCIES:
  - AWSAuthUI (~> 2.6.5)
  - AWSDynamoDB (~> 2.6.5)
  - AWSFacebookSignIn (~> 2.6.5)
  - AWSMobileClient (~> 2.6.5)
  - AWSS3 (~> 2.6.5)
  - AWSUserPoolsSignIn (~> 2.6.5)
  - Cosmos
  - Eureka
  - Nimble
  - PureLayout
  - SwiftyBeaver

SPEC REPOS:
  https://github.com/cocoapods/specs.git:
    - AWSAuthCore
    - AWSAuthUI
    - AWSCognitoIdentityProvider
    - AWSCognitoIdentityProviderASF
    - AWSCore
    - AWSDynamoDB
    - AWSFacebookSignIn
    - AWSMobileClient
    - AWSS3
    - AWSUserPoolsSignIn
    - Bolts
    - Cosmos
    - Eureka
    - FBSDKCoreKit
    - FBSDKLoginKit
    - Nimble
    - PureLayout
    - SwiftyBeaver

SPEC CHECKSUMS:
  AWSAuthCore: 970e411f7fbb004e17cf827cd390eeaa96c35346
  AWSAuthUI: d2d9d5de0ab4e86e63e63395fd23287452471661
  AWSCognitoIdentityProvider: 205143a983c2e0ec98bd39aea81c4b6ac57a4b40
  AWSCognitoIdentityProviderASF: 5d31eef1c1962b4ad58e87ceee376b83b697bf9b
  AWSCore: 13dfa245ea3bf06f24bf385433ab144378774114
  AWSDynamoDB: 04d4f1f75cbd98723e6cf8a4fa817ab050a851a3
  AWSFacebookSignIn: 16f3ced29902c3486088ec988227109fddc9f596
  AWSMobileClient: a2e342a1c587dba6cfe577af3f8d23e01ce6fc0e
  AWSS3: 6f776385def9630ab00244e74ce968f150a37426
  AWSUserPoolsSignIn: 1e8fda35318cc13833c26b461c21dfae540e6f93
  Bolts: 548055440d1cf62d73167e2e5b7ebb9ad3fcb0a1
  Cosmos: 1976d8535e9f8fbb6b24716635d73935f520b95c
  Eureka: be640fcc48417c50bea4bf0bd6c9311ac33cd35e
  FBSDKCoreKit: 3e000ec48de40eff715e13aeab0bde0069f9f74a
  FBSDKLoginKit: 3c9384f7ed17adedc33694d7161463525db2ab08
  Nimble: 97dd13c7b4aad2703ccb2c333abf1bcab46690d8
  PureLayout: 5166b2d7444bed3556296dd6842aceb6f3c328cc
  SwiftyBeaver: b3472ad30abf6fde5ee88733c23d05e5843fa3e1

PODFILE CHECKSUM: f9a79c5e60ebf2354ab508fb696e460976dfbea9

COCOAPODS: 1.5.3
