// !$*UTF8*$!
{
	archiveVersion = 1;
	classes = {
	};
	objectVersion = 52;
	objects = {

/* Begin PBXBuildFile section */
		53018B8A259FC6D8006A7008 /* LogInView.swift in Sources */ = {isa = PBXBuildFile; fileRef = 53018B89259FC6D8006A7008 /* LogInView.swift */; };
		53018B8E259FC6E0006A7008 /* SignUpView.swift in Sources */ = {isa = PBXBuildFile; fileRef = 53018B8D259FC6E0006A7008 /* SignUpView.swift */; };
		53047E2325DC080B005CC14D /* AddWineHeaderView.swift in Sources */ = {isa = PBXBuildFile; fileRef = 53047E2225DC080B005CC14D /* AddWineHeaderView.swift */; };
		53047E2925DC0904005CC14D /* RedoButton.swift in Sources */ = {isa = PBXBuildFile; fileRef = 53047E2825DC0904005CC14D /* RedoButton.swift */; };
		53047E2D25DC09C0005CC14D /* PickImageButton.swift in Sources */ = {isa = PBXBuildFile; fileRef = 53047E2C25DC09C0005CC14D /* PickImageButton.swift */; };
		5306CC662607A1800061C413 /* WineCellarView.swift in Sources */ = {isa = PBXBuildFile; fileRef = 5306CC652607A1800061C413 /* WineCellarView.swift */; };
		5306CC6A2607BCC80061C413 /* WineTypeListView.swift in Sources */ = {isa = PBXBuildFile; fileRef = 5306CC692607BCC80061C413 /* WineTypeListView.swift */; };
		530A987126F7B2B7008CE2C5 /* EditProfileFormView.swift in Sources */ = {isa = PBXBuildFile; fileRef = 530A987026F7B2B7008CE2C5 /* EditProfileFormView.swift */; };
		530A987326F7B308008CE2C5 /* ProfilePictureOverlayView.swift in Sources */ = {isa = PBXBuildFile; fileRef = 530A987226F7B308008CE2C5 /* ProfilePictureOverlayView.swift */; };
		531FB93A26F0C484006A22F0 /* WineCellarViewModel.swift in Sources */ = {isa = PBXBuildFile; fileRef = 531FB93926F0C484006A22F0 /* WineCellarViewModel.swift */; };
		532789F6267979C700649624 /* LocalAuthentication.framework in Frameworks */ = {isa = PBXBuildFile; fileRef = 532789F5267979C700649624 /* LocalAuthentication.framework */; };
		532789F8267979D400649624 /* SafariServices.framework in Frameworks */ = {isa = PBXBuildFile; fileRef = 532789F7267979D400649624 /* SafariServices.framework */; };
		532789FA267979E100649624 /* AuthenticationServices.framework in Frameworks */ = {isa = PBXBuildFile; fileRef = 532789F9267979E100649624 /* AuthenticationServices.framework */; };
		532789FC267979E900649624 /* SystemConfiguration.framework in Frameworks */ = {isa = PBXBuildFile; fileRef = 532789FB267979E900649624 /* SystemConfiguration.framework */; };
		532DB3C92569C2EF009A4740 /* MyAccountView.swift in Sources */ = {isa = PBXBuildFile; fileRef = 532DB3C82569C2EF009A4740 /* MyAccountView.swift */; };
		532DB3CD2569C3B6009A4740 /* MyAccountViewModel.swift in Sources */ = {isa = PBXBuildFile; fileRef = 532DB3CC2569C3B6009A4740 /* MyAccountViewModel.swift */; };
		532DB3D3256AC763009A4740 /* PreviewDataFactories.swift in Sources */ = {isa = PBXBuildFile; fileRef = 532DB3D2256AC763009A4740 /* PreviewDataFactories.swift */; };
		5330C20A25E5B39F0063E7C4 /* UserPhotoView.swift in Sources */ = {isa = PBXBuildFile; fileRef = 5330C20925E5B39F0063E7C4 /* UserPhotoView.swift */; };
		5330C20E25E5B5710063E7C4 /* UserSearchResultView.swift in Sources */ = {isa = PBXBuildFile; fileRef = 5330C20D25E5B5710063E7C4 /* UserSearchResultView.swift */; };
		5332B68C271F548900FBF135 /* MoWine.Domain in Frameworks */ = {isa = PBXBuildFile; productRef = 5332B68B271F548900FBF135 /* MoWine.Domain */; };
		5332B68E271F54E000FBF135 /* ObservableSession.swift in Sources */ = {isa = PBXBuildFile; fileRef = 5332B68D271F54E000FBF135 /* ObservableSession.swift */; };
		533C2E9D25DDB43700795CCE /* FriendsPage.swift in Sources */ = {isa = PBXBuildFile; fileRef = 533C2E9C25DDB43700795CCE /* FriendsPage.swift */; };
		533D8B842533B13000CE297E /* WineItemView.swift in Sources */ = {isa = PBXBuildFile; fileRef = 533D8B832533B13000CE297E /* WineItemView.swift */; };
		533D8B882533B85000CE297E /* RatingView.swift in Sources */ = {isa = PBXBuildFile; fileRef = 533D8B872533B85000CE297E /* RatingView.swift */; };
		533D8B8C2533B8DB00CE297E /* StarView.swift in Sources */ = {isa = PBXBuildFile; fileRef = 533D8B8B2533B8DB00CE297E /* StarView.swift */; };
		533F102D259FD63900DAA4B6 /* EmailLogInView.swift in Sources */ = {isa = PBXBuildFile; fileRef = 533F102C259FD63900DAA4B6 /* EmailLogInView.swift */; };
		533F1031259FD8E700DAA4B6 /* FancyDivider.swift in Sources */ = {isa = PBXBuildFile; fileRef = 533F1030259FD8E700DAA4B6 /* FancyDivider.swift */; };
		533F1035259FE2F300DAA4B6 /* EmailSignUpView.swift in Sources */ = {isa = PBXBuildFile; fileRef = 533F1034259FE2F300DAA4B6 /* EmailSignUpView.swift */; };
		533F1039259FE42100DAA4B6 /* SocialAuthViewModel.swift in Sources */ = {isa = PBXBuildFile; fileRef = 533F1038259FE42100DAA4B6 /* SocialAuthViewModel.swift */; };
		533F103D259FE42900DAA4B6 /* SocialAuthView.swift in Sources */ = {isa = PBXBuildFile; fileRef = 533F103C259FE42900DAA4B6 /* SocialAuthView.swift */; };
		5345BABE257C286F00AD68D3 /* ImagePicker.swift in Sources */ = {isa = PBXBuildFile; fileRef = 5345BABD257C286F00AD68D3 /* ImagePicker.swift */; };
		534F3405259E3C2D00C03E47 /* AnonymousUserView.swift in Sources */ = {isa = PBXBuildFile; fileRef = 534F3404259E3C2D00C03E47 /* AnonymousUserView.swift */; };
		5352404F25CF5516002CB2A5 /* EditWineImageView.swift in Sources */ = {isa = PBXBuildFile; fileRef = 5352404E25CF5516002CB2A5 /* EditWineImageView.swift */; };
		5352405425CF5E5F002CB2A5 /* WineImageView.swift in Sources */ = {isa = PBXBuildFile; fileRef = 5352405325CF5E5E002CB2A5 /* WineImageView.swift */; };
		535308972726E99D00B4E72C /* UserProfilePage.swift in Sources */ = {isa = PBXBuildFile; fileRef = 535308962726E99D00B4E72C /* UserProfilePage.swift */; };
		5355BC5926ECEDE700F0F824 /* EditWineTests.swift in Sources */ = {isa = PBXBuildFile; fileRef = 5355BC5826ECEDE700F0F824 /* EditWineTests.swift */; };
		5355BC5B26ECEF5900F0F824 /* MyCellarPage.swift in Sources */ = {isa = PBXBuildFile; fileRef = 5355BC5A26ECEF5900F0F824 /* MyCellarPage.swift */; };
		5355BC5D26ECF16D00F0F824 /* MyCellarWineListPage.swift in Sources */ = {isa = PBXBuildFile; fileRef = 5355BC5C26ECF16D00F0F824 /* MyCellarWineListPage.swift */; };
		5355BC5F26ECF22400F0F824 /* EditWinePage.swift in Sources */ = {isa = PBXBuildFile; fileRef = 5355BC5E26ECF22400F0F824 /* EditWinePage.swift */; };
		5355BC6226ECF79500F0F824 /* UI Testing Helpers.swift in Sources */ = {isa = PBXBuildFile; fileRef = 5355BC6126ECF79500F0F824 /* UI Testing Helpers.swift */; };
		5355BC6426ECF94700F0F824 /* Extensions.swift in Sources */ = {isa = PBXBuildFile; fileRef = 5355BC6326ECF94700F0F824 /* Extensions.swift */; };
		535C6A8021EBC4DB00430FA5 /* ConfirmPhoto2ViewController.swift in Sources */ = {isa = PBXBuildFile; fileRef = 535C6A7F21EBC4DB00430FA5 /* ConfirmPhoto2ViewController.swift */; };
		535CC81125F0404B00D49D57 /* UserProfileHeaderViewModel.swift in Sources */ = {isa = PBXBuildFile; fileRef = 535CC81025F0404B00D49D57 /* UserProfileHeaderViewModel.swift */; };
		535CC81525F0451F00D49D57 /* TopWinesView.swift in Sources */ = {isa = PBXBuildFile; fileRef = 535CC81425F0451F00D49D57 /* TopWinesView.swift */; };
		535CC81925F0453400D49D57 /* TopWinesViewModel.swift in Sources */ = {isa = PBXBuildFile; fileRef = 535CC81825F0453400D49D57 /* TopWinesViewModel.swift */; };
		535D73FF2569A7160027BC27 /* Preview Assets.xcassets in Resources */ = {isa = PBXBuildFile; fileRef = 535D73FE2569A7160027BC27 /* Preview Assets.xcassets */; };
		535D84A8271DCBF6002FD679 /* Helpers.swift in Sources */ = {isa = PBXBuildFile; fileRef = 535D84A7271DCBF6002FD679 /* Helpers.swift */; };
		535D84AB271DD053002FD679 /* SelectWineTypePage.swift in Sources */ = {isa = PBXBuildFile; fileRef = 535D84AA271DD053002FD679 /* SelectWineTypePage.swift */; };
		535D84AD271DD64F002FD679 /* FinalizeWinePage.swift in Sources */ = {isa = PBXBuildFile; fileRef = 535D84AC271DD64F002FD679 /* FinalizeWinePage.swift */; };
		535D84AF271DD6BE002FD679 /* SnapPhotoPage.swift in Sources */ = {isa = PBXBuildFile; fileRef = 535D84AE271DD6BE002FD679 /* SnapPhotoPage.swift */; };
		535D84B2271DDA8E002FD679 /* RatingLabel.swift in Sources */ = {isa = PBXBuildFile; fileRef = 535D84B1271DDA8E002FD679 /* RatingLabel.swift */; };
		535D84B4271DDA94002FD679 /* RatingPicker.swift in Sources */ = {isa = PBXBuildFile; fileRef = 535D84B3271DDA94002FD679 /* RatingPicker.swift */; };
		535D84B6271DDDD3002FD679 /* MyWineListItem.swift in Sources */ = {isa = PBXBuildFile; fileRef = 535D84B5271DDDD3002FD679 /* MyWineListItem.swift */; };
		535DE8CB25BCAB7700C6CB7B /* PreviewEnvironment.swift in Sources */ = {isa = PBXBuildFile; fileRef = 535DE8CA25BCAB7700C6CB7B /* PreviewEnvironment.swift */; };
		535DE8CF25BCACB900C6CB7B /* SplashScreen.swift in Sources */ = {isa = PBXBuildFile; fileRef = 535DE8CE25BCACB900C6CB7B /* SplashScreen.swift */; };
		535EE9D3272756F10011ECC1 /* MyCellar.swift in Sources */ = {isa = PBXBuildFile; fileRef = 535EE9D2272756F00011ECC1 /* MyCellar.swift */; };
		5362FF472704BF100079677B /* NewWineModel.swift in Sources */ = {isa = PBXBuildFile; fileRef = 5362FF462704BF0F0079677B /* NewWineModel.swift */; };
		5367A3D3254B0A42002A02A5 /* WineListView.swift in Sources */ = {isa = PBXBuildFile; fileRef = 5367A3D2254B0A42002A02A5 /* WineListView.swift */; };
		5369B7A72575E092003DD672 /* LoadingView.swift in Sources */ = {isa = PBXBuildFile; fileRef = 5369B7A62575E092003DD672 /* LoadingView.swift */; };
		536AEBF22540BBBB009EA107 /* MyCellarTypesView.swift in Sources */ = {isa = PBXBuildFile; fileRef = 536AEBF12540BBBB009EA107 /* MyCellarTypesView.swift */; };
		536AEBF62540BBDB009EA107 /* WineTypeMenuButton.swift in Sources */ = {isa = PBXBuildFile; fileRef = 536AEBF52540BBDB009EA107 /* WineTypeMenuButton.swift */; };
		536AEBFA2540BC3F009EA107 /* MyCellarSearchView.swift in Sources */ = {isa = PBXBuildFile; fileRef = 536AEBF92540BC3F009EA107 /* MyCellarSearchView.swift */; };
		536E301F25A2616E00608A29 /* TabbedRootView.swift in Sources */ = {isa = PBXBuildFile; fileRef = 536E301E25A2616E00608A29 /* TabbedRootView.swift */; };
		536E3AC6258EA4EF00D84F10 /* AppleLoginButton.swift in Sources */ = {isa = PBXBuildFile; fileRef = 536E3AC5258EA4EF00D84F10 /* AppleLoginButton.swift */; };
		536E85A4204F507D004D5426 /* FakeSession.swift in Sources */ = {isa = PBXBuildFile; fileRef = 536E85A3204F507D004D5426 /* FakeSession.swift */; };
		5381EFEB25C5C8B6004D2DF9 /* EditWineView.swift in Sources */ = {isa = PBXBuildFile; fileRef = 5381EFEA25C5C8B6004D2DF9 /* EditWineView.swift */; };
		5381EFEF25C5E4F4004D2DF9 /* EditPairingsView.swift in Sources */ = {isa = PBXBuildFile; fileRef = 5381EFEE25C5E4F4004D2DF9 /* EditPairingsView.swift */; };
		5381EFF325C5E830004D2DF9 /* EditWineViewModel.swift in Sources */ = {isa = PBXBuildFile; fileRef = 5381EFF225C5E830004D2DF9 /* EditWineViewModel.swift */; };
		5381EFF925C7267E004D2DF9 /* EditWineFormView.swift in Sources */ = {isa = PBXBuildFile; fileRef = 5381EFF825C7267D004D2DF9 /* EditWineFormView.swift */; };
		5381EFFD25C72688004D2DF9 /* EditWineFormModel.swift in Sources */ = {isa = PBXBuildFile; fileRef = 5381EFFC25C72688004D2DF9 /* EditWineFormModel.swift */; };
		5382D5EC27286F3D00E3E86A /* MyCellarWineListView.swift in Sources */ = {isa = PBXBuildFile; fileRef = 5382D5EB27286F3D00E3E86A /* MyCellarWineListView.swift */; };
		5383C7042721E5D3000E625F /* DependencyInjection.swift in Sources */ = {isa = PBXBuildFile; fileRef = 5383C7032721E5D3000E625F /* DependencyInjection.swift */; };
		5383C7072721F413000E625F /* JFLib.DI in Frameworks */ = {isa = PBXBuildFile; productRef = 5383C7062721F413000E625F /* JFLib.DI */; };
		538E1047253BB47700B26619 /* WineThumbnail.swift in Sources */ = {isa = PBXBuildFile; fileRef = 538E1046253BB47700B26619 /* WineThumbnail.swift */; };
		5394BB24272DBD2800B61F00 /* MyFriends.swift in Sources */ = {isa = PBXBuildFile; fileRef = 5394BB23272DBD2800B61F00 /* MyFriends.swift */; };
		5398F521252A6EAC00BF61C0 /* MyCellarView.swift in Sources */ = {isa = PBXBuildFile; fileRef = 5398F520252A6EAC00BF61C0 /* MyCellarView.swift */; };
		53993DFF25DC49DB0007DFCB /* AddWineViewModel.swift in Sources */ = {isa = PBXBuildFile; fileRef = 53993DFE25DC49DB0007DFCB /* AddWineViewModel.swift */; };
		539E166C27233D16001A2CC3 /* CrashReporter.swift in Sources */ = {isa = PBXBuildFile; fileRef = 539E166B27233D16001A2CC3 /* CrashReporter.swift */; };
		53A00DB42724A5B0006A438C /* AddRemoveFriendsTests.swift in Sources */ = {isa = PBXBuildFile; fileRef = 53A00DB32724A5B0006A438C /* AddRemoveFriendsTests.swift */; };
		53A00DB72724AD9F006A438C /* FriendsPage.swift in Sources */ = {isa = PBXBuildFile; fileRef = 53A00DB62724AD9F006A438C /* FriendsPage.swift */; };
		53A00DB92724AE40006A438C /* UserSearchResultsPage.swift in Sources */ = {isa = PBXBuildFile; fileRef = 53A00DB82724AE40006A438C /* UserSearchResultsPage.swift */; };
		53A69842261A1DE4004BCE43 /* MoWineApp.swift in Sources */ = {isa = PBXBuildFile; fileRef = 53A69841261A1DE4004BCE43 /* MoWineApp.swift */; };
		53AC403E25D71DB20041AED9 /* AddWineView.swift in Sources */ = {isa = PBXBuildFile; fileRef = 53AC403D25D71DB20041AED9 /* AddWineView.swift */; };
		53AC404225D71DBE0041AED9 /* SelectTypeView.swift in Sources */ = {isa = PBXBuildFile; fileRef = 53AC404125D71DBE0041AED9 /* SelectTypeView.swift */; };
		53AC404625D737800041AED9 /* SelectVarietyView.swift in Sources */ = {isa = PBXBuildFile; fileRef = 53AC404525D737800041AED9 /* SelectVarietyView.swift */; };
		53AC404A25D738B90041AED9 /* SnapPhotoView.swift in Sources */ = {isa = PBXBuildFile; fileRef = 53AC404925D738B90041AED9 /* SnapPhotoView.swift */; };
		53AC404E25D73BCD0041AED9 /* FinalizeWineView.swift in Sources */ = {isa = PBXBuildFile; fileRef = 53AC404D25D73BCD0041AED9 /* FinalizeWineView.swift */; };
		53AC405225D74AD90041AED9 /* ConfirmPhotoView.swift in Sources */ = {isa = PBXBuildFile; fileRef = 53AC405125D74AD90041AED9 /* ConfirmPhotoView.swift */; };
		53ADDF782720BE4F00945B2D /* MoWine.Application in Frameworks */ = {isa = PBXBuildFile; productRef = 53ADDF772720BE4F00945B2D /* MoWine.Application */; };
		53B0FF4026A99ED000D784A4 /* EmailSignUpTests.swift in Sources */ = {isa = PBXBuildFile; fileRef = 53B0FF3F26A99ED000D784A4 /* EmailSignUpTests.swift */; };
		53B0FF4326A9A16D00D784A4 /* MyAccountPage.swift in Sources */ = {isa = PBXBuildFile; fileRef = 53B0FF4226A9A16D00D784A4 /* MyAccountPage.swift */; };
		53B0FF4526A9A27200D784A4 /* AnonymousUserPage.swift in Sources */ = {isa = PBXBuildFile; fileRef = 53B0FF4426A9A27200D784A4 /* AnonymousUserPage.swift */; };
		53B35F9725ACCA3500D36133 /* FakeSocialAuth.swift in Sources */ = {isa = PBXBuildFile; fileRef = 53B35F9625ACCA3500D36133 /* FakeSocialAuth.swift */; };
		53BC1C502619031B00ECD078 /* WineDetailsView.swift in Sources */ = {isa = PBXBuildFile; fileRef = 53BC1C4F2619031B00ECD078 /* WineDetailsView.swift */; };
		53C88BF91F084FDB009B7D29 /* UIColor.swift in Sources */ = {isa = PBXBuildFile; fileRef = 53C88BF81F084FDB009B7D29 /* UIColor.swift */; };
		53C91F4C25740E2E0065E778 /* ReauthenticationView.swift in Sources */ = {isa = PBXBuildFile; fileRef = 53C91F4B25740E2E0065E778 /* ReauthenticationView.swift */; };
		53C91F5125740E6F0065E778 /* FacebookLoginButton.swift in Sources */ = {isa = PBXBuildFile; fileRef = 53C91F5025740E6F0065E778 /* FacebookLoginButton.swift */; };
		53C91F5725740E780065E778 /* GoogleLoginButton.swift in Sources */ = {isa = PBXBuildFile; fileRef = 53C91F5625740E780065E778 /* GoogleLoginButton.swift */; };
		53C91F5F257414150065E778 /* SocialLoginProviderView.swift in Sources */ = {isa = PBXBuildFile; fileRef = 53C91F5E257414150065E778 /* SocialLoginProviderView.swift */; };
		53CFCA6025E9470B003EADB3 /* MiniAddFriendButton.swift in Sources */ = {isa = PBXBuildFile; fileRef = 53CFCA5F25E9470B003EADB3 /* MiniAddFriendButton.swift */; };
		53D3B43A25A0F25F00F15974 /* ForgotPasswordView.swift in Sources */ = {isa = PBXBuildFile; fileRef = 53D3B43925A0F25F00F15974 /* ForgotPasswordView.swift */; };
		53D3B44025A0FB3400F15974 /* EmailLogInViewModel.swift in Sources */ = {isa = PBXBuildFile; fileRef = 53D3B43F25A0FB3400F15974 /* EmailLogInViewModel.swift */; };
		53D3B44525A0FB7F00F15974 /* EmailSignUpViewModel.swift in Sources */ = {isa = PBXBuildFile; fileRef = 53D3B44425A0FB7F00F15974 /* EmailSignUpViewModel.swift */; };
		53D3B44B25A2304D00F15974 /* SignInHeaderView.swift in Sources */ = {isa = PBXBuildFile; fileRef = 53D3B44A25A2304D00F15974 /* SignInHeaderView.swift */; };
		53D3B45125A2337400F15974 /* TextStyles.swift in Sources */ = {isa = PBXBuildFile; fileRef = 53D3B45025A2337400F15974 /* TextStyles.swift */; };
		53D4F21F25EEED68007A15F9 /* SearchUsersViewModel.swift in Sources */ = {isa = PBXBuildFile; fileRef = 53D4F21E25EEED68007A15F9 /* SearchUsersViewModel.swift */; };
		53DCF48C26A9A7DD00160391 /* SignUpPage.swift in Sources */ = {isa = PBXBuildFile; fileRef = 53DCF48B26A9A7DD00160391 /* SignUpPage.swift */; };
		53DCF48E26A9AD6500160391 /* TabBar.swift in Sources */ = {isa = PBXBuildFile; fileRef = 53DCF48D26A9AD6500160391 /* TabBar.swift */; };
		53DCF49026A9C03F00160391 /* LogInPage.swift in Sources */ = {isa = PBXBuildFile; fileRef = 53DCF48F26A9C03F00160391 /* LogInPage.swift */; };
		53DD1E12257D7A25008C1DA7 /* ReauthenticationViewModel.swift in Sources */ = {isa = PBXBuildFile; fileRef = 53DD1E11257D7A25008C1DA7 /* ReauthenticationViewModel.swift */; };
		53DD1E16257D7DED008C1DA7 /* EmailReauthView.swift in Sources */ = {isa = PBXBuildFile; fileRef = 53DD1E15257D7DED008C1DA7 /* EmailReauthView.swift */; };
		53DD1E1A257D84DC008C1DA7 /* FancySecureField.swift in Sources */ = {isa = PBXBuildFile; fileRef = 53DD1E19257D84DC008C1DA7 /* FancySecureField.swift */; };
		53DD1E1E257D84FF008C1DA7 /* FancyFieldViewModifier.swift in Sources */ = {isa = PBXBuildFile; fileRef = 53DD1E1D257D84FF008C1DA7 /* FancyFieldViewModifier.swift */; };
		53DD1E22257DBADC008C1DA7 /* EmailReauthViewModel.swift in Sources */ = {isa = PBXBuildFile; fileRef = 53DD1E21257DBADC008C1DA7 /* EmailReauthViewModel.swift */; };
		53E2FA4225DDB87300658637 /* MyFriendsListView.swift in Sources */ = {isa = PBXBuildFile; fileRef = 53E2FA4125DDB87300658637 /* MyFriendsListView.swift */; };
		53E2FA4625DDB87C00658637 /* SearchUsersView.swift in Sources */ = {isa = PBXBuildFile; fileRef = 53E2FA4525DDB87C00658637 /* SearchUsersView.swift */; };
		53E2FA5325DECFB900658637 /* FriendListItemView.swift in Sources */ = {isa = PBXBuildFile; fileRef = 53E2FA5225DECFB900658637 /* FriendListItemView.swift */; };
		53F47F0B25853F1600910BDC /* PrimaryButton.swift in Sources */ = {isa = PBXBuildFile; fileRef = 53F47F0A25853F1600910BDC /* PrimaryButton.swift */; };
		53F47F0F2585440E00910BDC /* ErrorLabel.swift in Sources */ = {isa = PBXBuildFile; fileRef = 53F47F0E2585440E00910BDC /* ErrorLabel.swift */; };
		53F4C76A27161B5F00CCBA7F /* PreviewData.swift in Sources */ = {isa = PBXBuildFile; fileRef = 53F4C76927161B5F00CCBA7F /* PreviewData.swift */; };
		53F4C76E2716212400CCBA7F /* WineThumbnailViewModel.swift in Sources */ = {isa = PBXBuildFile; fileRef = 53F4C76D2716212400CCBA7F /* WineThumbnailViewModel.swift */; };
		53F5ABF41E2176080067AB62 /* AppDelegate.swift in Sources */ = {isa = PBXBuildFile; fileRef = 53F5ABF31E2176080067AB62 /* AppDelegate.swift */; };
		53F5ABF91E2176080067AB62 /* Main.storyboard in Resources */ = {isa = PBXBuildFile; fileRef = 53F5ABF71E2176080067AB62 /* Main.storyboard */; };
		53F5ABFE1E2176080067AB62 /* Assets.xcassets in Resources */ = {isa = PBXBuildFile; fileRef = 53F5ABFD1E2176080067AB62 /* Assets.xcassets */; };
		53F5AC011E2176080067AB62 /* LaunchScreen.storyboard in Resources */ = {isa = PBXBuildFile; fileRef = 53F5ABFF1E2176080067AB62 /* LaunchScreen.storyboard */; };
		53F5AC171E2176090067AB62 /* AddWineTests.swift in Sources */ = {isa = PBXBuildFile; fileRef = 53F5AC161E2176090067AB62 /* AddWineTests.swift */; };
		53FABEDF2720C99700C3C838 /* MoWine.Infrastructure in Frameworks */ = {isa = PBXBuildFile; productRef = 53FABEDE2720C99700C3C838 /* MoWine.Infrastructure */; };
		53FAED0025EAF7B40099B2E1 /* UserProfileView.swift in Sources */ = {isa = PBXBuildFile; fileRef = 53FAECFF25EAF7B40099B2E1 /* UserProfileView.swift */; };
		53FAED0425EAF9C30099B2E1 /* UserProfileHeaderView.swift in Sources */ = {isa = PBXBuildFile; fileRef = 53FAED0325EAF9C30099B2E1 /* UserProfileHeaderView.swift */; };
		53FAED0825EAFBF00099B2E1 /* FriendButton.swift in Sources */ = {isa = PBXBuildFile; fileRef = 53FAED0725EAFBF00099B2E1 /* FriendButton.swift */; };
		53FFECA9256F0D3100321944 /* EditProfileView.swift in Sources */ = {isa = PBXBuildFile; fileRef = 53FFECA8256F0D3100321944 /* EditProfileView.swift */; };
		53FFECAD256F0D4100321944 /* EditProfileViewModel.swift in Sources */ = {isa = PBXBuildFile; fileRef = 53FFECAC256F0D4100321944 /* EditProfileViewModel.swift */; };
		53FFECB3256F0E9D00321944 /* FancyTextField.swift in Sources */ = {isa = PBXBuildFile; fileRef = 53FFECB2256F0E9D00321944 /* FancyTextField.swift */; };
/* End PBXBuildFile section */

/* Begin PBXContainerItemProxy section */
		53F5AC081E2176090067AB62 /* PBXContainerItemProxy */ = {
			isa = PBXContainerItemProxy;
			containerPortal = 53F5ABE81E2176080067AB62 /* Project object */;
			proxyType = 1;
			remoteGlobalIDString = 53F5ABEF1E2176080067AB62;
			remoteInfo = mowine;
		};
		53F5AC131E2176090067AB62 /* PBXContainerItemProxy */ = {
			isa = PBXContainerItemProxy;
			containerPortal = 53F5ABE81E2176080067AB62 /* Project object */;
			proxyType = 1;
			remoteGlobalIDString = 53F5ABEF1E2176080067AB62;
			remoteInfo = mowine;
		};
/* End PBXContainerItemProxy section */

/* Begin PBXFileReference section */
		53018B89259FC6D8006A7008 /* LogInView.swift */ = {isa = PBXFileReference; lastKnownFileType = sourcecode.swift; path = LogInView.swift; sourceTree = "<group>"; };
		53018B8D259FC6E0006A7008 /* SignUpView.swift */ = {isa = PBXFileReference; lastKnownFileType = sourcecode.swift; path = SignUpView.swift; sourceTree = "<group>"; };
		53047E2225DC080B005CC14D /* AddWineHeaderView.swift */ = {isa = PBXFileReference; lastKnownFileType = sourcecode.swift; path = AddWineHeaderView.swift; sourceTree = "<group>"; };
		53047E2825DC0904005CC14D /* RedoButton.swift */ = {isa = PBXFileReference; lastKnownFileType = sourcecode.swift; path = RedoButton.swift; sourceTree = "<group>"; };
		53047E2C25DC09C0005CC14D /* PickImageButton.swift */ = {isa = PBXFileReference; lastKnownFileType = sourcecode.swift; path = PickImageButton.swift; sourceTree = "<group>"; };
		5306CC652607A1800061C413 /* WineCellarView.swift */ = {isa = PBXFileReference; lastKnownFileType = sourcecode.swift; path = WineCellarView.swift; sourceTree = "<group>"; };
		5306CC692607BCC80061C413 /* WineTypeListView.swift */ = {isa = PBXFileReference; lastKnownFileType = sourcecode.swift; path = WineTypeListView.swift; sourceTree = "<group>"; };
		530A987026F7B2B7008CE2C5 /* EditProfileFormView.swift */ = {isa = PBXFileReference; lastKnownFileType = sourcecode.swift; path = EditProfileFormView.swift; sourceTree = "<group>"; };
		530A987226F7B308008CE2C5 /* ProfilePictureOverlayView.swift */ = {isa = PBXFileReference; lastKnownFileType = sourcecode.swift; path = ProfilePictureOverlayView.swift; sourceTree = "<group>"; };
		5318C0A3270CA76200F2C60D /* run-tests.sh */ = {isa = PBXFileReference; lastKnownFileType = text.script.sh; path = "run-tests.sh"; sourceTree = "<group>"; };
		5318C0A4270CA77000F2C60D /* fbe.sh */ = {isa = PBXFileReference; lastKnownFileType = text.script.sh; name = fbe.sh; path = scripts/fbe.sh; sourceTree = "<group>"; };
		531FB93926F0C484006A22F0 /* WineCellarViewModel.swift */ = {isa = PBXFileReference; lastKnownFileType = sourcecode.swift; path = WineCellarViewModel.swift; sourceTree = "<group>"; };
		532789F5267979C700649624 /* LocalAuthentication.framework */ = {isa = PBXFileReference; lastKnownFileType = wrapper.framework; name = LocalAuthentication.framework; path = System/Library/Frameworks/LocalAuthentication.framework; sourceTree = SDKROOT; };
		532789F7267979D400649624 /* SafariServices.framework */ = {isa = PBXFileReference; lastKnownFileType = wrapper.framework; name = SafariServices.framework; path = System/Library/Frameworks/SafariServices.framework; sourceTree = SDKROOT; };
		532789F9267979E100649624 /* AuthenticationServices.framework */ = {isa = PBXFileReference; lastKnownFileType = wrapper.framework; name = AuthenticationServices.framework; path = System/Library/Frameworks/AuthenticationServices.framework; sourceTree = SDKROOT; };
		532789FB267979E900649624 /* SystemConfiguration.framework */ = {isa = PBXFileReference; lastKnownFileType = wrapper.framework; name = SystemConfiguration.framework; path = System/Library/Frameworks/SystemConfiguration.framework; sourceTree = SDKROOT; };
		532789FD26797C5900649624 /* GoogleSignIn.bundle */ = {isa = PBXFileReference; lastKnownFileType = "wrapper.plug-in"; name = GoogleSignIn.bundle; path = GoogleSignIn/GoogleSignIn.bundle; sourceTree = "<group>"; };
		532789FE26797C5900649624 /* GoogleSignIn.framework */ = {isa = PBXFileReference; lastKnownFileType = wrapper.framework; name = GoogleSignIn.framework; path = GoogleSignIn/GoogleSignIn.framework; sourceTree = "<group>"; };
		532789FF26797C5900649624 /* GoogleSignInDependencies.framework */ = {isa = PBXFileReference; lastKnownFileType = wrapper.framework; name = GoogleSignInDependencies.framework; path = GoogleSignIn/GoogleSignInDependencies.framework; sourceTree = "<group>"; };
		532DB3C82569C2EF009A4740 /* MyAccountView.swift */ = {isa = PBXFileReference; lastKnownFileType = sourcecode.swift; path = MyAccountView.swift; sourceTree = "<group>"; };
		532DB3CC2569C3B6009A4740 /* MyAccountViewModel.swift */ = {isa = PBXFileReference; lastKnownFileType = sourcecode.swift; path = MyAccountViewModel.swift; sourceTree = "<group>"; };
		532DB3D2256AC763009A4740 /* PreviewDataFactories.swift */ = {isa = PBXFileReference; lastKnownFileType = sourcecode.swift; path = PreviewDataFactories.swift; sourceTree = "<group>"; };
		5330C20925E5B39F0063E7C4 /* UserPhotoView.swift */ = {isa = PBXFileReference; lastKnownFileType = sourcecode.swift; path = UserPhotoView.swift; sourceTree = "<group>"; };
		5330C20D25E5B5710063E7C4 /* UserSearchResultView.swift */ = {isa = PBXFileReference; lastKnownFileType = sourcecode.swift; path = UserSearchResultView.swift; sourceTree = "<group>"; };
		5332B68A271F4F8700FBF135 /* MoWine.Domain */ = {isa = PBXFileReference; lastKnownFileType = folder; path = MoWine.Domain; sourceTree = "<group>"; };
		5332B68D271F54E000FBF135 /* ObservableSession.swift */ = {isa = PBXFileReference; lastKnownFileType = sourcecode.swift; path = ObservableSession.swift; sourceTree = "<group>"; };
		5332B68F2720BBCC00FBF135 /* MoWine.Application */ = {isa = PBXFileReference; lastKnownFileType = folder; path = MoWine.Application; sourceTree = "<group>"; };
		533C2E9C25DDB43700795CCE /* FriendsPage.swift */ = {isa = PBXFileReference; lastKnownFileType = sourcecode.swift; path = FriendsPage.swift; sourceTree = "<group>"; };
		533D8B832533B13000CE297E /* WineItemView.swift */ = {isa = PBXFileReference; lastKnownFileType = sourcecode.swift; path = WineItemView.swift; sourceTree = "<group>"; };
		533D8B872533B85000CE297E /* RatingView.swift */ = {isa = PBXFileReference; lastKnownFileType = sourcecode.swift; path = RatingView.swift; sourceTree = "<group>"; };
		533D8B8B2533B8DB00CE297E /* StarView.swift */ = {isa = PBXFileReference; lastKnownFileType = sourcecode.swift; path = StarView.swift; sourceTree = "<group>"; };
		533F102C259FD63900DAA4B6 /* EmailLogInView.swift */ = {isa = PBXFileReference; lastKnownFileType = sourcecode.swift; path = EmailLogInView.swift; sourceTree = "<group>"; };
		533F1030259FD8E700DAA4B6 /* FancyDivider.swift */ = {isa = PBXFileReference; lastKnownFileType = sourcecode.swift; path = FancyDivider.swift; sourceTree = "<group>"; };
		533F1034259FE2F300DAA4B6 /* EmailSignUpView.swift */ = {isa = PBXFileReference; lastKnownFileType = sourcecode.swift; path = EmailSignUpView.swift; sourceTree = "<group>"; };
		533F1038259FE42100DAA4B6 /* SocialAuthViewModel.swift */ = {isa = PBXFileReference; lastKnownFileType = sourcecode.swift; path = SocialAuthViewModel.swift; sourceTree = "<group>"; };
		533F103C259FE42900DAA4B6 /* SocialAuthView.swift */ = {isa = PBXFileReference; lastKnownFileType = sourcecode.swift; path = SocialAuthView.swift; sourceTree = "<group>"; };
		5345BABD257C286F00AD68D3 /* ImagePicker.swift */ = {isa = PBXFileReference; fileEncoding = 4; lastKnownFileType = sourcecode.swift; path = ImagePicker.swift; sourceTree = "<group>"; };
		534F3404259E3C2D00C03E47 /* AnonymousUserView.swift */ = {isa = PBXFileReference; lastKnownFileType = sourcecode.swift; path = AnonymousUserView.swift; sourceTree = "<group>"; };
		5352404E25CF5516002CB2A5 /* EditWineImageView.swift */ = {isa = PBXFileReference; lastKnownFileType = sourcecode.swift; path = EditWineImageView.swift; sourceTree = "<group>"; };
		5352405325CF5E5E002CB2A5 /* WineImageView.swift */ = {isa = PBXFileReference; lastKnownFileType = sourcecode.swift; path = WineImageView.swift; sourceTree = "<group>"; };
		535308962726E99D00B4E72C /* UserProfilePage.swift */ = {isa = PBXFileReference; lastKnownFileType = sourcecode.swift; path = UserProfilePage.swift; sourceTree = "<group>"; };
		5355BC5826ECEDE700F0F824 /* EditWineTests.swift */ = {isa = PBXFileReference; lastKnownFileType = sourcecode.swift; path = EditWineTests.swift; sourceTree = "<group>"; };
		5355BC5A26ECEF5900F0F824 /* MyCellarPage.swift */ = {isa = PBXFileReference; lastKnownFileType = sourcecode.swift; path = MyCellarPage.swift; sourceTree = "<group>"; };
		5355BC5C26ECF16D00F0F824 /* MyCellarWineListPage.swift */ = {isa = PBXFileReference; lastKnownFileType = sourcecode.swift; path = MyCellarWineListPage.swift; sourceTree = "<group>"; };
		5355BC5E26ECF22400F0F824 /* EditWinePage.swift */ = {isa = PBXFileReference; lastKnownFileType = sourcecode.swift; path = EditWinePage.swift; sourceTree = "<group>"; };
		5355BC6126ECF79500F0F824 /* UI Testing Helpers.swift */ = {isa = PBXFileReference; lastKnownFileType = sourcecode.swift; path = "UI Testing Helpers.swift"; sourceTree = "<group>"; };
		5355BC6326ECF94700F0F824 /* Extensions.swift */ = {isa = PBXFileReference; lastKnownFileType = sourcecode.swift; path = Extensions.swift; sourceTree = "<group>"; };
		535C6A7F21EBC4DB00430FA5 /* ConfirmPhoto2ViewController.swift */ = {isa = PBXFileReference; lastKnownFileType = sourcecode.swift; path = ConfirmPhoto2ViewController.swift; sourceTree = "<group>"; };
		535CC81025F0404B00D49D57 /* UserProfileHeaderViewModel.swift */ = {isa = PBXFileReference; lastKnownFileType = sourcecode.swift; path = UserProfileHeaderViewModel.swift; sourceTree = "<group>"; };
		535CC81425F0451F00D49D57 /* TopWinesView.swift */ = {isa = PBXFileReference; lastKnownFileType = sourcecode.swift; path = TopWinesView.swift; sourceTree = "<group>"; };
		535CC81825F0453400D49D57 /* TopWinesViewModel.swift */ = {isa = PBXFileReference; lastKnownFileType = sourcecode.swift; path = TopWinesViewModel.swift; sourceTree = "<group>"; };
		535D73FE2569A7160027BC27 /* Preview Assets.xcassets */ = {isa = PBXFileReference; lastKnownFileType = folder.assetcatalog; path = "Preview Assets.xcassets"; sourceTree = "<group>"; };
		535D84A7271DCBF6002FD679 /* Helpers.swift */ = {isa = PBXFileReference; lastKnownFileType = sourcecode.swift; path = Helpers.swift; sourceTree = "<group>"; };
		535D84AA271DD053002FD679 /* SelectWineTypePage.swift */ = {isa = PBXFileReference; lastKnownFileType = sourcecode.swift; path = SelectWineTypePage.swift; sourceTree = "<group>"; };
		535D84AC271DD64F002FD679 /* FinalizeWinePage.swift */ = {isa = PBXFileReference; lastKnownFileType = sourcecode.swift; path = FinalizeWinePage.swift; sourceTree = "<group>"; };
		535D84AE271DD6BE002FD679 /* SnapPhotoPage.swift */ = {isa = PBXFileReference; lastKnownFileType = sourcecode.swift; path = SnapPhotoPage.swift; sourceTree = "<group>"; };
		535D84B1271DDA8E002FD679 /* RatingLabel.swift */ = {isa = PBXFileReference; lastKnownFileType = sourcecode.swift; path = RatingLabel.swift; sourceTree = "<group>"; };
		535D84B3271DDA94002FD679 /* RatingPicker.swift */ = {isa = PBXFileReference; lastKnownFileType = sourcecode.swift; path = RatingPicker.swift; sourceTree = "<group>"; };
		535D84B5271DDDD3002FD679 /* MyWineListItem.swift */ = {isa = PBXFileReference; lastKnownFileType = sourcecode.swift; path = MyWineListItem.swift; sourceTree = "<group>"; };
		535DE8CA25BCAB7700C6CB7B /* PreviewEnvironment.swift */ = {isa = PBXFileReference; lastKnownFileType = sourcecode.swift; path = PreviewEnvironment.swift; sourceTree = "<group>"; };
		535DE8CE25BCACB900C6CB7B /* SplashScreen.swift */ = {isa = PBXFileReference; lastKnownFileType = sourcecode.swift; path = SplashScreen.swift; sourceTree = "<group>"; };
		535EE9D2272756F00011ECC1 /* MyCellar.swift */ = {isa = PBXFileReference; lastKnownFileType = sourcecode.swift; path = MyCellar.swift; sourceTree = "<group>"; };
		5362FF462704BF0F0079677B /* NewWineModel.swift */ = {isa = PBXFileReference; fileEncoding = 4; lastKnownFileType = sourcecode.swift; path = NewWineModel.swift; sourceTree = "<group>"; };
		5367A3D2254B0A42002A02A5 /* WineListView.swift */ = {isa = PBXFileReference; lastKnownFileType = sourcecode.swift; path = WineListView.swift; sourceTree = "<group>"; };
		5369B7A62575E092003DD672 /* LoadingView.swift */ = {isa = PBXFileReference; lastKnownFileType = sourcecode.swift; path = LoadingView.swift; sourceTree = "<group>"; };
		536AEBF12540BBBB009EA107 /* MyCellarTypesView.swift */ = {isa = PBXFileReference; lastKnownFileType = sourcecode.swift; path = MyCellarTypesView.swift; sourceTree = "<group>"; };
		536AEBF52540BBDB009EA107 /* WineTypeMenuButton.swift */ = {isa = PBXFileReference; lastKnownFileType = sourcecode.swift; path = WineTypeMenuButton.swift; sourceTree = "<group>"; };
		536AEBF92540BC3F009EA107 /* MyCellarSearchView.swift */ = {isa = PBXFileReference; lastKnownFileType = sourcecode.swift; path = MyCellarSearchView.swift; sourceTree = "<group>"; };
		536E301E25A2616E00608A29 /* TabbedRootView.swift */ = {isa = PBXFileReference; lastKnownFileType = sourcecode.swift; path = TabbedRootView.swift; sourceTree = "<group>"; };
		536E3AC2258EA3AA00D84F10 /* mowine.entitlements */ = {isa = PBXFileReference; lastKnownFileType = text.plist.entitlements; path = mowine.entitlements; sourceTree = "<group>"; };
		536E3AC5258EA4EF00D84F10 /* AppleLoginButton.swift */ = {isa = PBXFileReference; lastKnownFileType = sourcecode.swift; path = AppleLoginButton.swift; sourceTree = "<group>"; };
		536E85A3204F507D004D5426 /* FakeSession.swift */ = {isa = PBXFileReference; lastKnownFileType = sourcecode.swift; path = FakeSession.swift; sourceTree = "<group>"; };
		5381EFEA25C5C8B6004D2DF9 /* EditWineView.swift */ = {isa = PBXFileReference; lastKnownFileType = sourcecode.swift; path = EditWineView.swift; sourceTree = "<group>"; };
		5381EFEE25C5E4F4004D2DF9 /* EditPairingsView.swift */ = {isa = PBXFileReference; lastKnownFileType = sourcecode.swift; path = EditPairingsView.swift; sourceTree = "<group>"; };
		5381EFF225C5E830004D2DF9 /* EditWineViewModel.swift */ = {isa = PBXFileReference; lastKnownFileType = sourcecode.swift; path = EditWineViewModel.swift; sourceTree = "<group>"; };
		5381EFF825C7267D004D2DF9 /* EditWineFormView.swift */ = {isa = PBXFileReference; lastKnownFileType = sourcecode.swift; path = EditWineFormView.swift; sourceTree = "<group>"; };
		5381EFFC25C72688004D2DF9 /* EditWineFormModel.swift */ = {isa = PBXFileReference; lastKnownFileType = sourcecode.swift; path = EditWineFormModel.swift; sourceTree = "<group>"; };
		5382D5EB27286F3D00E3E86A /* MyCellarWineListView.swift */ = {isa = PBXFileReference; lastKnownFileType = sourcecode.swift; path = MyCellarWineListView.swift; sourceTree = "<group>"; };
		5383C6F92721A81D000E625F /* firebase.json */ = {isa = PBXFileReference; lastKnownFileType = text.json; path = firebase.json; sourceTree = SOURCE_ROOT; };
		5383C6FA2721A81D000E625F /* storage.rules */ = {isa = PBXFileReference; lastKnownFileType = text; path = storage.rules; sourceTree = SOURCE_ROOT; };
		5383C6FB2721A81D000E625F /* firestore.indexes.json */ = {isa = PBXFileReference; lastKnownFileType = text.json; path = firestore.indexes.json; sourceTree = SOURCE_ROOT; };
		5383C6FC2721A81D000E625F /* firestore.rules */ = {isa = PBXFileReference; lastKnownFileType = text; path = firestore.rules; sourceTree = SOURCE_ROOT; };
		5383C6FF2721A87A000E625F /* GoogleService-Info.plist */ = {isa = PBXFileReference; lastKnownFileType = text.plist.xml; path = "GoogleService-Info.plist"; sourceTree = "<group>"; };
		5383C7012721A87A000E625F /* GoogleService-Info.plist */ = {isa = PBXFileReference; lastKnownFileType = text.plist.xml; path = "GoogleService-Info.plist"; sourceTree = "<group>"; };
		5383C7032721E5D3000E625F /* DependencyInjection.swift */ = {isa = PBXFileReference; lastKnownFileType = sourcecode.swift; path = DependencyInjection.swift; sourceTree = "<group>"; };
		5383C7052721F349000E625F /* JFLib */ = {isa = PBXFileReference; lastKnownFileType = folder; path = JFLib; sourceTree = "<group>"; };
		538E1046253BB47700B26619 /* WineThumbnail.swift */ = {isa = PBXFileReference; lastKnownFileType = sourcecode.swift; path = WineThumbnail.swift; sourceTree = "<group>"; };
		5394BB23272DBD2800B61F00 /* MyFriends.swift */ = {isa = PBXFileReference; lastKnownFileType = sourcecode.swift; path = MyFriends.swift; sourceTree = "<group>"; };
		5398F520252A6EAC00BF61C0 /* MyCellarView.swift */ = {isa = PBXFileReference; lastKnownFileType = sourcecode.swift; path = MyCellarView.swift; sourceTree = "<group>"; };
		53993DFE25DC49DB0007DFCB /* AddWineViewModel.swift */ = {isa = PBXFileReference; lastKnownFileType = sourcecode.swift; path = AddWineViewModel.swift; sourceTree = "<group>"; };
		539E166B27233D16001A2CC3 /* CrashReporter.swift */ = {isa = PBXFileReference; lastKnownFileType = sourcecode.swift; path = CrashReporter.swift; sourceTree = "<group>"; };
		53A00DB32724A5B0006A438C /* AddRemoveFriendsTests.swift */ = {isa = PBXFileReference; lastKnownFileType = sourcecode.swift; path = AddRemoveFriendsTests.swift; sourceTree = "<group>"; };
		53A00DB62724AD9F006A438C /* FriendsPage.swift */ = {isa = PBXFileReference; lastKnownFileType = sourcecode.swift; path = FriendsPage.swift; sourceTree = "<group>"; };
		53A00DB82724AE40006A438C /* UserSearchResultsPage.swift */ = {isa = PBXFileReference; lastKnownFileType = sourcecode.swift; path = UserSearchResultsPage.swift; sourceTree = "<group>"; };
		53A69841261A1DE4004BCE43 /* MoWineApp.swift */ = {isa = PBXFileReference; lastKnownFileType = sourcecode.swift; path = MoWineApp.swift; sourceTree = "<group>"; };
		53AC403D25D71DB20041AED9 /* AddWineView.swift */ = {isa = PBXFileReference; lastKnownFileType = sourcecode.swift; path = AddWineView.swift; sourceTree = "<group>"; };
		53AC404125D71DBE0041AED9 /* SelectTypeView.swift */ = {isa = PBXFileReference; lastKnownFileType = sourcecode.swift; path = SelectTypeView.swift; sourceTree = "<group>"; };
		53AC404525D737800041AED9 /* SelectVarietyView.swift */ = {isa = PBXFileReference; lastKnownFileType = sourcecode.swift; path = SelectVarietyView.swift; sourceTree = "<group>"; };
		53AC404925D738B90041AED9 /* SnapPhotoView.swift */ = {isa = PBXFileReference; lastKnownFileType = sourcecode.swift; path = SnapPhotoView.swift; sourceTree = "<group>"; };
		53AC404D25D73BCD0041AED9 /* FinalizeWineView.swift */ = {isa = PBXFileReference; lastKnownFileType = sourcecode.swift; path = FinalizeWineView.swift; sourceTree = "<group>"; };
		53AC405125D74AD90041AED9 /* ConfirmPhotoView.swift */ = {isa = PBXFileReference; lastKnownFileType = sourcecode.swift; path = ConfirmPhotoView.swift; sourceTree = "<group>"; };
		53B0FF3F26A99ED000D784A4 /* EmailSignUpTests.swift */ = {isa = PBXFileReference; lastKnownFileType = sourcecode.swift; path = EmailSignUpTests.swift; sourceTree = "<group>"; };
		53B0FF4226A9A16D00D784A4 /* MyAccountPage.swift */ = {isa = PBXFileReference; lastKnownFileType = sourcecode.swift; path = MyAccountPage.swift; sourceTree = "<group>"; };
		53B0FF4426A9A27200D784A4 /* AnonymousUserPage.swift */ = {isa = PBXFileReference; lastKnownFileType = sourcecode.swift; path = AnonymousUserPage.swift; sourceTree = "<group>"; };
		53B35F9625ACCA3500D36133 /* FakeSocialAuth.swift */ = {isa = PBXFileReference; lastKnownFileType = sourcecode.swift; path = FakeSocialAuth.swift; sourceTree = "<group>"; };
		53BC1C4F2619031B00ECD078 /* WineDetailsView.swift */ = {isa = PBXFileReference; lastKnownFileType = sourcecode.swift; path = WineDetailsView.swift; sourceTree = "<group>"; };
		53C88BF81F084FDB009B7D29 /* UIColor.swift */ = {isa = PBXFileReference; fileEncoding = 4; lastKnownFileType = sourcecode.swift; path = UIColor.swift; sourceTree = "<group>"; };
		53C91F4B25740E2E0065E778 /* ReauthenticationView.swift */ = {isa = PBXFileReference; lastKnownFileType = sourcecode.swift; path = ReauthenticationView.swift; sourceTree = "<group>"; };
		53C91F5025740E6F0065E778 /* FacebookLoginButton.swift */ = {isa = PBXFileReference; lastKnownFileType = sourcecode.swift; path = FacebookLoginButton.swift; sourceTree = "<group>"; };
		53C91F5625740E780065E778 /* GoogleLoginButton.swift */ = {isa = PBXFileReference; lastKnownFileType = sourcecode.swift; path = GoogleLoginButton.swift; sourceTree = "<group>"; };
		53C91F5E257414150065E778 /* SocialLoginProviderView.swift */ = {isa = PBXFileReference; lastKnownFileType = sourcecode.swift; path = SocialLoginProviderView.swift; sourceTree = "<group>"; };
		53CFCA5F25E9470B003EADB3 /* MiniAddFriendButton.swift */ = {isa = PBXFileReference; lastKnownFileType = sourcecode.swift; path = MiniAddFriendButton.swift; sourceTree = "<group>"; };
		53D3B43925A0F25F00F15974 /* ForgotPasswordView.swift */ = {isa = PBXFileReference; lastKnownFileType = sourcecode.swift; path = ForgotPasswordView.swift; sourceTree = "<group>"; };
		53D3B43F25A0FB3400F15974 /* EmailLogInViewModel.swift */ = {isa = PBXFileReference; lastKnownFileType = sourcecode.swift; path = EmailLogInViewModel.swift; sourceTree = "<group>"; };
		53D3B44425A0FB7F00F15974 /* EmailSignUpViewModel.swift */ = {isa = PBXFileReference; lastKnownFileType = sourcecode.swift; path = EmailSignUpViewModel.swift; sourceTree = "<group>"; };
		53D3B44A25A2304D00F15974 /* SignInHeaderView.swift */ = {isa = PBXFileReference; lastKnownFileType = sourcecode.swift; path = SignInHeaderView.swift; sourceTree = "<group>"; };
		53D3B45025A2337400F15974 /* TextStyles.swift */ = {isa = PBXFileReference; lastKnownFileType = sourcecode.swift; path = TextStyles.swift; sourceTree = "<group>"; };
		53D3E8B32703720F00D4FFEC /* unitTests.xctestplan */ = {isa = PBXFileReference; lastKnownFileType = text; path = unitTests.xctestplan; sourceTree = "<group>"; };
		53D3E8B42703726500D4FFEC /* allTests.xctestplan */ = {isa = PBXFileReference; lastKnownFileType = text; path = allTests.xctestplan; sourceTree = "<group>"; };
		53D4F21E25EEED68007A15F9 /* SearchUsersViewModel.swift */ = {isa = PBXFileReference; lastKnownFileType = sourcecode.swift; path = SearchUsersViewModel.swift; sourceTree = "<group>"; };
		53DCF48B26A9A7DD00160391 /* SignUpPage.swift */ = {isa = PBXFileReference; lastKnownFileType = sourcecode.swift; path = SignUpPage.swift; sourceTree = "<group>"; };
		53DCF48D26A9AD6500160391 /* TabBar.swift */ = {isa = PBXFileReference; lastKnownFileType = sourcecode.swift; path = TabBar.swift; sourceTree = "<group>"; };
		53DCF48F26A9C03F00160391 /* LogInPage.swift */ = {isa = PBXFileReference; lastKnownFileType = sourcecode.swift; path = LogInPage.swift; sourceTree = "<group>"; };
		53DD1E11257D7A25008C1DA7 /* ReauthenticationViewModel.swift */ = {isa = PBXFileReference; lastKnownFileType = sourcecode.swift; path = ReauthenticationViewModel.swift; sourceTree = "<group>"; };
		53DD1E15257D7DED008C1DA7 /* EmailReauthView.swift */ = {isa = PBXFileReference; lastKnownFileType = sourcecode.swift; path = EmailReauthView.swift; sourceTree = "<group>"; };
		53DD1E19257D84DC008C1DA7 /* FancySecureField.swift */ = {isa = PBXFileReference; lastKnownFileType = sourcecode.swift; path = FancySecureField.swift; sourceTree = "<group>"; };
		53DD1E1D257D84FF008C1DA7 /* FancyFieldViewModifier.swift */ = {isa = PBXFileReference; lastKnownFileType = sourcecode.swift; path = FancyFieldViewModifier.swift; sourceTree = "<group>"; };
		53DD1E21257DBADC008C1DA7 /* EmailReauthViewModel.swift */ = {isa = PBXFileReference; lastKnownFileType = sourcecode.swift; path = EmailReauthViewModel.swift; sourceTree = "<group>"; };
		53E2FA4125DDB87300658637 /* MyFriendsListView.swift */ = {isa = PBXFileReference; lastKnownFileType = sourcecode.swift; path = MyFriendsListView.swift; sourceTree = "<group>"; };
		53E2FA4525DDB87C00658637 /* SearchUsersView.swift */ = {isa = PBXFileReference; lastKnownFileType = sourcecode.swift; path = SearchUsersView.swift; sourceTree = "<group>"; };
		53E2FA5225DECFB900658637 /* FriendListItemView.swift */ = {isa = PBXFileReference; lastKnownFileType = sourcecode.swift; path = FriendListItemView.swift; sourceTree = "<group>"; };
		53F47F0A25853F1600910BDC /* PrimaryButton.swift */ = {isa = PBXFileReference; lastKnownFileType = sourcecode.swift; path = PrimaryButton.swift; sourceTree = "<group>"; };
		53F47F0E2585440E00910BDC /* ErrorLabel.swift */ = {isa = PBXFileReference; lastKnownFileType = sourcecode.swift; path = ErrorLabel.swift; sourceTree = "<group>"; };
		53F4C76927161B5F00CCBA7F /* PreviewData.swift */ = {isa = PBXFileReference; lastKnownFileType = sourcecode.swift; path = PreviewData.swift; sourceTree = "<group>"; };
		53F4C76D2716212400CCBA7F /* WineThumbnailViewModel.swift */ = {isa = PBXFileReference; lastKnownFileType = sourcecode.swift; path = WineThumbnailViewModel.swift; sourceTree = "<group>"; };
		53F5ABF01E2176080067AB62 /* mowine.app */ = {isa = PBXFileReference; explicitFileType = wrapper.application; includeInIndex = 0; path = mowine.app; sourceTree = BUILT_PRODUCTS_DIR; };
		53F5ABF31E2176080067AB62 /* AppDelegate.swift */ = {isa = PBXFileReference; lastKnownFileType = sourcecode.swift; path = AppDelegate.swift; sourceTree = "<group>"; };
		53F5ABF81E2176080067AB62 /* Base */ = {isa = PBXFileReference; lastKnownFileType = file.storyboard; name = Base; path = Base.lproj/Main.storyboard; sourceTree = "<group>"; };
		53F5ABFD1E2176080067AB62 /* Assets.xcassets */ = {isa = PBXFileReference; lastKnownFileType = folder.assetcatalog; path = Assets.xcassets; sourceTree = "<group>"; };
		53F5AC001E2176080067AB62 /* Base */ = {isa = PBXFileReference; lastKnownFileType = file.storyboard; name = Base; path = Base.lproj/LaunchScreen.storyboard; sourceTree = "<group>"; };
		53F5AC021E2176080067AB62 /* Info.plist */ = {isa = PBXFileReference; lastKnownFileType = text.plist.xml; path = Info.plist; sourceTree = "<group>"; };
		53F5AC071E2176090067AB62 /* mowineTests.xctest */ = {isa = PBXFileReference; explicitFileType = wrapper.cfbundle; includeInIndex = 0; path = mowineTests.xctest; sourceTree = BUILT_PRODUCTS_DIR; };
		53F5AC0D1E2176090067AB62 /* Info.plist */ = {isa = PBXFileReference; lastKnownFileType = text.plist.xml; path = Info.plist; sourceTree = "<group>"; };
		53F5AC121E2176090067AB62 /* mowineUITests.xctest */ = {isa = PBXFileReference; explicitFileType = wrapper.cfbundle; includeInIndex = 0; path = mowineUITests.xctest; sourceTree = BUILT_PRODUCTS_DIR; };
		53F5AC161E2176090067AB62 /* AddWineTests.swift */ = {isa = PBXFileReference; lastKnownFileType = sourcecode.swift; path = AddWineTests.swift; sourceTree = "<group>"; };
		53F5AC181E2176090067AB62 /* Info.plist */ = {isa = PBXFileReference; lastKnownFileType = text.plist.xml; path = Info.plist; sourceTree = "<group>"; };
		53FABEDD2720C80200C3C838 /* MoWine.Infrastructure */ = {isa = PBXFileReference; lastKnownFileType = folder; path = MoWine.Infrastructure; sourceTree = "<group>"; };
		53FAECFF25EAF7B40099B2E1 /* UserProfileView.swift */ = {isa = PBXFileReference; lastKnownFileType = sourcecode.swift; path = UserProfileView.swift; sourceTree = "<group>"; };
		53FAED0325EAF9C30099B2E1 /* UserProfileHeaderView.swift */ = {isa = PBXFileReference; lastKnownFileType = sourcecode.swift; path = UserProfileHeaderView.swift; sourceTree = "<group>"; };
		53FAED0725EAFBF00099B2E1 /* FriendButton.swift */ = {isa = PBXFileReference; lastKnownFileType = sourcecode.swift; path = FriendButton.swift; sourceTree = "<group>"; };
		53FFECA8256F0D3100321944 /* EditProfileView.swift */ = {isa = PBXFileReference; lastKnownFileType = sourcecode.swift; path = EditProfileView.swift; sourceTree = "<group>"; };
		53FFECAC256F0D4100321944 /* EditProfileViewModel.swift */ = {isa = PBXFileReference; lastKnownFileType = sourcecode.swift; path = EditProfileViewModel.swift; sourceTree = "<group>"; };
		53FFECB2256F0E9D00321944 /* FancyTextField.swift */ = {isa = PBXFileReference; lastKnownFileType = sourcecode.swift; path = FancyTextField.swift; sourceTree = "<group>"; };
/* End PBXFileReference section */

/* Begin PBXFrameworksBuildPhase section */
		53F5ABED1E2176080067AB62 /* Frameworks */ = {
			isa = PBXFrameworksBuildPhase;
			buildActionMask = 2147483647;
			files = (
				53FABEDF2720C99700C3C838 /* MoWine.Infrastructure in Frameworks */,
				532789FC267979E900649624 /* SystemConfiguration.framework in Frameworks */,
				5383C7072721F413000E625F /* JFLib.DI in Frameworks */,
				532789F6267979C700649624 /* LocalAuthentication.framework in Frameworks */,
				532789F8267979D400649624 /* SafariServices.framework in Frameworks */,
				5332B68C271F548900FBF135 /* MoWine.Domain in Frameworks */,
				532789FA267979E100649624 /* AuthenticationServices.framework in Frameworks */,
				53ADDF782720BE4F00945B2D /* MoWine.Application in Frameworks */,
			);
			runOnlyForDeploymentPostprocessing = 0;
		};
		53F5AC041E2176090067AB62 /* Frameworks */ = {
			isa = PBXFrameworksBuildPhase;
			buildActionMask = 2147483647;
			files = (
			);
			runOnlyForDeploymentPostprocessing = 0;
		};
		53F5AC0F1E2176090067AB62 /* Frameworks */ = {
			isa = PBXFrameworksBuildPhase;
			buildActionMask = 2147483647;
			files = (
			);
			runOnlyForDeploymentPostprocessing = 0;
		};
/* End PBXFrameworksBuildPhase section */

/* Begin PBXGroup section */
		53047E2125DC07F7005CC14D /* Views */ = {
			isa = PBXGroup;
			children = (
				53047E2225DC080B005CC14D /* AddWineHeaderView.swift */,
				53047E2825DC0904005CC14D /* RedoButton.swift */,
				53047E2C25DC09C0005CC14D /* PickImageButton.swift */,
			);
			path = Views;
			sourceTree = "<group>";
		};
		5318C0A2270CA74E00F2C60D /* Scripts */ = {
			isa = PBXGroup;
			children = (
				5318C0A4270CA77000F2C60D /* fbe.sh */,
				5318C0A3270CA76200F2C60D /* run-tests.sh */,
			);
			name = Scripts;
			sourceTree = "<group>";
		};
		5327BC292062B33F006787E9 /* WineDetails */ = {
			isa = PBXGroup;
			children = (
				53BC1C4F2619031B00ECD078 /* WineDetailsView.swift */,
			);
			path = WineDetails;
			sourceTree = "<group>";
		};
		532A345522F8FB08005E447D /* Auth */ = {
			isa = PBXGroup;
			children = (
				53D3B43825A0F21700F15974 /* Email */,
				53D3B44325A0FB5A00F15974 /* Social */,
				53DD1E11257D7A25008C1DA7 /* ReauthenticationViewModel.swift */,
				53C91F4B25740E2E0065E778 /* ReauthenticationView.swift */,
				53DD1E21257DBADC008C1DA7 /* EmailReauthViewModel.swift */,
				53DD1E15257D7DED008C1DA7 /* EmailReauthView.swift */,
				534F3404259E3C2D00C03E47 /* AnonymousUserView.swift */,
				53018B89259FC6D8006A7008 /* LogInView.swift */,
				53018B8D259FC6E0006A7008 /* SignUpView.swift */,
			);
			path = Auth;
			sourceTree = "<group>";
		};
		532FB07B20584BC70056D1B2 /* UserProfile */ = {
			isa = PBXGroup;
			children = (
				532FB07C20584C020056D1B2 /* TopWines */,
				532FB07D20584C0A0056D1B2 /* WineCellar */,
				53FAECFF25EAF7B40099B2E1 /* UserProfileView.swift */,
				53FAED0325EAF9C30099B2E1 /* UserProfileHeaderView.swift */,
				535CC81025F0404B00D49D57 /* UserProfileHeaderViewModel.swift */,
			);
			path = UserProfile;
			sourceTree = "<group>";
		};
		532FB07C20584C020056D1B2 /* TopWines */ = {
			isa = PBXGroup;
			children = (
				535CC81425F0451F00D49D57 /* TopWinesView.swift */,
				535CC81825F0453400D49D57 /* TopWinesViewModel.swift */,
			);
			path = TopWines;
			sourceTree = "<group>";
		};
		532FB07D20584C0A0056D1B2 /* WineCellar */ = {
			isa = PBXGroup;
			children = (
				531FB93926F0C484006A22F0 /* WineCellarViewModel.swift */,
				5306CC652607A1800061C413 /* WineCellarView.swift */,
				5306CC692607BCC80061C413 /* WineTypeListView.swift */,
			);
			path = WineCellar;
			sourceTree = "<group>";
		};
		5348960E203DE49F00B7547A /* UI */ = {
			isa = PBXGroup;
			children = (
				5355BC6026ECF77D00F0F824 /* Testing */,
				535C6A7E21EBC4CF00430FA5 /* ViewControllers */,
				53C88BFA1F085D17009B7D29 /* Views */,
				53F5AC251E2185750067AB62 /* Extensions */,
			);
			path = UI;
			sourceTree = "<group>";
		};
		53504148271CB67900D85820 /* Page Objects */ = {
			isa = PBXGroup;
			children = (
				535308952726E98300B4E72C /* User Profile */,
				53A00DB52724AD92006A438C /* Friends */,
				535D84B0271DDA80002FD679 /* Wines */,
				535D84A9271DCF5C002FD679 /* Add Wine */,
				53B0FF4426A9A27200D784A4 /* AnonymousUserPage.swift */,
				5355BC5E26ECF22400F0F824 /* EditWinePage.swift */,
				53DCF48F26A9C03F00160391 /* LogInPage.swift */,
				53B0FF4226A9A16D00D784A4 /* MyAccountPage.swift */,
				5355BC5A26ECEF5900F0F824 /* MyCellarPage.swift */,
				5355BC5C26ECF16D00F0F824 /* MyCellarWineListPage.swift */,
				53DCF48B26A9A7DD00160391 /* SignUpPage.swift */,
				53DCF48D26A9AD6500160391 /* TabBar.swift */,
			);
			path = "Page Objects";
			sourceTree = "<group>";
		};
		5352405225CF5E52002CB2A5 /* Wine */ = {
			isa = PBXGroup;
			children = (
				5352405325CF5E5E002CB2A5 /* WineImageView.swift */,
				5367A3D2254B0A42002A02A5 /* WineListView.swift */,
				533D8B832533B13000CE297E /* WineItemView.swift */,
				53F4C76D2716212400CCBA7F /* WineThumbnailViewModel.swift */,
				538E1046253BB47700B26619 /* WineThumbnail.swift */,
			);
			path = Wine;
			sourceTree = "<group>";
		};
		535308952726E98300B4E72C /* User Profile */ = {
			isa = PBXGroup;
			children = (
				535308962726E99D00B4E72C /* UserProfilePage.swift */,
			);
			path = "User Profile";
			sourceTree = "<group>";
		};
		5355BC6026ECF77D00F0F824 /* Testing */ = {
			isa = PBXGroup;
			children = (
				5355BC6126ECF79500F0F824 /* UI Testing Helpers.swift */,
			);
			path = Testing;
			sourceTree = "<group>";
		};
		535C6A7E21EBC4CF00430FA5 /* ViewControllers */ = {
			isa = PBXGroup;
			children = (
				535C6A7F21EBC4DB00430FA5 /* ConfirmPhoto2ViewController.swift */,
			);
			path = ViewControllers;
			sourceTree = "<group>";
		};
		535D84A9271DCF5C002FD679 /* Add Wine */ = {
			isa = PBXGroup;
			children = (
				535D84AA271DD053002FD679 /* SelectWineTypePage.swift */,
				535D84AE271DD6BE002FD679 /* SnapPhotoPage.swift */,
				535D84AC271DD64F002FD679 /* FinalizeWinePage.swift */,
			);
			path = "Add Wine";
			sourceTree = "<group>";
		};
		535D84B0271DDA80002FD679 /* Wines */ = {
			isa = PBXGroup;
			children = (
				535D84B1271DDA8E002FD679 /* RatingLabel.swift */,
				535D84B3271DDA94002FD679 /* RatingPicker.swift */,
				535D84B5271DDDD3002FD679 /* MyWineListItem.swift */,
			);
			path = Wines;
			sourceTree = "<group>";
		};
		535EE9D1272755E10011ECC1 /* ModelServices */ = {
			isa = PBXGroup;
			children = (
				535EE9D2272756F00011ECC1 /* MyCellar.swift */,
				5394BB23272DBD2800B61F00 /* MyFriends.swift */,
			);
			path = ModelServices;
			sourceTree = "<group>";
		};
		537614C01E591867005AABF0 /* EditWine */ = {
			isa = PBXGroup;
			children = (
				5381EFF225C5E830004D2DF9 /* EditWineViewModel.swift */,
				5381EFEA25C5C8B6004D2DF9 /* EditWineView.swift */,
				5381EFEE25C5E4F4004D2DF9 /* EditPairingsView.swift */,
				5381EFF825C7267D004D2DF9 /* EditWineFormView.swift */,
				5381EFFC25C72688004D2DF9 /* EditWineFormModel.swift */,
				5352404E25CF5516002CB2A5 /* EditWineImageView.swift */,
			);
			path = EditWine;
			sourceTree = "<group>";
		};
		5378DFDD25CEFB3900094E49 /* Rating */ = {
			isa = PBXGroup;
			children = (
				533D8B872533B85000CE297E /* RatingView.swift */,
				533D8B8B2533B8DB00CE297E /* StarView.swift */,
			);
			path = Rating;
			sourceTree = "<group>";
		};
		5383C6F52721A783000E625F /* Third Party Files */ = {
			isa = PBXGroup;
			children = (
				5383C6F62721A7BD000E625F /* Firebase */,
			);
			name = "Third Party Files";
			sourceTree = "<group>";
		};
		5383C6F62721A7BD000E625F /* Firebase */ = {
			isa = PBXGroup;
			children = (
				5383C6FD2721A843000E625F /* Config Files */,
				5383C6F82721A7DF000E625F /* Local */,
			);
			name = Firebase;
			sourceTree = "<group>";
		};
		5383C6F82721A7DF000E625F /* Local */ = {
			isa = PBXGroup;
			children = (
				5383C6F92721A81D000E625F /* firebase.json */,
				5383C6FB2721A81D000E625F /* firestore.indexes.json */,
				5383C6FC2721A81D000E625F /* firestore.rules */,
				5383C6FA2721A81D000E625F /* storage.rules */,
			);
			name = Local;
			sourceTree = "<group>";
		};
		5383C6FD2721A843000E625F /* Config Files */ = {
			isa = PBXGroup;
			children = (
				5383C6FE2721A87A000E625F /* Dev */,
				5383C7002721A87A000E625F /* Prod */,
			);
			name = "Config Files";
			sourceTree = "<group>";
		};
		5383C6FE2721A87A000E625F /* Dev */ = {
			isa = PBXGroup;
			children = (
				5383C6FF2721A87A000E625F /* GoogleService-Info.plist */,
			);
			name = Dev;
			path = mowine/Firebase/Dev;
			sourceTree = "<group>";
		};
		5383C7002721A87A000E625F /* Prod */ = {
			isa = PBXGroup;
			children = (
				5383C7012721A87A000E625F /* GoogleService-Info.plist */,
			);
			name = Prod;
			path = mowine/Firebase/Prod;
			sourceTree = "<group>";
		};
		5383C7022721A904000E625F /* Test Plans */ = {
			isa = PBXGroup;
			children = (
				53D3E8B32703720F00D4FFEC /* unitTests.xctestplan */,
				53D3E8B42703726500D4FFEC /* allTests.xctestplan */,
			);
			name = "Test Plans";
			sourceTree = "<group>";
		};
		5398F519252A6B6F00BF61C0 /* My Cellar */ = {
			isa = PBXGroup;
			children = (
				5398F520252A6EAC00BF61C0 /* MyCellarView.swift */,
				536AEBF12540BBBB009EA107 /* MyCellarTypesView.swift */,
				536AEBF52540BBDB009EA107 /* WineTypeMenuButton.swift */,
				536AEBF92540BC3F009EA107 /* MyCellarSearchView.swift */,
				5382D5EB27286F3D00E3E86A /* MyCellarWineListView.swift */,
			);
			path = "My Cellar";
			sourceTree = "<group>";
		};
		539E166A27233CFA001A2CC3 /* Services */ = {
			isa = PBXGroup;
			children = (
				5332B68D271F54E000FBF135 /* ObservableSession.swift */,
				539E166B27233D16001A2CC3 /* CrashReporter.swift */,
			);
			path = Services;
			sourceTree = "<group>";
		};
		53A00DB52724AD92006A438C /* Friends */ = {
			isa = PBXGroup;
			children = (
				53A00DB62724AD9F006A438C /* FriendsPage.swift */,
				53A00DB82724AE40006A438C /* UserSearchResultsPage.swift */,
			);
			path = Friends;
			sourceTree = "<group>";
		};
		53A8D5EF20461181000AD7A3 /* MyAccount */ = {
			isa = PBXGroup;
			children = (
				532DB3CC2569C3B6009A4740 /* MyAccountViewModel.swift */,
				532DB3C82569C2EF009A4740 /* MyAccountView.swift */,
				53FFECAC256F0D4100321944 /* EditProfileViewModel.swift */,
				53FFECA8256F0D3100321944 /* EditProfileView.swift */,
				530A987026F7B2B7008CE2C5 /* EditProfileFormView.swift */,
				530A987226F7B308008CE2C5 /* ProfilePictureOverlayView.swift */,
			);
			path = MyAccount;
			sourceTree = "<group>";
		};
		53B0FF4126A9A14A00D784A4 /* Helpers */ = {
			isa = PBXGroup;
			children = (
				5355BC6326ECF94700F0F824 /* Extensions.swift */,
				535D84A7271DCBF6002FD679 /* Helpers.swift */,
			);
			path = Helpers;
			sourceTree = "<group>";
		};
		53C88BFA1F085D17009B7D29 /* Views */ = {
			isa = PBXGroup;
			children = (
				5352405225CF5E52002CB2A5 /* Wine */,
				5378DFDD25CEFB3900094E49 /* Rating */,
				53C91F4F25740E5F0065E778 /* Auth */,
				5345BABD257C286F00AD68D3 /* ImagePicker.swift */,
				53FFECB2256F0E9D00321944 /* FancyTextField.swift */,
				53DD1E19257D84DC008C1DA7 /* FancySecureField.swift */,
				53DD1E1D257D84FF008C1DA7 /* FancyFieldViewModifier.swift */,
				5369B7A62575E092003DD672 /* LoadingView.swift */,
				53F47F0A25853F1600910BDC /* PrimaryButton.swift */,
				53F47F0E2585440E00910BDC /* ErrorLabel.swift */,
				533F1030259FD8E700DAA4B6 /* FancyDivider.swift */,
				53D3B44A25A2304D00F15974 /* SignInHeaderView.swift */,
				53D3B45025A2337400F15974 /* TextStyles.swift */,
			);
			path = Views;
			sourceTree = "<group>";
		};
		53C91F4F25740E5F0065E778 /* Auth */ = {
			isa = PBXGroup;
			children = (
				53C91F5E257414150065E778 /* SocialLoginProviderView.swift */,
				53C91F5025740E6F0065E778 /* FacebookLoginButton.swift */,
				53C91F5625740E780065E778 /* GoogleLoginButton.swift */,
				536E3AC5258EA4EF00D84F10 /* AppleLoginButton.swift */,
			);
			path = Auth;
			sourceTree = "<group>";
		};
		53D3B43825A0F21700F15974 /* Email */ = {
			isa = PBXGroup;
			children = (
				53D3B43F25A0FB3400F15974 /* EmailLogInViewModel.swift */,
				533F102C259FD63900DAA4B6 /* EmailLogInView.swift */,
				53D3B44425A0FB7F00F15974 /* EmailSignUpViewModel.swift */,
				533F1034259FE2F300DAA4B6 /* EmailSignUpView.swift */,
				53D3B43925A0F25F00F15974 /* ForgotPasswordView.swift */,
			);
			path = Email;
			sourceTree = "<group>";
		};
		53D3B44325A0FB5A00F15974 /* Social */ = {
			isa = PBXGroup;
			children = (
				533F1038259FE42100DAA4B6 /* SocialAuthViewModel.swift */,
				533F103C259FE42900DAA4B6 /* SocialAuthView.swift */,
			);
			path = Social;
			sourceTree = "<group>";
		};
		53E36490252A77C900BA1CD2 /* Preview Content */ = {
			isa = PBXGroup;
			children = (
				535D73FE2569A7160027BC27 /* Preview Assets.xcassets */,
				535DE8CA25BCAB7700C6CB7B /* PreviewEnvironment.swift */,
				53F4C76927161B5F00CCBA7F /* PreviewData.swift */,
				532DB3D2256AC763009A4740 /* PreviewDataFactories.swift */,
				536E85A3204F507D004D5426 /* FakeSession.swift */,
				53B35F9625ACCA3500D36133 /* FakeSocialAuth.swift */,
				5383C7032721E5D3000E625F /* DependencyInjection.swift */,
			);
			path = "Preview Content";
			sourceTree = "<group>";
		};
		53ED1F7D204F2D2F00C129BC /* Friends */ = {
			isa = PBXGroup;
			children = (
				533C2E9C25DDB43700795CCE /* FriendsPage.swift */,
				53E2FA4125DDB87300658637 /* MyFriendsListView.swift */,
				53D4F21E25EEED68007A15F9 /* SearchUsersViewModel.swift */,
				53E2FA4525DDB87C00658637 /* SearchUsersView.swift */,
				53E2FA5225DECFB900658637 /* FriendListItemView.swift */,
				5330C20D25E5B5710063E7C4 /* UserSearchResultView.swift */,
				5330C20925E5B39F0063E7C4 /* UserPhotoView.swift */,
				53CFCA5F25E9470B003EADB3 /* MiniAddFriendButton.swift */,
				53FAED0725EAFBF00099B2E1 /* FriendButton.swift */,
			);
			path = Friends;
			sourceTree = "<group>";
		};
		53F5ABE71E2176080067AB62 = {
			isa = PBXGroup;
			children = (
				53F5ABF21E2176080067AB62 /* mowine */,
				53F5AC0A1E2176090067AB62 /* mowineTests */,
				53F5AC151E2176090067AB62 /* mowineUITests */,
				5332B68F2720BBCC00FBF135 /* MoWine.Application */,
				5332B68A271F4F8700FBF135 /* MoWine.Domain */,
				53FABEDD2720C80200C3C838 /* MoWine.Infrastructure */,
				5383C7052721F349000E625F /* JFLib */,
				5383C7022721A904000E625F /* Test Plans */,
				5383C6F52721A783000E625F /* Third Party Files */,
				5318C0A2270CA74E00F2C60D /* Scripts */,
				53F5ABF11E2176080067AB62 /* Products */,
				8E45E83822A4C492508A446C /* Frameworks */,
			);
			sourceTree = "<group>";
		};
		53F5ABF11E2176080067AB62 /* Products */ = {
			isa = PBXGroup;
			children = (
				53F5ABF01E2176080067AB62 /* mowine.app */,
				53F5AC071E2176090067AB62 /* mowineTests.xctest */,
				53F5AC121E2176090067AB62 /* mowineUITests.xctest */,
			);
			name = Products;
			sourceTree = "<group>";
		};
		53F5ABF21E2176080067AB62 /* mowine */ = {
			isa = PBXGroup;
			children = (
				53E36490252A77C900BA1CD2 /* Preview Content */,
				53F5AC241E217E210067AB62 /* Scenes */,
				5348960E203DE49F00B7547A /* UI */,
				539E166A27233CFA001A2CC3 /* Services */,
				535EE9D1272755E10011ECC1 /* ModelServices */,
				53F5ABF31E2176080067AB62 /* AppDelegate.swift */,
				53F5ABFD1E2176080067AB62 /* Assets.xcassets */,
				53F5AC021E2176080067AB62 /* Info.plist */,
				53F5ABFF1E2176080067AB62 /* LaunchScreen.storyboard */,
				53F5ABF71E2176080067AB62 /* Main.storyboard */,
				536E3AC2258EA3AA00D84F10 /* mowine.entitlements */,
				53A69841261A1DE4004BCE43 /* MoWineApp.swift */,
			);
			path = mowine;
			sourceTree = "<group>";
		};
		53F5AC0A1E2176090067AB62 /* mowineTests */ = {
			isa = PBXGroup;
			children = (
				53F5AC0D1E2176090067AB62 /* Info.plist */,
			);
			path = mowineTests;
			sourceTree = "<group>";
		};
		53F5AC151E2176090067AB62 /* mowineUITests */ = {
			isa = PBXGroup;
			children = (
				53504148271CB67900D85820 /* Page Objects */,
				53B0FF4126A9A14A00D784A4 /* Helpers */,
				53F5AC181E2176090067AB62 /* Info.plist */,
				53F5AC161E2176090067AB62 /* AddWineTests.swift */,
				5355BC5826ECEDE700F0F824 /* EditWineTests.swift */,
				53B0FF3F26A99ED000D784A4 /* EmailSignUpTests.swift */,
				53A00DB32724A5B0006A438C /* AddRemoveFriendsTests.swift */,
			);
			path = mowineUITests;
			sourceTree = "<group>";
		};
		53F5AC241E217E210067AB62 /* Scenes */ = {
			isa = PBXGroup;
			children = (
				532A345522F8FB08005E447D /* Auth */,
				53F5AC2B1E2187F90067AB62 /* AddWine */,
				5398F519252A6B6F00BF61C0 /* My Cellar */,
				537614C01E591867005AABF0 /* EditWine */,
				53A8D5EF20461181000AD7A3 /* MyAccount */,
				53ED1F7D204F2D2F00C129BC /* Friends */,
				532FB07B20584BC70056D1B2 /* UserProfile */,
				5327BC292062B33F006787E9 /* WineDetails */,
				535DE8CE25BCACB900C6CB7B /* SplashScreen.swift */,
				536E301E25A2616E00608A29 /* TabbedRootView.swift */,
			);
			path = Scenes;
			sourceTree = "<group>";
		};
		53F5AC251E2185750067AB62 /* Extensions */ = {
			isa = PBXGroup;
			children = (
				53C88BF81F084FDB009B7D29 /* UIColor.swift */,
			);
			path = Extensions;
			sourceTree = "<group>";
		};
		53F5AC2B1E2187F90067AB62 /* AddWine */ = {
			isa = PBXGroup;
			children = (
				53047E2125DC07F7005CC14D /* Views */,
				53993DFE25DC49DB0007DFCB /* AddWineViewModel.swift */,
				5362FF462704BF0F0079677B /* NewWineModel.swift */,
				53AC403D25D71DB20041AED9 /* AddWineView.swift */,
				53AC404125D71DBE0041AED9 /* SelectTypeView.swift */,
				53AC404525D737800041AED9 /* SelectVarietyView.swift */,
				53AC404925D738B90041AED9 /* SnapPhotoView.swift */,
				53AC404D25D73BCD0041AED9 /* FinalizeWineView.swift */,
				53AC405125D74AD90041AED9 /* ConfirmPhotoView.swift */,
			);
			path = AddWine;
			sourceTree = "<group>";
		};
		8E45E83822A4C492508A446C /* Frameworks */ = {
			isa = PBXGroup;
			children = (
				532789FD26797C5900649624 /* GoogleSignIn.bundle */,
				532789FE26797C5900649624 /* GoogleSignIn.framework */,
				532789FF26797C5900649624 /* GoogleSignInDependencies.framework */,
				532789FB267979E900649624 /* SystemConfiguration.framework */,
				532789F9267979E100649624 /* AuthenticationServices.framework */,
				532789F7267979D400649624 /* SafariServices.framework */,
				532789F5267979C700649624 /* LocalAuthentication.framework */,
			);
			name = Frameworks;
			sourceTree = "<group>";
		};
/* End PBXGroup section */

/* Begin PBXNativeTarget section */
		53F5ABEF1E2176080067AB62 /* mowine */ = {
			isa = PBXNativeTarget;
			buildConfigurationList = 53F5AC1B1E2176090067AB62 /* Build configuration list for PBXNativeTarget "mowine" */;
			buildPhases = (
				53F5ABEC1E2176080067AB62 /* Sources */,
				53F5ABED1E2176080067AB62 /* Frameworks */,
				5318C09F270CA55300F2C60D /* Setup Firebase Environment GoogleService-Info.plist */,
				53F5ABEE1E2176080067AB62 /* Resources */,
				531277AE26783EA100C5E717 /* Crashlytics Upload DYSMs */,
			);
			buildRules = (
			);
			dependencies = (
			);
			name = mowine;
			packageProductDependencies = (
				5332B68B271F548900FBF135 /* MoWine.Domain */,
				53ADDF772720BE4F00945B2D /* MoWine.Application */,
				53FABEDE2720C99700C3C838 /* MoWine.Infrastructure */,
				5383C7062721F413000E625F /* JFLib.DI */,
			);
			productName = mowine;
			productReference = 53F5ABF01E2176080067AB62 /* mowine.app */;
			productType = "com.apple.product-type.application";
		};
		53F5AC061E2176090067AB62 /* mowineTests */ = {
			isa = PBXNativeTarget;
			buildConfigurationList = 53F5AC1E1E2176090067AB62 /* Build configuration list for PBXNativeTarget "mowineTests" */;
			buildPhases = (
				53F5AC031E2176090067AB62 /* Sources */,
				53F5AC041E2176090067AB62 /* Frameworks */,
				53F5AC051E2176090067AB62 /* Resources */,
			);
			buildRules = (
			);
			dependencies = (
				53F5AC091E2176090067AB62 /* PBXTargetDependency */,
			);
			name = mowineTests;
			packageProductDependencies = (
			);
			productName = mowineTests;
			productReference = 53F5AC071E2176090067AB62 /* mowineTests.xctest */;
			productType = "com.apple.product-type.bundle.unit-test";
		};
		53F5AC111E2176090067AB62 /* mowineUITests */ = {
			isa = PBXNativeTarget;
			buildConfigurationList = 53F5AC211E2176090067AB62 /* Build configuration list for PBXNativeTarget "mowineUITests" */;
			buildPhases = (
				53F5AC0E1E2176090067AB62 /* Sources */,
				53F5AC0F1E2176090067AB62 /* Frameworks */,
				53F5AC101E2176090067AB62 /* Resources */,
			);
			buildRules = (
			);
			dependencies = (
				53F5AC141E2176090067AB62 /* PBXTargetDependency */,
			);
			name = mowineUITests;
			productName = mowineUITests;
			productReference = 53F5AC121E2176090067AB62 /* mowineUITests.xctest */;
			productType = "com.apple.product-type.bundle.ui-testing";
		};
/* End PBXNativeTarget section */

/* Begin PBXProject section */
		53F5ABE81E2176080067AB62 /* Project object */ = {
			isa = PBXProject;
			attributes = {
				LastSwiftUpdateCheck = 0820;
				LastUpgradeCheck = 1200;
				ORGANIZATIONNAME = "Josh Freed";
				TargetAttributes = {
					53F5ABEF1E2176080067AB62 = {
						CreatedOnToolsVersion = 8.2.1;
						DevelopmentTeam = Q96RZM5NAK;
						LastSwiftMigration = 1020;
						ProvisioningStyle = Automatic;
					};
					53F5AC061E2176090067AB62 = {
						CreatedOnToolsVersion = 8.2.1;
						DevelopmentTeam = Q96RZM5NAK;
						LastSwiftMigration = 1020;
						ProvisioningStyle = Automatic;
						TestTargetID = 53F5ABEF1E2176080067AB62;
					};
					53F5AC111E2176090067AB62 = {
						CreatedOnToolsVersion = 8.2.1;
						DevelopmentTeam = Q96RZM5NAK;
						LastSwiftMigration = 1020;
						ProvisioningStyle = Automatic;
						TestTargetID = 53F5ABEF1E2176080067AB62;
					};
				};
			};
			buildConfigurationList = 53F5ABEB1E2176080067AB62 /* Build configuration list for PBXProject "mowine" */;
			compatibilityVersion = "Xcode 8.0";
			developmentRegion = en;
			hasScannedForEncodings = 0;
			knownRegions = (
				en,
				Base,
			);
			mainGroup = 53F5ABE71E2176080067AB62;
			packageReferences = (
			);
			productRefGroup = 53F5ABF11E2176080067AB62 /* Products */;
			projectDirPath = "";
			projectRoot = "";
			targets = (
				53F5ABEF1E2176080067AB62 /* mowine */,
				53F5AC061E2176090067AB62 /* mowineTests */,
				53F5AC111E2176090067AB62 /* mowineUITests */,
			);
		};
/* End PBXProject section */

/* Begin PBXResourcesBuildPhase section */
		53F5ABEE1E2176080067AB62 /* Resources */ = {
			isa = PBXResourcesBuildPhase;
			buildActionMask = 2147483647;
			files = (
				53F5AC011E2176080067AB62 /* LaunchScreen.storyboard in Resources */,
				535D73FF2569A7160027BC27 /* Preview Assets.xcassets in Resources */,
				53F5ABFE1E2176080067AB62 /* Assets.xcassets in Resources */,
				53F5ABF91E2176080067AB62 /* Main.storyboard in Resources */,
			);
			runOnlyForDeploymentPostprocessing = 0;
		};
		53F5AC051E2176090067AB62 /* Resources */ = {
			isa = PBXResourcesBuildPhase;
			buildActionMask = 2147483647;
			files = (
			);
			runOnlyForDeploymentPostprocessing = 0;
		};
		53F5AC101E2176090067AB62 /* Resources */ = {
			isa = PBXResourcesBuildPhase;
			buildActionMask = 2147483647;
			files = (
			);
			runOnlyForDeploymentPostprocessing = 0;
		};
/* End PBXResourcesBuildPhase section */

/* Begin PBXShellScriptBuildPhase section */
		531277AE26783EA100C5E717 /* Crashlytics Upload DYSMs */ = {
			isa = PBXShellScriptBuildPhase;
			buildActionMask = 2147483647;
			files = (
			);
			inputFileListPaths = (
			);
			inputPaths = (
				"${DWARF_DSYM_FOLDER_PATH}/${DWARF_DSYM_FILE_NAME}/Contents/Resources/DWARF/${TARGET_NAME}",
				"$(SRCROOT)/$(BUILT_PRODUCTS_DIR)/$(INFOPLIST_PATH)",
			);
			name = "Crashlytics Upload DYSMs";
			outputFileListPaths = (
			);
			outputPaths = (
			);
			runOnlyForDeploymentPostprocessing = 0;
			shellPath = /bin/sh;
			shellScript = "# Type a script or drag a script file from your workspace to insert its path.\n${BUILD_DIR%Build/*}/SourcePackages/checkouts/firebase-ios-sdk/Crashlytics/run\n";
		};
		5318C09F270CA55300F2C60D /* Setup Firebase Environment GoogleService-Info.plist */ = {
			isa = PBXShellScriptBuildPhase;
			buildActionMask = 2147483647;
			files = (
			);
			inputFileListPaths = (
			);
			inputPaths = (
			);
			name = "Setup Firebase Environment GoogleService-Info.plist";
			outputFileListPaths = (
			);
			outputPaths = (
			);
			runOnlyForDeploymentPostprocessing = 0;
			shellPath = /bin/sh;
			shellScript = "# Name of the resource we're selectively copying\nGOOGLESERVICE_INFO_PLIST=GoogleService-Info.plist\n\n# Get references to dev and prod versions of the GoogleService-Info.plist\n# NOTE: These should only live on the file system and should NOT be part of the target (since we'll be adding them to the target manually)\nGOOGLESERVICE_INFO_DEV=${PROJECT_DIR}/${TARGET_NAME}/Firebase/Dev/${GOOGLESERVICE_INFO_PLIST}\nGOOGLESERVICE_INFO_PROD=${PROJECT_DIR}/${TARGET_NAME}/Firebase/Prod/${GOOGLESERVICE_INFO_PLIST}\n\n# Make sure the dev version of GoogleService-Info.plist exists\necho \"Looking for ${GOOGLESERVICE_INFO_PLIST} in ${GOOGLESERVICE_INFO_DEV}\"\nif [ ! -f $GOOGLESERVICE_INFO_DEV ]\nthen\n    echo \"No Development GoogleService-Info.plist found. Please ensure it's in the proper directory.\"\n    exit 1\nfi\n\n# Make sure the prod version of GoogleService-Info.plist exists\necho \"Looking for ${GOOGLESERVICE_INFO_PLIST} in ${GOOGLESERVICE_INFO_PROD}\"\nif [ ! -f $GOOGLESERVICE_INFO_PROD ]\nthen\n    echo \"No Production GoogleService-Info.plist found. Please ensure it's in the proper directory.\"\n    exit 1\nfi\n\n# Get a reference to the destination location for the GoogleService-Info.plist\nPLIST_DESTINATION=${BUILT_PRODUCTS_DIR}/${PRODUCT_NAME}.app\necho \"Will copy ${GOOGLESERVICE_INFO_PLIST} to final destination: ${PLIST_DESTINATION}\"\n\n# Copy over the prod GoogleService-Info.plist for Release builds\nif [ \"${CONFIGURATION}\" == \"Release\" ]\nthen\n    echo \"Using ${GOOGLESERVICE_INFO_PROD}\"\n    cp \"${GOOGLESERVICE_INFO_PROD}\" \"${PLIST_DESTINATION}\"\nelse\n    echo \"Using ${GOOGLESERVICE_INFO_DEV}\"\n    cp \"${GOOGLESERVICE_INFO_DEV}\" \"${PLIST_DESTINATION}\"\nfi\n# Type a script or drag a script file from your workspace to insert its path.\n";
		};
/* End PBXShellScriptBuildPhase section */

/* Begin PBXSourcesBuildPhase section */
		53F5ABEC1E2176080067AB62 /* Sources */ = {
			isa = PBXSourcesBuildPhase;
			buildActionMask = 2147483647;
			files = (
				533D8B842533B13000CE297E /* WineItemView.swift in Sources */,
				53AC404E25D73BCD0041AED9 /* FinalizeWineView.swift in Sources */,
				53CFCA6025E9470B003EADB3 /* MiniAddFriendButton.swift in Sources */,
				53E2FA4225DDB87300658637 /* MyFriendsListView.swift in Sources */,
				535C6A8021EBC4DB00430FA5 /* ConfirmPhoto2ViewController.swift in Sources */,
				5330C20E25E5B5710063E7C4 /* UserSearchResultView.swift in Sources */,
				5382D5EC27286F3D00E3E86A /* MyCellarWineListView.swift in Sources */,
				5381EFFD25C72688004D2DF9 /* EditWineFormModel.swift in Sources */,
				531FB93A26F0C484006A22F0 /* WineCellarViewModel.swift in Sources */,
				53018B8A259FC6D8006A7008 /* LogInView.swift in Sources */,
				533F103D259FE42900DAA4B6 /* SocialAuthView.swift in Sources */,
				5306CC6A2607BCC80061C413 /* WineTypeListView.swift in Sources */,
				5332B68E271F54E000FBF135 /* ObservableSession.swift in Sources */,
				5381EFF325C5E830004D2DF9 /* EditWineViewModel.swift in Sources */,
				53D3B43A25A0F25F00F15974 /* ForgotPasswordView.swift in Sources */,
				53FFECAD256F0D4100321944 /* EditProfileViewModel.swift in Sources */,
				5381EFF925C7267E004D2DF9 /* EditWineFormView.swift in Sources */,
				53047E2D25DC09C0005CC14D /* PickImageButton.swift in Sources */,
				53D3B45125A2337400F15974 /* TextStyles.swift in Sources */,
				53F47F0F2585440E00910BDC /* ErrorLabel.swift in Sources */,
				5352404F25CF5516002CB2A5 /* EditWineImageView.swift in Sources */,
				53BC1C502619031B00ECD078 /* WineDetailsView.swift in Sources */,
				533F1031259FD8E700DAA4B6 /* FancyDivider.swift in Sources */,
				53B35F9725ACCA3500D36133 /* FakeSocialAuth.swift in Sources */,
				535CC81525F0451F00D49D57 /* TopWinesView.swift in Sources */,
				536E301F25A2616E00608A29 /* TabbedRootView.swift in Sources */,
				5383C7042721E5D3000E625F /* DependencyInjection.swift in Sources */,
				5381EFEF25C5E4F4004D2DF9 /* EditPairingsView.swift in Sources */,
				536AEBF22540BBBB009EA107 /* MyCellarTypesView.swift in Sources */,
				533F102D259FD63900DAA4B6 /* EmailLogInView.swift in Sources */,
				533D8B8C2533B8DB00CE297E /* StarView.swift in Sources */,
				53DD1E16257D7DED008C1DA7 /* EmailReauthView.swift in Sources */,
				53C91F4C25740E2E0065E778 /* ReauthenticationView.swift in Sources */,
				533C2E9D25DDB43700795CCE /* FriendsPage.swift in Sources */,
				5381EFEB25C5C8B6004D2DF9 /* EditWineView.swift in Sources */,
				53FAED0025EAF7B40099B2E1 /* UserProfileView.swift in Sources */,
				53DD1E1A257D84DC008C1DA7 /* FancySecureField.swift in Sources */,
				536AEBFA2540BC3F009EA107 /* MyCellarSearchView.swift in Sources */,
				53F47F0B25853F1600910BDC /* PrimaryButton.swift in Sources */,
				53AC405225D74AD90041AED9 /* ConfirmPhotoView.swift in Sources */,
				5367A3D3254B0A42002A02A5 /* WineListView.swift in Sources */,
				53F4C76E2716212400CCBA7F /* WineThumbnailViewModel.swift in Sources */,
				53DD1E12257D7A25008C1DA7 /* ReauthenticationViewModel.swift in Sources */,
				53F5ABF41E2176080067AB62 /* AppDelegate.swift in Sources */,
				53D3B44025A0FB3400F15974 /* EmailLogInViewModel.swift in Sources */,
				53C88BF91F084FDB009B7D29 /* UIColor.swift in Sources */,
				53C91F5725740E780065E778 /* GoogleLoginButton.swift in Sources */,
				53018B8E259FC6E0006A7008 /* SignUpView.swift in Sources */,
				53E2FA4625DDB87C00658637 /* SearchUsersView.swift in Sources */,
				533F1039259FE42100DAA4B6 /* SocialAuthViewModel.swift in Sources */,
				536AEBF62540BBDB009EA107 /* WineTypeMenuButton.swift in Sources */,
				5398F521252A6EAC00BF61C0 /* MyCellarView.swift in Sources */,
				530A987126F7B2B7008CE2C5 /* EditProfileFormView.swift in Sources */,
				532DB3C92569C2EF009A4740 /* MyAccountView.swift in Sources */,
				533F1035259FE2F300DAA4B6 /* EmailSignUpView.swift in Sources */,
				53A69842261A1DE4004BCE43 /* MoWineApp.swift in Sources */,
				53993DFF25DC49DB0007DFCB /* AddWineViewModel.swift in Sources */,
				53FFECA9256F0D3100321944 /* EditProfileView.swift in Sources */,
				5362FF472704BF100079677B /* NewWineModel.swift in Sources */,
				53DD1E22257DBADC008C1DA7 /* EmailReauthViewModel.swift in Sources */,
				533D8B882533B85000CE297E /* RatingView.swift in Sources */,
				5330C20A25E5B39F0063E7C4 /* UserPhotoView.swift in Sources */,
				53FAED0425EAF9C30099B2E1 /* UserProfileHeaderView.swift in Sources */,
				532DB3D3256AC763009A4740 /* PreviewDataFactories.swift in Sources */,
				536E85A4204F507D004D5426 /* FakeSession.swift in Sources */,
				53AC404A25D738B90041AED9 /* SnapPhotoView.swift in Sources */,
				539E166C27233D16001A2CC3 /* CrashReporter.swift in Sources */,
				53D3B44525A0FB7F00F15974 /* EmailSignUpViewModel.swift in Sources */,
				53C91F5125740E6F0065E778 /* FacebookLoginButton.swift in Sources */,
				5345BABE257C286F00AD68D3 /* ImagePicker.swift in Sources */,
				535EE9D3272756F10011ECC1 /* MyCellar.swift in Sources */,
				53AC403E25D71DB20041AED9 /* AddWineView.swift in Sources */,
				536E3AC6258EA4EF00D84F10 /* AppleLoginButton.swift in Sources */,
				53DD1E1E257D84FF008C1DA7 /* FancyFieldViewModifier.swift in Sources */,
				532DB3CD2569C3B6009A4740 /* MyAccountViewModel.swift in Sources */,
				53F4C76A27161B5F00CCBA7F /* PreviewData.swift in Sources */,
				535DE8CF25BCACB900C6CB7B /* SplashScreen.swift in Sources */,
				5355BC6226ECF79500F0F824 /* UI Testing Helpers.swift in Sources */,
				535CC81925F0453400D49D57 /* TopWinesViewModel.swift in Sources */,
				5369B7A72575E092003DD672 /* LoadingView.swift in Sources */,
				534F3405259E3C2D00C03E47 /* AnonymousUserView.swift in Sources */,
				5306CC662607A1800061C413 /* WineCellarView.swift in Sources */,
				53AC404225D71DBE0041AED9 /* SelectTypeView.swift in Sources */,
				535DE8CB25BCAB7700C6CB7B /* PreviewEnvironment.swift in Sources */,
				538E1047253BB47700B26619 /* WineThumbnail.swift in Sources */,
				5352405425CF5E5F002CB2A5 /* WineImageView.swift in Sources */,
				53C91F5F257414150065E778 /* SocialLoginProviderView.swift in Sources */,
				53047E2325DC080B005CC14D /* AddWineHeaderView.swift in Sources */,
				53D4F21F25EEED68007A15F9 /* SearchUsersViewModel.swift in Sources */,
				5394BB24272DBD2800B61F00 /* MyFriends.swift in Sources */,
				53047E2925DC0904005CC14D /* RedoButton.swift in Sources */,
				53AC404625D737800041AED9 /* SelectVarietyView.swift in Sources */,
				53FAED0825EAFBF00099B2E1 /* FriendButton.swift in Sources */,
				53D3B44B25A2304D00F15974 /* SignInHeaderView.swift in Sources */,
				53FFECB3256F0E9D00321944 /* FancyTextField.swift in Sources */,
				53E2FA5325DECFB900658637 /* FriendListItemView.swift in Sources */,
				535CC81125F0404B00D49D57 /* UserProfileHeaderViewModel.swift in Sources */,
				530A987326F7B308008CE2C5 /* ProfilePictureOverlayView.swift in Sources */,
			);
			runOnlyForDeploymentPostprocessing = 0;
		};
		53F5AC031E2176090067AB62 /* Sources */ = {
			isa = PBXSourcesBuildPhase;
			buildActionMask = 2147483647;
			files = (
			);
			runOnlyForDeploymentPostprocessing = 0;
		};
		53F5AC0E1E2176090067AB62 /* Sources */ = {
			isa = PBXSourcesBuildPhase;
			buildActionMask = 2147483647;
			files = (
				53B0FF4026A99ED000D784A4 /* EmailSignUpTests.swift in Sources */,
				535D84B6271DDDD3002FD679 /* MyWineListItem.swift in Sources */,
				53F5AC171E2176090067AB62 /* AddWineTests.swift in Sources */,
				5355BC5926ECEDE700F0F824 /* EditWineTests.swift in Sources */,
				535D84AB271DD053002FD679 /* SelectWineTypePage.swift in Sources */,
				535308972726E99D00B4E72C /* UserProfilePage.swift in Sources */,
				53DCF48C26A9A7DD00160391 /* SignUpPage.swift in Sources */,
				535D84B2271DDA8E002FD679 /* RatingLabel.swift in Sources */,
				53B0FF4326A9A16D00D784A4 /* MyAccountPage.swift in Sources */,
				53A00DB92724AE40006A438C /* UserSearchResultsPage.swift in Sources */,
				5355BC5B26ECEF5900F0F824 /* MyCellarPage.swift in Sources */,
				535D84B4271DDA94002FD679 /* RatingPicker.swift in Sources */,
				53A00DB72724AD9F006A438C /* FriendsPage.swift in Sources */,
				535D84AF271DD6BE002FD679 /* SnapPhotoPage.swift in Sources */,
				53DCF49026A9C03F00160391 /* LogInPage.swift in Sources */,
				535D84AD271DD64F002FD679 /* FinalizeWinePage.swift in Sources */,
				5355BC6426ECF94700F0F824 /* Extensions.swift in Sources */,
				53DCF48E26A9AD6500160391 /* TabBar.swift in Sources */,
				5355BC5D26ECF16D00F0F824 /* MyCellarWineListPage.swift in Sources */,
				535D84A8271DCBF6002FD679 /* Helpers.swift in Sources */,
				5355BC5F26ECF22400F0F824 /* EditWinePage.swift in Sources */,
				53B0FF4526A9A27200D784A4 /* AnonymousUserPage.swift in Sources */,
				53A00DB42724A5B0006A438C /* AddRemoveFriendsTests.swift in Sources */,
			);
			runOnlyForDeploymentPostprocessing = 0;
		};
/* End PBXSourcesBuildPhase section */

/* Begin PBXTargetDependency section */
		53F5AC091E2176090067AB62 /* PBXTargetDependency */ = {
			isa = PBXTargetDependency;
			target = 53F5ABEF1E2176080067AB62 /* mowine */;
			targetProxy = 53F5AC081E2176090067AB62 /* PBXContainerItemProxy */;
		};
		53F5AC141E2176090067AB62 /* PBXTargetDependency */ = {
			isa = PBXTargetDependency;
			target = 53F5ABEF1E2176080067AB62 /* mowine */;
			targetProxy = 53F5AC131E2176090067AB62 /* PBXContainerItemProxy */;
		};
/* End PBXTargetDependency section */

/* Begin PBXVariantGroup section */
		53F5ABF71E2176080067AB62 /* Main.storyboard */ = {
			isa = PBXVariantGroup;
			children = (
				53F5ABF81E2176080067AB62 /* Base */,
			);
			name = Main.storyboard;
			sourceTree = "<group>";
		};
		53F5ABFF1E2176080067AB62 /* LaunchScreen.storyboard */ = {
			isa = PBXVariantGroup;
			children = (
				53F5AC001E2176080067AB62 /* Base */,
			);
			name = LaunchScreen.storyboard;
			sourceTree = "<group>";
		};
/* End PBXVariantGroup section */

/* Begin XCBuildConfiguration section */
		53F5AC191E2176090067AB62 /* Debug */ = {
			isa = XCBuildConfiguration;
			buildSettings = {
				ALWAYS_SEARCH_USER_PATHS = NO;
				CLANG_ANALYZER_LOCALIZABILITY_NONLOCALIZED = YES;
				CLANG_ANALYZER_NONNULL = YES;
				CLANG_CXX_LANGUAGE_STANDARD = "gnu++0x";
				CLANG_CXX_LIBRARY = "libc++";
				CLANG_ENABLE_MODULES = YES;
				CLANG_ENABLE_OBJC_ARC = YES;
				CLANG_WARN_BLOCK_CAPTURE_AUTORELEASING = YES;
				CLANG_WARN_BOOL_CONVERSION = YES;
				CLANG_WARN_COMMA = YES;
				CLANG_WARN_CONSTANT_CONVERSION = YES;
				CLANG_WARN_DEPRECATED_OBJC_IMPLEMENTATIONS = YES;
				CLANG_WARN_DIRECT_OBJC_ISA_USAGE = YES_ERROR;
				CLANG_WARN_DOCUMENTATION_COMMENTS = YES;
				CLANG_WARN_EMPTY_BODY = YES;
				CLANG_WARN_ENUM_CONVERSION = YES;
				CLANG_WARN_INFINITE_RECURSION = YES;
				CLANG_WARN_INT_CONVERSION = YES;
				CLANG_WARN_NON_LITERAL_NULL_CONVERSION = YES;
				CLANG_WARN_OBJC_IMPLICIT_RETAIN_SELF = YES;
				CLANG_WARN_OBJC_LITERAL_CONVERSION = YES;
				CLANG_WARN_OBJC_ROOT_CLASS = YES_ERROR;
				CLANG_WARN_QUOTED_INCLUDE_IN_FRAMEWORK_HEADER = YES;
				CLANG_WARN_RANGE_LOOP_ANALYSIS = YES;
				CLANG_WARN_STRICT_PROTOTYPES = YES;
				CLANG_WARN_SUSPICIOUS_MOVE = YES;
				CLANG_WARN_UNREACHABLE_CODE = YES;
				CLANG_WARN__DUPLICATE_METHOD_MATCH = YES;
				"CODE_SIGN_IDENTITY[sdk=iphoneos*]" = "iPhone Developer";
				COPY_PHASE_STRIP = NO;
				ENABLE_STRICT_OBJC_MSGSEND = YES;
				ENABLE_TESTABILITY = YES;
				FRAMEWORK_SEARCH_PATHS = "$(SRCROOT)/**";
				GCC_C_LANGUAGE_STANDARD = gnu99;
				GCC_DYNAMIC_NO_PIC = NO;
				GCC_NO_COMMON_BLOCKS = YES;
				GCC_OPTIMIZATION_LEVEL = 0;
				GCC_PREPROCESSOR_DEFINITIONS = (
					"DEBUG=1",
					"$(inherited)",
				);
				GCC_WARN_64_TO_32_BIT_CONVERSION = YES;
				GCC_WARN_ABOUT_RETURN_TYPE = YES_ERROR;
				GCC_WARN_UNDECLARED_SELECTOR = YES;
				GCC_WARN_UNINITIALIZED_AUTOS = YES_AGGRESSIVE;
				GCC_WARN_UNUSED_FUNCTION = YES;
				GCC_WARN_UNUSED_VARIABLE = YES;
				IPHONEOS_DEPLOYMENT_TARGET = 15.0;
				MTL_ENABLE_DEBUG_INFO = YES;
				ONLY_ACTIVE_ARCH = YES;
				SDKROOT = iphoneos;
				SWIFT_ACTIVE_COMPILATION_CONDITIONS = DEBUG;
				SWIFT_OPTIMIZATION_LEVEL = "-Onone";
				TARGETED_DEVICE_FAMILY = "1,2";
			};
			name = Debug;
		};
		53F5AC1A1E2176090067AB62 /* Release */ = {
			isa = XCBuildConfiguration;
			buildSettings = {
				ALWAYS_SEARCH_USER_PATHS = NO;
				CLANG_ANALYZER_LOCALIZABILITY_NONLOCALIZED = YES;
				CLANG_ANALYZER_NONNULL = YES;
				CLANG_CXX_LANGUAGE_STANDARD = "gnu++0x";
				CLANG_CXX_LIBRARY = "libc++";
				CLANG_ENABLE_MODULES = YES;
				CLANG_ENABLE_OBJC_ARC = YES;
				CLANG_WARN_BLOCK_CAPTURE_AUTORELEASING = YES;
				CLANG_WARN_BOOL_CONVERSION = YES;
				CLANG_WARN_COMMA = YES;
				CLANG_WARN_CONSTANT_CONVERSION = YES;
				CLANG_WARN_DEPRECATED_OBJC_IMPLEMENTATIONS = YES;
				CLANG_WARN_DIRECT_OBJC_ISA_USAGE = YES_ERROR;
				CLANG_WARN_DOCUMENTATION_COMMENTS = YES;
				CLANG_WARN_EMPTY_BODY = YES;
				CLANG_WARN_ENUM_CONVERSION = YES;
				CLANG_WARN_INFINITE_RECURSION = YES;
				CLANG_WARN_INT_CONVERSION = YES;
				CLANG_WARN_NON_LITERAL_NULL_CONVERSION = YES;
				CLANG_WARN_OBJC_IMPLICIT_RETAIN_SELF = YES;
				CLANG_WARN_OBJC_LITERAL_CONVERSION = YES;
				CLANG_WARN_OBJC_ROOT_CLASS = YES_ERROR;
				CLANG_WARN_QUOTED_INCLUDE_IN_FRAMEWORK_HEADER = YES;
				CLANG_WARN_RANGE_LOOP_ANALYSIS = YES;
				CLANG_WARN_STRICT_PROTOTYPES = YES;
				CLANG_WARN_SUSPICIOUS_MOVE = YES;
				CLANG_WARN_UNREACHABLE_CODE = YES;
				CLANG_WARN__DUPLICATE_METHOD_MATCH = YES;
				"CODE_SIGN_IDENTITY[sdk=iphoneos*]" = "iPhone Developer";
				COPY_PHASE_STRIP = NO;
				ENABLE_NS_ASSERTIONS = NO;
				ENABLE_STRICT_OBJC_MSGSEND = YES;
				FRAMEWORK_SEARCH_PATHS = "$(SRCROOT)/**";
				GCC_C_LANGUAGE_STANDARD = gnu99;
				GCC_NO_COMMON_BLOCKS = YES;
				GCC_WARN_64_TO_32_BIT_CONVERSION = YES;
				GCC_WARN_ABOUT_RETURN_TYPE = YES_ERROR;
				GCC_WARN_UNDECLARED_SELECTOR = YES;
				GCC_WARN_UNINITIALIZED_AUTOS = YES_AGGRESSIVE;
				GCC_WARN_UNUSED_FUNCTION = YES;
				GCC_WARN_UNUSED_VARIABLE = YES;
				IPHONEOS_DEPLOYMENT_TARGET = 15.0;
				MTL_ENABLE_DEBUG_INFO = NO;
				SDKROOT = iphoneos;
				SWIFT_COMPILATION_MODE = wholemodule;
				SWIFT_OPTIMIZATION_LEVEL = "-O";
				TARGETED_DEVICE_FAMILY = "1,2";
				VALIDATE_PRODUCT = YES;
			};
			name = Release;
		};
		53F5AC1C1E2176090067AB62 /* Debug */ = {
			isa = XCBuildConfiguration;
			buildSettings = {
				ASSETCATALOG_COMPILER_APPICON_NAME = AppIcon;
				CODE_SIGN_ENTITLEMENTS = mowine/mowine.entitlements;
				CURRENT_PROJECT_VERSION = 22;
				DEVELOPMENT_ASSET_PATHS = "mowine/Preview\\ Content/Preview\\ Assets.xcassets";
				DEVELOPMENT_TEAM = Q96RZM5NAK;
				ENABLE_PREVIEWS = YES;
				FRAMEWORK_SEARCH_PATHS = "$(inherited)";
				INFOPLIST_FILE = mowine/Info.plist;
				IPHONEOS_DEPLOYMENT_TARGET = 15.0;
				LD_RUNPATH_SEARCH_PATHS = (
					"$(inherited)",
					"@executable_path/Frameworks",
				);
				PRODUCT_BUNDLE_IDENTIFIER = com.joshfreed.mowine;
				PRODUCT_NAME = "$(TARGET_NAME)";
				SWIFT_VERSION = 5.0;
			};
			name = Debug;
		};
		53F5AC1D1E2176090067AB62 /* Release */ = {
			isa = XCBuildConfiguration;
			buildSettings = {
				ASSETCATALOG_COMPILER_APPICON_NAME = AppIcon;
				CODE_SIGN_ENTITLEMENTS = mowine/mowine.entitlements;
				CURRENT_PROJECT_VERSION = 22;
				DEVELOPMENT_ASSET_PATHS = "mowine/Preview\\ Content/Preview\\ Assets.xcassets";
				DEVELOPMENT_TEAM = Q96RZM5NAK;
				ENABLE_PREVIEWS = YES;
				FRAMEWORK_SEARCH_PATHS = "$(inherited)";
				INFOPLIST_FILE = mowine/Info.plist;
				IPHONEOS_DEPLOYMENT_TARGET = 15.0;
				LD_RUNPATH_SEARCH_PATHS = (
					"$(inherited)",
					"@executable_path/Frameworks",
				);
				PRODUCT_BUNDLE_IDENTIFIER = com.joshfreed.mowine;
				PRODUCT_NAME = "$(TARGET_NAME)";
				SWIFT_VERSION = 5.0;
			};
			name = Release;
		};
		53F5AC1F1E2176090067AB62 /* Debug */ = {
			isa = XCBuildConfiguration;
			buildSettings = {
				BUNDLE_LOADER = "$(TEST_HOST)";
				DEVELOPMENT_TEAM = Q96RZM5NAK;
				INFOPLIST_FILE = mowineTests/Info.plist;
				LD_RUNPATH_SEARCH_PATHS = (
					"$(inherited)",
					"@executable_path/Frameworks",
					"@loader_path/Frameworks",
				);
				PRODUCT_BUNDLE_IDENTIFIER = com.bleepsmazz.mowineTests;
				PRODUCT_NAME = "$(TARGET_NAME)";
				SWIFT_VERSION = 5.0;
				TEST_HOST = "$(BUILT_PRODUCTS_DIR)/mowine.app/mowine";
			};
			name = Debug;
		};
		53F5AC201E2176090067AB62 /* Release */ = {
			isa = XCBuildConfiguration;
			buildSettings = {
				BUNDLE_LOADER = "$(TEST_HOST)";
				DEVELOPMENT_TEAM = Q96RZM5NAK;
				INFOPLIST_FILE = mowineTests/Info.plist;
				LD_RUNPATH_SEARCH_PATHS = (
					"$(inherited)",
					"@executable_path/Frameworks",
					"@loader_path/Frameworks",
				);
				PRODUCT_BUNDLE_IDENTIFIER = com.bleepsmazz.mowineTests;
				PRODUCT_NAME = "$(TARGET_NAME)";
				SWIFT_VERSION = 5.0;
				TEST_HOST = "$(BUILT_PRODUCTS_DIR)/mowine.app/mowine";
			};
			name = Release;
		};
		53F5AC221E2176090067AB62 /* Debug */ = {
			isa = XCBuildConfiguration;
			buildSettings = {
				DEVELOPMENT_TEAM = Q96RZM5NAK;
				INFOPLIST_FILE = mowineUITests/Info.plist;
				LD_RUNPATH_SEARCH_PATHS = (
					"$(inherited)",
					"@executable_path/Frameworks",
					"@loader_path/Frameworks",
				);
				PRODUCT_BUNDLE_IDENTIFIER = com.bleepsmazz.mowineUITests;
				PRODUCT_NAME = "$(TARGET_NAME)";
				SWIFT_VERSION = 5.0;
				TEST_TARGET_NAME = mowine;
			};
			name = Debug;
		};
		53F5AC231E2176090067AB62 /* Release */ = {
			isa = XCBuildConfiguration;
			buildSettings = {
				DEVELOPMENT_TEAM = Q96RZM5NAK;
				INFOPLIST_FILE = mowineUITests/Info.plist;
				LD_RUNPATH_SEARCH_PATHS = (
					"$(inherited)",
					"@executable_path/Frameworks",
					"@loader_path/Frameworks",
				);
				PRODUCT_BUNDLE_IDENTIFIER = com.bleepsmazz.mowineUITests;
				PRODUCT_NAME = "$(TARGET_NAME)";
				SWIFT_VERSION = 5.0;
				TEST_TARGET_NAME = mowine;
			};
			name = Release;
		};
/* End XCBuildConfiguration section */

/* Begin XCConfigurationList section */
		53F5ABEB1E2176080067AB62 /* Build configuration list for PBXProject "mowine" */ = {
			isa = XCConfigurationList;
			buildConfigurations = (
				53F5AC191E2176090067AB62 /* Debug */,
				53F5AC1A1E2176090067AB62 /* Release */,
			);
			defaultConfigurationIsVisible = 0;
			defaultConfigurationName = Release;
		};
		53F5AC1B1E2176090067AB62 /* Build configuration list for PBXNativeTarget "mowine" */ = {
			isa = XCConfigurationList;
			buildConfigurations = (
				53F5AC1C1E2176090067AB62 /* Debug */,
				53F5AC1D1E2176090067AB62 /* Release */,
			);
			defaultConfigurationIsVisible = 0;
			defaultConfigurationName = Release;
		};
		53F5AC1E1E2176090067AB62 /* Build configuration list for PBXNativeTarget "mowineTests" */ = {
			isa = XCConfigurationList;
			buildConfigurations = (
				53F5AC1F1E2176090067AB62 /* Debug */,
				53F5AC201E2176090067AB62 /* Release */,
			);
			defaultConfigurationIsVisible = 0;
			defaultConfigurationName = Release;
		};
		53F5AC211E2176090067AB62 /* Build configuration list for PBXNativeTarget "mowineUITests" */ = {
			isa = XCConfigurationList;
			buildConfigurations = (
				53F5AC221E2176090067AB62 /* Debug */,
				53F5AC231E2176090067AB62 /* Release */,
			);
			defaultConfigurationIsVisible = 0;
			defaultConfigurationName = Release;
		};
/* End XCConfigurationList section */

/* Begin XCSwiftPackageProductDependency section */
		5332B68B271F548900FBF135 /* MoWine.Domain */ = {
			isa = XCSwiftPackageProductDependency;
			productName = MoWine.Domain;
		};
		5383C7062721F413000E625F /* JFLib.DI */ = {
			isa = XCSwiftPackageProductDependency;
			productName = JFLib.DI;
		};
		53ADDF772720BE4F00945B2D /* MoWine.Application */ = {
			isa = XCSwiftPackageProductDependency;
			productName = MoWine.Application;
		};
		53FABEDE2720C99700C3C838 /* MoWine.Infrastructure */ = {
			isa = XCSwiftPackageProductDependency;
			productName = MoWine.Infrastructure;
		};
/* End XCSwiftPackageProductDependency section */
	};
	rootObject = 53F5ABE81E2176080067AB62 /* Project object */;
}
