// !$*UTF8*$!
{
	archiveVersion = 1;
	classes = {
	};
	objectVersion = 46;
	objects = {

/* Begin PBXBuildFile section */
		5320BF371E42B0BB00F2405E /* PhotoCell.xib in Resources */ = {isa = PBXBuildFile; fileRef = 5320BF361E42B0BB00F2405E /* PhotoCell.xib */; };
		5320BF391E436FF200F2405E /* PhotoRow.swift in Sources */ = {isa = PBXBuildFile; fileRef = 5320BF381E436FF200F2405E /* PhotoRow.swift */; };
		5321FB951F0BEE27001D2040 /* SelectTypeInteractor.swift in Sources */ = {isa = PBXBuildFile; fileRef = 5321FB8F1F0BEE27001D2040 /* SelectTypeInteractor.swift */; };
		5321FB961F0BEE27001D2040 /* SelectTypeModels.swift in Sources */ = {isa = PBXBuildFile; fileRef = 5321FB901F0BEE27001D2040 /* SelectTypeModels.swift */; };
		5321FB971F0BEE27001D2040 /* SelectTypePresenter.swift in Sources */ = {isa = PBXBuildFile; fileRef = 5321FB911F0BEE27001D2040 /* SelectTypePresenter.swift */; };
		5321FB981F0BEE27001D2040 /* SelectTypeRouter.swift in Sources */ = {isa = PBXBuildFile; fileRef = 5321FB921F0BEE27001D2040 /* SelectTypeRouter.swift */; };
		5321FB991F0BEE27001D2040 /* SelectTypeViewController.swift in Sources */ = {isa = PBXBuildFile; fileRef = 5321FB931F0BEE27001D2040 /* SelectTypeViewController.swift */; };
		5321FB9A1F0BEE27001D2040 /* SelectTypeWorker.swift in Sources */ = {isa = PBXBuildFile; fileRef = 5321FB941F0BEE27001D2040 /* SelectTypeWorker.swift */; };
		5321FBA21F0BF594001D2040 /* SelectVarietyInteractor.swift in Sources */ = {isa = PBXBuildFile; fileRef = 5321FB9C1F0BF594001D2040 /* SelectVarietyInteractor.swift */; };
		5321FBA31F0BF594001D2040 /* SelectVarietyModels.swift in Sources */ = {isa = PBXBuildFile; fileRef = 5321FB9D1F0BF594001D2040 /* SelectVarietyModels.swift */; };
		5321FBA41F0BF594001D2040 /* SelectVarietyPresenter.swift in Sources */ = {isa = PBXBuildFile; fileRef = 5321FB9E1F0BF594001D2040 /* SelectVarietyPresenter.swift */; };
		5321FBA51F0BF594001D2040 /* SelectVarietyRouter.swift in Sources */ = {isa = PBXBuildFile; fileRef = 5321FB9F1F0BF594001D2040 /* SelectVarietyRouter.swift */; };
		5321FBA61F0BF594001D2040 /* SelectVarietyViewController.swift in Sources */ = {isa = PBXBuildFile; fileRef = 5321FBA01F0BF594001D2040 /* SelectVarietyViewController.swift */; };
		5321FBA71F0BF594001D2040 /* SelectVarietyWorker.swift in Sources */ = {isa = PBXBuildFile; fileRef = 5321FBA11F0BF594001D2040 /* SelectVarietyWorker.swift */; };
		5321FBA91F0BFA09001D2040 /* VarietyCollectionViewCell.swift in Sources */ = {isa = PBXBuildFile; fileRef = 5321FBA81F0BFA09001D2040 /* VarietyCollectionViewCell.swift */; };
		5357935F1E21A1EB00FDD56A /* MyWinesConfigurator.swift in Sources */ = {isa = PBXBuildFile; fileRef = 535793581E21A1EB00FDD56A /* MyWinesConfigurator.swift */; };
		535793601E21A1EB00FDD56A /* MyWinesInteractor.swift in Sources */ = {isa = PBXBuildFile; fileRef = 535793591E21A1EB00FDD56A /* MyWinesInteractor.swift */; };
		535793611E21A1EB00FDD56A /* MyWinesModels.swift in Sources */ = {isa = PBXBuildFile; fileRef = 5357935A1E21A1EB00FDD56A /* MyWinesModels.swift */; };
		535793621E21A1EB00FDD56A /* MyWinesPresenter.swift in Sources */ = {isa = PBXBuildFile; fileRef = 5357935B1E21A1EB00FDD56A /* MyWinesPresenter.swift */; };
		535793631E21A1EB00FDD56A /* MyWinesRouter.swift in Sources */ = {isa = PBXBuildFile; fileRef = 5357935C1E21A1EB00FDD56A /* MyWinesRouter.swift */; };
		535793641E21A1EB00FDD56A /* MyWinesViewController.swift in Sources */ = {isa = PBXBuildFile; fileRef = 5357935D1E21A1EB00FDD56A /* MyWinesViewController.swift */; };
		535793651E21A1EB00FDD56A /* MyWinesWorker.swift in Sources */ = {isa = PBXBuildFile; fileRef = 5357935E1E21A1EB00FDD56A /* MyWinesWorker.swift */; };
		537614C81E591887005AABF0 /* EditWineConfigurator.swift in Sources */ = {isa = PBXBuildFile; fileRef = 537614C11E591887005AABF0 /* EditWineConfigurator.swift */; };
		537614C91E591887005AABF0 /* EditWineInteractor.swift in Sources */ = {isa = PBXBuildFile; fileRef = 537614C21E591887005AABF0 /* EditWineInteractor.swift */; };
		537614CA1E591887005AABF0 /* EditWineModels.swift in Sources */ = {isa = PBXBuildFile; fileRef = 537614C31E591887005AABF0 /* EditWineModels.swift */; };
		537614CB1E591887005AABF0 /* EditWinePresenter.swift in Sources */ = {isa = PBXBuildFile; fileRef = 537614C41E591887005AABF0 /* EditWinePresenter.swift */; };
		537614CC1E591887005AABF0 /* EditWineRouter.swift in Sources */ = {isa = PBXBuildFile; fileRef = 537614C51E591887005AABF0 /* EditWineRouter.swift */; };
		537614CD1E591887005AABF0 /* EditWineViewController.swift in Sources */ = {isa = PBXBuildFile; fileRef = 537614C61E591887005AABF0 /* EditWineViewController.swift */; };
		537614CE1E591887005AABF0 /* EditWineWorker.swift in Sources */ = {isa = PBXBuildFile; fileRef = 537614C71E591887005AABF0 /* EditWineWorker.swift */; };
		537614D11E591FA5005AABF0 /* WineForm.swift in Sources */ = {isa = PBXBuildFile; fileRef = 537614D01E591FA5005AABF0 /* WineForm.swift */; };
		537740A41E5BC73600A1D282 /* Models.swift in Sources */ = {isa = PBXBuildFile; fileRef = 537740A31E5BC73600A1D282 /* Models.swift */; };
		537740A61E5BD11C00A1D282 /* UIViewController.swift in Sources */ = {isa = PBXBuildFile; fileRef = 537740A51E5BD11C00A1D282 /* UIViewController.swift */; };
		537740A81E5BD35E00A1D282 /* VarietyTranslator.swift in Sources */ = {isa = PBXBuildFile; fileRef = 537740A71E5BD35E00A1D282 /* VarietyTranslator.swift */; };
		537740AA1E5BD58A00A1D282 /* WineImageWorker.swift in Sources */ = {isa = PBXBuildFile; fileRef = 537740A91E5BD58A00A1D282 /* WineImageWorker.swift */; };
		538995B01EE475EF00CF1330 /* EditWineInteractorTests.swift in Sources */ = {isa = PBXBuildFile; fileRef = 538995AC1EE475EF00CF1330 /* EditWineInteractorTests.swift */; };
		538995B11EE475EF00CF1330 /* EditWinePresenterTests.swift in Sources */ = {isa = PBXBuildFile; fileRef = 538995AD1EE475EF00CF1330 /* EditWinePresenterTests.swift */; };
		538995B21EE475EF00CF1330 /* EditWineViewControllerTests.swift in Sources */ = {isa = PBXBuildFile; fileRef = 538995AE1EE475EF00CF1330 /* EditWineViewControllerTests.swift */; };
		538995B31EE475EF00CF1330 /* EditWineWorkerTests.swift in Sources */ = {isa = PBXBuildFile; fileRef = 538995AF1EE475EF00CF1330 /* EditWineWorkerTests.swift */; };
		538995B51EE476A100CF1330 /* TestDoubles.swift in Sources */ = {isa = PBXBuildFile; fileRef = 538995B41EE476A100CF1330 /* TestDoubles.swift */; };
		538995B71EE4A42E00CF1330 /* CoreDataHelpers.swift in Sources */ = {isa = PBXBuildFile; fileRef = 538995B61EE4A42E00CF1330 /* CoreDataHelpers.swift */; };
		538F779F1E7DCC0D00C08263 /* SortAndFilterConfigurator.swift in Sources */ = {isa = PBXBuildFile; fileRef = 538F77981E7DCC0D00C08263 /* SortAndFilterConfigurator.swift */; };
		538F77A01E7DCC0D00C08263 /* SortAndFilterInteractor.swift in Sources */ = {isa = PBXBuildFile; fileRef = 538F77991E7DCC0D00C08263 /* SortAndFilterInteractor.swift */; };
		538F77A11E7DCC0D00C08263 /* SortAndFilterModels.swift in Sources */ = {isa = PBXBuildFile; fileRef = 538F779A1E7DCC0D00C08263 /* SortAndFilterModels.swift */; };
		538F77A21E7DCC0D00C08263 /* SortAndFilterPresenter.swift in Sources */ = {isa = PBXBuildFile; fileRef = 538F779B1E7DCC0D00C08263 /* SortAndFilterPresenter.swift */; };
		538F77A31E7DCC0D00C08263 /* SortAndFilterRouter.swift in Sources */ = {isa = PBXBuildFile; fileRef = 538F779C1E7DCC0D00C08263 /* SortAndFilterRouter.swift */; };
		538F77A41E7DCC0D00C08263 /* SortAndFilterViewController.swift in Sources */ = {isa = PBXBuildFile; fileRef = 538F779D1E7DCC0D00C08263 /* SortAndFilterViewController.swift */; };
		538F77A51E7DCC0D00C08263 /* SortAndFilterWorker.swift in Sources */ = {isa = PBXBuildFile; fileRef = 538F779E1E7DCC0D00C08263 /* SortAndFilterWorker.swift */; };
		539196961E6B612D001AE149 /* Notifications.swift in Sources */ = {isa = PBXBuildFile; fileRef = 539196951E6B612D001AE149 /* Notifications.swift */; };
		539196981E6B68EE001AE149 /* WineTypeWorker.swift in Sources */ = {isa = PBXBuildFile; fileRef = 539196971E6B68EE001AE149 /* WineTypeWorker.swift */; };
		539196A01E6B7A1D001AE149 /* Delay.swift in Sources */ = {isa = PBXBuildFile; fileRef = 5391969F1E6B7A1D001AE149 /* Delay.swift */; };
		53C88BF91F084FDB009B7D29 /* UIColor.swift in Sources */ = {isa = PBXBuildFile; fileRef = 53C88BF81F084FDB009B7D29 /* UIColor.swift */; };
		53C88BFC1F085D56009B7D29 /* ButtonPrimary.swift in Sources */ = {isa = PBXBuildFile; fileRef = 53C88BFB1F085D56009B7D29 /* ButtonPrimary.swift */; };
		53D8EDD01E4185B000696FAE /* RatingRow.swift in Sources */ = {isa = PBXBuildFile; fileRef = 53D8EDCF1E4185B000696FAE /* RatingRow.swift */; };
		53D8EDD21E41868E00696FAE /* RatingCell.xib in Resources */ = {isa = PBXBuildFile; fileRef = 53D8EDD11E41868E00696FAE /* RatingCell.xib */; };
		53D8EDD41E4186A300696FAE /* Podfile in Resources */ = {isa = PBXBuildFile; fileRef = 53D8EDD31E4186A300696FAE /* Podfile */; };
		53F5ABF41E2176080067AB62 /* AppDelegate.swift in Sources */ = {isa = PBXBuildFile; fileRef = 53F5ABF31E2176080067AB62 /* AppDelegate.swift */; };
		53F5ABF91E2176080067AB62 /* Main.storyboard in Resources */ = {isa = PBXBuildFile; fileRef = 53F5ABF71E2176080067AB62 /* Main.storyboard */; };
		53F5ABFC1E2176080067AB62 /* mowine.xcdatamodeld in Sources */ = {isa = PBXBuildFile; fileRef = 53F5ABFA1E2176080067AB62 /* mowine.xcdatamodeld */; };
		53F5ABFE1E2176080067AB62 /* Assets.xcassets in Resources */ = {isa = PBXBuildFile; fileRef = 53F5ABFD1E2176080067AB62 /* Assets.xcassets */; };
		53F5AC011E2176080067AB62 /* LaunchScreen.storyboard in Resources */ = {isa = PBXBuildFile; fileRef = 53F5ABFF1E2176080067AB62 /* LaunchScreen.storyboard */; };
		53F5AC0C1E2176090067AB62 /* mowineTests.swift in Sources */ = {isa = PBXBuildFile; fileRef = 53F5AC0B1E2176090067AB62 /* mowineTests.swift */; };
		53F5AC171E2176090067AB62 /* mowineUITests.swift in Sources */ = {isa = PBXBuildFile; fileRef = 53F5AC161E2176090067AB62 /* mowineUITests.swift */; };
		53F5AC271E2185830067AB62 /* UIImageView.swift in Sources */ = {isa = PBXBuildFile; fileRef = 53F5AC261E2185830067AB62 /* UIImageView.swift */; };
		53F5AC2A1E2185C00067AB62 /* MainMenuViewController.swift in Sources */ = {isa = PBXBuildFile; fileRef = 53F5AC291E2185C00067AB62 /* MainMenuViewController.swift */; };
		53FD50B21E4947CD00F474A6 /* WineTableViewCell.swift in Sources */ = {isa = PBXBuildFile; fileRef = 53FD50B01E4947CD00F474A6 /* WineTableViewCell.swift */; };
		53FD50B31E4947CD00F474A6 /* WineTableViewCell.xib in Resources */ = {isa = PBXBuildFile; fileRef = 53FD50B11E4947CD00F474A6 /* WineTableViewCell.xib */; };
		96978BDAF7F046BA9286928D /* Pods_mowineUITests.framework in Frameworks */ = {isa = PBXBuildFile; fileRef = 79EA782740BFA91CCEF1AC4D /* Pods_mowineUITests.framework */; };
		B500BD18172521E08D129103 /* Pods_mowine.framework in Frameworks */ = {isa = PBXBuildFile; fileRef = 6D0D2FACD3CCEEB7590312C1 /* Pods_mowine.framework */; };
		B6E58F72C6EBC87828F360B8 /* Pods_mowineTests.framework in Frameworks */ = {isa = PBXBuildFile; fileRef = 36539C48DA1F84502E2FD95D /* Pods_mowineTests.framework */; };
/* End PBXBuildFile section */

/* Begin PBXContainerItemProxy section */
		53F5AC081E2176090067AB62 /* PBXContainerItemProxy */ = {
			isa = PBXContainerItemProxy;
			containerPortal = 53F5ABE81E2176080067AB62 /* Project object */;
			proxyType = 1;
			remoteGlobalIDString = 53F5ABEF1E2176080067AB62;
			remoteInfo = mowine;
		};
		53F5AC131E2176090067AB62 /* PBXContainerItemProxy */ = {
			isa = PBXContainerItemProxy;
			containerPortal = 53F5ABE81E2176080067AB62 /* Project object */;
			proxyType = 1;
			remoteGlobalIDString = 53F5ABEF1E2176080067AB62;
			remoteInfo = mowine;
		};
/* End PBXContainerItemProxy section */

/* Begin PBXFileReference section */
		2D9F878AAEDCB250F4BF2D2E /* Pods-mowineUITests.release.xcconfig */ = {isa = PBXFileReference; includeInIndex = 1; lastKnownFileType = text.xcconfig; name = "Pods-mowineUITests.release.xcconfig"; path = "Pods/Target Support Files/Pods-mowineUITests/Pods-mowineUITests.release.xcconfig"; sourceTree = "<group>"; };
		2FA374DDFB53A0C1DAA61952 /* Pods-mowineTests.debug.xcconfig */ = {isa = PBXFileReference; includeInIndex = 1; lastKnownFileType = text.xcconfig; name = "Pods-mowineTests.debug.xcconfig"; path = "Pods/Target Support Files/Pods-mowineTests/Pods-mowineTests.debug.xcconfig"; sourceTree = "<group>"; };
		36539C48DA1F84502E2FD95D /* Pods_mowineTests.framework */ = {isa = PBXFileReference; explicitFileType = wrapper.framework; includeInIndex = 0; path = Pods_mowineTests.framework; sourceTree = BUILT_PRODUCTS_DIR; };
		4398BA28CCE6264B4FB742A1 /* Pods-mowine.release.xcconfig */ = {isa = PBXFileReference; includeInIndex = 1; lastKnownFileType = text.xcconfig; name = "Pods-mowine.release.xcconfig"; path = "Pods/Target Support Files/Pods-mowine/Pods-mowine.release.xcconfig"; sourceTree = "<group>"; };
		5320BF361E42B0BB00F2405E /* PhotoCell.xib */ = {isa = PBXFileReference; fileEncoding = 4; lastKnownFileType = file.xib; name = PhotoCell.xib; path = EurekaRows/PhotoCell.xib; sourceTree = "<group>"; };
		5320BF381E436FF200F2405E /* PhotoRow.swift */ = {isa = PBXFileReference; fileEncoding = 4; lastKnownFileType = sourcecode.swift; name = PhotoRow.swift; path = EurekaRows/PhotoRow.swift; sourceTree = "<group>"; };
		5321FB8F1F0BEE27001D2040 /* SelectTypeInteractor.swift */ = {isa = PBXFileReference; fileEncoding = 4; lastKnownFileType = sourcecode.swift; name = SelectTypeInteractor.swift; path = Scenes/AddWine/SelectType/SelectTypeInteractor.swift; sourceTree = "<group>"; };
		5321FB901F0BEE27001D2040 /* SelectTypeModels.swift */ = {isa = PBXFileReference; fileEncoding = 4; lastKnownFileType = sourcecode.swift; name = SelectTypeModels.swift; path = Scenes/AddWine/SelectType/SelectTypeModels.swift; sourceTree = "<group>"; };
		5321FB911F0BEE27001D2040 /* SelectTypePresenter.swift */ = {isa = PBXFileReference; fileEncoding = 4; lastKnownFileType = sourcecode.swift; name = SelectTypePresenter.swift; path = Scenes/AddWine/SelectType/SelectTypePresenter.swift; sourceTree = "<group>"; };
		5321FB921F0BEE27001D2040 /* SelectTypeRouter.swift */ = {isa = PBXFileReference; fileEncoding = 4; lastKnownFileType = sourcecode.swift; name = SelectTypeRouter.swift; path = Scenes/AddWine/SelectType/SelectTypeRouter.swift; sourceTree = "<group>"; };
		5321FB931F0BEE27001D2040 /* SelectTypeViewController.swift */ = {isa = PBXFileReference; fileEncoding = 4; lastKnownFileType = sourcecode.swift; name = SelectTypeViewController.swift; path = Scenes/AddWine/SelectType/SelectTypeViewController.swift; sourceTree = "<group>"; };
		5321FB941F0BEE27001D2040 /* SelectTypeWorker.swift */ = {isa = PBXFileReference; fileEncoding = 4; lastKnownFileType = sourcecode.swift; name = SelectTypeWorker.swift; path = Scenes/AddWine/SelectType/SelectTypeWorker.swift; sourceTree = "<group>"; };
		5321FB9C1F0BF594001D2040 /* SelectVarietyInteractor.swift */ = {isa = PBXFileReference; fileEncoding = 4; lastKnownFileType = sourcecode.swift; name = SelectVarietyInteractor.swift; path = Scenes/AddWine/SelectVariety/SelectVarietyInteractor.swift; sourceTree = "<group>"; };
		5321FB9D1F0BF594001D2040 /* SelectVarietyModels.swift */ = {isa = PBXFileReference; fileEncoding = 4; lastKnownFileType = sourcecode.swift; name = SelectVarietyModels.swift; path = Scenes/AddWine/SelectVariety/SelectVarietyModels.swift; sourceTree = "<group>"; };
		5321FB9E1F0BF594001D2040 /* SelectVarietyPresenter.swift */ = {isa = PBXFileReference; fileEncoding = 4; lastKnownFileType = sourcecode.swift; name = SelectVarietyPresenter.swift; path = Scenes/AddWine/SelectVariety/SelectVarietyPresenter.swift; sourceTree = "<group>"; };
		5321FB9F1F0BF594001D2040 /* SelectVarietyRouter.swift */ = {isa = PBXFileReference; fileEncoding = 4; lastKnownFileType = sourcecode.swift; name = SelectVarietyRouter.swift; path = Scenes/AddWine/SelectVariety/SelectVarietyRouter.swift; sourceTree = "<group>"; };
		5321FBA01F0BF594001D2040 /* SelectVarietyViewController.swift */ = {isa = PBXFileReference; fileEncoding = 4; lastKnownFileType = sourcecode.swift; name = SelectVarietyViewController.swift; path = Scenes/AddWine/SelectVariety/SelectVarietyViewController.swift; sourceTree = "<group>"; };
		5321FBA11F0BF594001D2040 /* SelectVarietyWorker.swift */ = {isa = PBXFileReference; fileEncoding = 4; lastKnownFileType = sourcecode.swift; name = SelectVarietyWorker.swift; path = Scenes/AddWine/SelectVariety/SelectVarietyWorker.swift; sourceTree = "<group>"; };
		5321FBA81F0BFA09001D2040 /* VarietyCollectionViewCell.swift */ = {isa = PBXFileReference; fileEncoding = 4; lastKnownFileType = sourcecode.swift; name = VarietyCollectionViewCell.swift; path = Scenes/AddWine/SelectVariety/VarietyCollectionViewCell.swift; sourceTree = "<group>"; };
		535793581E21A1EB00FDD56A /* MyWinesConfigurator.swift */ = {isa = PBXFileReference; fileEncoding = 4; lastKnownFileType = sourcecode.swift; name = MyWinesConfigurator.swift; path = Scenes/MyWines/MyWinesConfigurator.swift; sourceTree = "<group>"; };
		535793591E21A1EB00FDD56A /* MyWinesInteractor.swift */ = {isa = PBXFileReference; fileEncoding = 4; lastKnownFileType = sourcecode.swift; name = MyWinesInteractor.swift; path = Scenes/MyWines/MyWinesInteractor.swift; sourceTree = "<group>"; };
		5357935A1E21A1EB00FDD56A /* MyWinesModels.swift */ = {isa = PBXFileReference; fileEncoding = 4; lastKnownFileType = sourcecode.swift; name = MyWinesModels.swift; path = Scenes/MyWines/MyWinesModels.swift; sourceTree = "<group>"; };
		5357935B1E21A1EB00FDD56A /* MyWinesPresenter.swift */ = {isa = PBXFileReference; fileEncoding = 4; lastKnownFileType = sourcecode.swift; name = MyWinesPresenter.swift; path = Scenes/MyWines/MyWinesPresenter.swift; sourceTree = "<group>"; };
		5357935C1E21A1EB00FDD56A /* MyWinesRouter.swift */ = {isa = PBXFileReference; fileEncoding = 4; lastKnownFileType = sourcecode.swift; name = MyWinesRouter.swift; path = Scenes/MyWines/MyWinesRouter.swift; sourceTree = "<group>"; };
		5357935D1E21A1EB00FDD56A /* MyWinesViewController.swift */ = {isa = PBXFileReference; fileEncoding = 4; lastKnownFileType = sourcecode.swift; name = MyWinesViewController.swift; path = Scenes/MyWines/MyWinesViewController.swift; sourceTree = "<group>"; };
		5357935E1E21A1EB00FDD56A /* MyWinesWorker.swift */ = {isa = PBXFileReference; fileEncoding = 4; lastKnownFileType = sourcecode.swift; name = MyWinesWorker.swift; path = Scenes/MyWines/MyWinesWorker.swift; sourceTree = "<group>"; };
		537614C11E591887005AABF0 /* EditWineConfigurator.swift */ = {isa = PBXFileReference; fileEncoding = 4; lastKnownFileType = sourcecode.swift; name = EditWineConfigurator.swift; path = Scenes/EditWine/EditWineConfigurator.swift; sourceTree = "<group>"; };
		537614C21E591887005AABF0 /* EditWineInteractor.swift */ = {isa = PBXFileReference; fileEncoding = 4; lastKnownFileType = sourcecode.swift; name = EditWineInteractor.swift; path = Scenes/EditWine/EditWineInteractor.swift; sourceTree = "<group>"; };
		537614C31E591887005AABF0 /* EditWineModels.swift */ = {isa = PBXFileReference; fileEncoding = 4; lastKnownFileType = sourcecode.swift; name = EditWineModels.swift; path = Scenes/EditWine/EditWineModels.swift; sourceTree = "<group>"; };
		537614C41E591887005AABF0 /* EditWinePresenter.swift */ = {isa = PBXFileReference; fileEncoding = 4; lastKnownFileType = sourcecode.swift; name = EditWinePresenter.swift; path = Scenes/EditWine/EditWinePresenter.swift; sourceTree = "<group>"; };
		537614C51E591887005AABF0 /* EditWineRouter.swift */ = {isa = PBXFileReference; fileEncoding = 4; lastKnownFileType = sourcecode.swift; name = EditWineRouter.swift; path = Scenes/EditWine/EditWineRouter.swift; sourceTree = "<group>"; };
		537614C61E591887005AABF0 /* EditWineViewController.swift */ = {isa = PBXFileReference; fileEncoding = 4; lastKnownFileType = sourcecode.swift; name = EditWineViewController.swift; path = Scenes/EditWine/EditWineViewController.swift; sourceTree = "<group>"; };
		537614C71E591887005AABF0 /* EditWineWorker.swift */ = {isa = PBXFileReference; fileEncoding = 4; lastKnownFileType = sourcecode.swift; name = EditWineWorker.swift; path = Scenes/EditWine/EditWineWorker.swift; sourceTree = "<group>"; };
		537614D01E591FA5005AABF0 /* WineForm.swift */ = {isa = PBXFileReference; fileEncoding = 4; lastKnownFileType = sourcecode.swift; name = WineForm.swift; path = Shared/WineForm.swift; sourceTree = "<group>"; };
		537740A31E5BC73600A1D282 /* Models.swift */ = {isa = PBXFileReference; fileEncoding = 4; lastKnownFileType = sourcecode.swift; name = Models.swift; path = Shared/Models.swift; sourceTree = "<group>"; };
		537740A51E5BD11C00A1D282 /* UIViewController.swift */ = {isa = PBXFileReference; fileEncoding = 4; lastKnownFileType = sourcecode.swift; name = UIViewController.swift; path = Extensions/UIViewController.swift; sourceTree = "<group>"; };
		537740A71E5BD35E00A1D282 /* VarietyTranslator.swift */ = {isa = PBXFileReference; fileEncoding = 4; lastKnownFileType = sourcecode.swift; name = VarietyTranslator.swift; path = Shared/VarietyTranslator.swift; sourceTree = "<group>"; };
		537740A91E5BD58A00A1D282 /* WineImageWorker.swift */ = {isa = PBXFileReference; fileEncoding = 4; lastKnownFileType = sourcecode.swift; name = WineImageWorker.swift; path = Shared/WineImageWorker.swift; sourceTree = "<group>"; };
		538995AC1EE475EF00CF1330 /* EditWineInteractorTests.swift */ = {isa = PBXFileReference; fileEncoding = 4; lastKnownFileType = sourcecode.swift; name = EditWineInteractorTests.swift; path = Scenes/EditWine/EditWineInteractorTests.swift; sourceTree = "<group>"; };
		538995AD1EE475EF00CF1330 /* EditWinePresenterTests.swift */ = {isa = PBXFileReference; fileEncoding = 4; lastKnownFileType = sourcecode.swift; name = EditWinePresenterTests.swift; path = Scenes/EditWine/EditWinePresenterTests.swift; sourceTree = "<group>"; };
		538995AE1EE475EF00CF1330 /* EditWineViewControllerTests.swift */ = {isa = PBXFileReference; fileEncoding = 4; lastKnownFileType = sourcecode.swift; name = EditWineViewControllerTests.swift; path = Scenes/EditWine/EditWineViewControllerTests.swift; sourceTree = "<group>"; };
		538995AF1EE475EF00CF1330 /* EditWineWorkerTests.swift */ = {isa = PBXFileReference; fileEncoding = 4; lastKnownFileType = sourcecode.swift; name = EditWineWorkerTests.swift; path = Scenes/EditWine/EditWineWorkerTests.swift; sourceTree = "<group>"; };
		538995B41EE476A100CF1330 /* TestDoubles.swift */ = {isa = PBXFileReference; fileEncoding = 4; lastKnownFileType = sourcecode.swift; path = TestDoubles.swift; sourceTree = "<group>"; };
		538995B61EE4A42E00CF1330 /* CoreDataHelpers.swift */ = {isa = PBXFileReference; fileEncoding = 4; lastKnownFileType = sourcecode.swift; path = CoreDataHelpers.swift; sourceTree = "<group>"; };
		538F77981E7DCC0D00C08263 /* SortAndFilterConfigurator.swift */ = {isa = PBXFileReference; fileEncoding = 4; lastKnownFileType = sourcecode.swift; name = SortAndFilterConfigurator.swift; path = Scenes/SortAndFilter/SortAndFilterConfigurator.swift; sourceTree = "<group>"; };
		538F77991E7DCC0D00C08263 /* SortAndFilterInteractor.swift */ = {isa = PBXFileReference; fileEncoding = 4; lastKnownFileType = sourcecode.swift; name = SortAndFilterInteractor.swift; path = Scenes/SortAndFilter/SortAndFilterInteractor.swift; sourceTree = "<group>"; };
		538F779A1E7DCC0D00C08263 /* SortAndFilterModels.swift */ = {isa = PBXFileReference; fileEncoding = 4; lastKnownFileType = sourcecode.swift; name = SortAndFilterModels.swift; path = Scenes/SortAndFilter/SortAndFilterModels.swift; sourceTree = "<group>"; };
		538F779B1E7DCC0D00C08263 /* SortAndFilterPresenter.swift */ = {isa = PBXFileReference; fileEncoding = 4; lastKnownFileType = sourcecode.swift; name = SortAndFilterPresenter.swift; path = Scenes/SortAndFilter/SortAndFilterPresenter.swift; sourceTree = "<group>"; };
		538F779C1E7DCC0D00C08263 /* SortAndFilterRouter.swift */ = {isa = PBXFileReference; fileEncoding = 4; lastKnownFileType = sourcecode.swift; name = SortAndFilterRouter.swift; path = Scenes/SortAndFilter/SortAndFilterRouter.swift; sourceTree = "<group>"; };
		538F779D1E7DCC0D00C08263 /* SortAndFilterViewController.swift */ = {isa = PBXFileReference; fileEncoding = 4; lastKnownFileType = sourcecode.swift; name = SortAndFilterViewController.swift; path = Scenes/SortAndFilter/SortAndFilterViewController.swift; sourceTree = "<group>"; };
		538F779E1E7DCC0D00C08263 /* SortAndFilterWorker.swift */ = {isa = PBXFileReference; fileEncoding = 4; lastKnownFileType = sourcecode.swift; name = SortAndFilterWorker.swift; path = Scenes/SortAndFilter/SortAndFilterWorker.swift; sourceTree = "<group>"; };
		539196951E6B612D001AE149 /* Notifications.swift */ = {isa = PBXFileReference; fileEncoding = 4; lastKnownFileType = sourcecode.swift; name = Notifications.swift; path = Models/Notifications.swift; sourceTree = "<group>"; };
		539196971E6B68EE001AE149 /* WineTypeWorker.swift */ = {isa = PBXFileReference; fileEncoding = 4; lastKnownFileType = sourcecode.swift; name = WineTypeWorker.swift; path = Shared/WineTypeWorker.swift; sourceTree = "<group>"; };
		5391969F1E6B7A1D001AE149 /* Delay.swift */ = {isa = PBXFileReference; fileEncoding = 4; lastKnownFileType = sourcecode.swift; name = Delay.swift; path = Utilities/Delay.swift; sourceTree = "<group>"; };
		53C88BF81F084FDB009B7D29 /* UIColor.swift */ = {isa = PBXFileReference; fileEncoding = 4; lastKnownFileType = sourcecode.swift; name = UIColor.swift; path = Extensions/UIColor.swift; sourceTree = "<group>"; };
		53C88BFB1F085D56009B7D29 /* ButtonPrimary.swift */ = {isa = PBXFileReference; fileEncoding = 4; lastKnownFileType = sourcecode.swift; name = ButtonPrimary.swift; path = Views/ButtonPrimary.swift; sourceTree = "<group>"; };
		53D8EDCF1E4185B000696FAE /* RatingRow.swift */ = {isa = PBXFileReference; fileEncoding = 4; lastKnownFileType = sourcecode.swift; name = RatingRow.swift; path = EurekaRows/RatingRow.swift; sourceTree = "<group>"; };
		53D8EDD11E41868E00696FAE /* RatingCell.xib */ = {isa = PBXFileReference; fileEncoding = 4; lastKnownFileType = file.xib; name = RatingCell.xib; path = EurekaRows/RatingCell.xib; sourceTree = "<group>"; };
		53D8EDD31E4186A300696FAE /* Podfile */ = {isa = PBXFileReference; fileEncoding = 4; lastKnownFileType = text; path = Podfile; sourceTree = "<group>"; };
		53F5ABF01E2176080067AB62 /* mowine.app */ = {isa = PBXFileReference; explicitFileType = wrapper.application; includeInIndex = 0; path = mowine.app; sourceTree = BUILT_PRODUCTS_DIR; };
		53F5ABF31E2176080067AB62 /* AppDelegate.swift */ = {isa = PBXFileReference; lastKnownFileType = sourcecode.swift; path = AppDelegate.swift; sourceTree = "<group>"; };
		53F5ABF81E2176080067AB62 /* Base */ = {isa = PBXFileReference; lastKnownFileType = file.storyboard; name = Base; path = Base.lproj/Main.storyboard; sourceTree = "<group>"; };
		53F5ABFB1E2176080067AB62 /* mowine.xcdatamodel */ = {isa = PBXFileReference; lastKnownFileType = wrapper.xcdatamodel; path = mowine.xcdatamodel; sourceTree = "<group>"; };
		53F5ABFD1E2176080067AB62 /* Assets.xcassets */ = {isa = PBXFileReference; lastKnownFileType = folder.assetcatalog; path = Assets.xcassets; sourceTree = "<group>"; };
		53F5AC001E2176080067AB62 /* Base */ = {isa = PBXFileReference; lastKnownFileType = file.storyboard; name = Base; path = Base.lproj/LaunchScreen.storyboard; sourceTree = "<group>"; };
		53F5AC021E2176080067AB62 /* Info.plist */ = {isa = PBXFileReference; lastKnownFileType = text.plist.xml; path = Info.plist; sourceTree = "<group>"; };
		53F5AC071E2176090067AB62 /* mowineTests.xctest */ = {isa = PBXFileReference; explicitFileType = wrapper.cfbundle; includeInIndex = 0; path = mowineTests.xctest; sourceTree = BUILT_PRODUCTS_DIR; };
		53F5AC0B1E2176090067AB62 /* mowineTests.swift */ = {isa = PBXFileReference; lastKnownFileType = sourcecode.swift; path = mowineTests.swift; sourceTree = "<group>"; };
		53F5AC0D1E2176090067AB62 /* Info.plist */ = {isa = PBXFileReference; lastKnownFileType = text.plist.xml; path = Info.plist; sourceTree = "<group>"; };
		53F5AC121E2176090067AB62 /* mowineUITests.xctest */ = {isa = PBXFileReference; explicitFileType = wrapper.cfbundle; includeInIndex = 0; path = mowineUITests.xctest; sourceTree = BUILT_PRODUCTS_DIR; };
		53F5AC161E2176090067AB62 /* mowineUITests.swift */ = {isa = PBXFileReference; lastKnownFileType = sourcecode.swift; path = mowineUITests.swift; sourceTree = "<group>"; };
		53F5AC181E2176090067AB62 /* Info.plist */ = {isa = PBXFileReference; lastKnownFileType = text.plist.xml; path = Info.plist; sourceTree = "<group>"; };
		53F5AC261E2185830067AB62 /* UIImageView.swift */ = {isa = PBXFileReference; fileEncoding = 4; lastKnownFileType = sourcecode.swift; name = UIImageView.swift; path = Extensions/UIImageView.swift; sourceTree = "<group>"; };
		53F5AC291E2185C00067AB62 /* MainMenuViewController.swift */ = {isa = PBXFileReference; fileEncoding = 4; lastKnownFileType = sourcecode.swift; name = MainMenuViewController.swift; path = Scenes/MainMenu/MainMenuViewController.swift; sourceTree = "<group>"; };
		53FD50B01E4947CD00F474A6 /* WineTableViewCell.swift */ = {isa = PBXFileReference; fileEncoding = 4; lastKnownFileType = sourcecode.swift; name = WineTableViewCell.swift; path = Scenes/MyWines/WineTableViewCell.swift; sourceTree = "<group>"; };
		53FD50B11E4947CD00F474A6 /* WineTableViewCell.xib */ = {isa = PBXFileReference; fileEncoding = 4; lastKnownFileType = file.xib; name = WineTableViewCell.xib; path = Scenes/MyWines/WineTableViewCell.xib; sourceTree = "<group>"; };
		6D0D2FACD3CCEEB7590312C1 /* Pods_mowine.framework */ = {isa = PBXFileReference; explicitFileType = wrapper.framework; includeInIndex = 0; path = Pods_mowine.framework; sourceTree = BUILT_PRODUCTS_DIR; };
		79EA782740BFA91CCEF1AC4D /* Pods_mowineUITests.framework */ = {isa = PBXFileReference; explicitFileType = wrapper.framework; includeInIndex = 0; path = Pods_mowineUITests.framework; sourceTree = BUILT_PRODUCTS_DIR; };
		C229246CC7D6CF9239D2004A /* Pods-mowine.debug.xcconfig */ = {isa = PBXFileReference; includeInIndex = 1; lastKnownFileType = text.xcconfig; name = "Pods-mowine.debug.xcconfig"; path = "Pods/Target Support Files/Pods-mowine/Pods-mowine.debug.xcconfig"; sourceTree = "<group>"; };
		D16E81C6D3F0F303D341805A /* Pods-mowineUITests.debug.xcconfig */ = {isa = PBXFileReference; includeInIndex = 1; lastKnownFileType = text.xcconfig; name = "Pods-mowineUITests.debug.xcconfig"; path = "Pods/Target Support Files/Pods-mowineUITests/Pods-mowineUITests.debug.xcconfig"; sourceTree = "<group>"; };
		E71D4ABFC5D16C6D043FAD82 /* Pods-mowineTests.release.xcconfig */ = {isa = PBXFileReference; includeInIndex = 1; lastKnownFileType = text.xcconfig; name = "Pods-mowineTests.release.xcconfig"; path = "Pods/Target Support Files/Pods-mowineTests/Pods-mowineTests.release.xcconfig"; sourceTree = "<group>"; };
/* End PBXFileReference section */

/* Begin PBXFrameworksBuildPhase section */
		53F5ABED1E2176080067AB62 /* Frameworks */ = {
			isa = PBXFrameworksBuildPhase;
			buildActionMask = 2147483647;
			files = (
				B500BD18172521E08D129103 /* Pods_mowine.framework in Frameworks */,
			);
			runOnlyForDeploymentPostprocessing = 0;
		};
		53F5AC041E2176090067AB62 /* Frameworks */ = {
			isa = PBXFrameworksBuildPhase;
			buildActionMask = 2147483647;
			files = (
				B6E58F72C6EBC87828F360B8 /* Pods_mowineTests.framework in Frameworks */,
			);
			runOnlyForDeploymentPostprocessing = 0;
		};
		53F5AC0F1E2176090067AB62 /* Frameworks */ = {
			isa = PBXFrameworksBuildPhase;
			buildActionMask = 2147483647;
			files = (
				96978BDAF7F046BA9286928D /* Pods_mowineUITests.framework in Frameworks */,
			);
			runOnlyForDeploymentPostprocessing = 0;
		};
/* End PBXFrameworksBuildPhase section */

/* Begin PBXGroup section */
		5321FB661F0BE5D9001D2040 /* AddWine */ = {
			isa = PBXGroup;
			children = (
			);
			name = AddWine;
			sourceTree = "<group>";
		};
		5321FB8E1F0BEE09001D2040 /* SelectType */ = {
			isa = PBXGroup;
			children = (
				5321FB8F1F0BEE27001D2040 /* SelectTypeInteractor.swift */,
				5321FB901F0BEE27001D2040 /* SelectTypeModels.swift */,
				5321FB911F0BEE27001D2040 /* SelectTypePresenter.swift */,
				5321FB921F0BEE27001D2040 /* SelectTypeRouter.swift */,
				5321FB931F0BEE27001D2040 /* SelectTypeViewController.swift */,
				5321FB941F0BEE27001D2040 /* SelectTypeWorker.swift */,
			);
			name = SelectType;
			sourceTree = "<group>";
		};
		5321FB9B1F0BF2F2001D2040 /* SelectVariety */ = {
			isa = PBXGroup;
			children = (
				5321FB9C1F0BF594001D2040 /* SelectVarietyInteractor.swift */,
				5321FB9D1F0BF594001D2040 /* SelectVarietyModels.swift */,
				5321FB9E1F0BF594001D2040 /* SelectVarietyPresenter.swift */,
				5321FB9F1F0BF594001D2040 /* SelectVarietyRouter.swift */,
				5321FBA01F0BF594001D2040 /* SelectVarietyViewController.swift */,
				5321FBA11F0BF594001D2040 /* SelectVarietyWorker.swift */,
				5321FBA81F0BFA09001D2040 /* VarietyCollectionViewCell.swift */,
			);
			name = SelectVariety;
			sourceTree = "<group>";
		};
		535793571E21A1CD00FDD56A /* MyWines */ = {
			isa = PBXGroup;
			children = (
				535793581E21A1EB00FDD56A /* MyWinesConfigurator.swift */,
				535793591E21A1EB00FDD56A /* MyWinesInteractor.swift */,
				5357935A1E21A1EB00FDD56A /* MyWinesModels.swift */,
				5357935B1E21A1EB00FDD56A /* MyWinesPresenter.swift */,
				5357935C1E21A1EB00FDD56A /* MyWinesRouter.swift */,
				5357935D1E21A1EB00FDD56A /* MyWinesViewController.swift */,
				5357935E1E21A1EB00FDD56A /* MyWinesWorker.swift */,
				53FD50B01E4947CD00F474A6 /* WineTableViewCell.swift */,
				53FD50B11E4947CD00F474A6 /* WineTableViewCell.xib */,
			);
			name = MyWines;
			sourceTree = "<group>";
		};
		535C0B1D1E3579EB008A8117 /* Models */ = {
			isa = PBXGroup;
			children = (
				539196951E6B612D001AE149 /* Notifications.swift */,
			);
			name = Models;
			sourceTree = "<group>";
		};
		537614C01E591867005AABF0 /* EditWine */ = {
			isa = PBXGroup;
			children = (
				537614C11E591887005AABF0 /* EditWineConfigurator.swift */,
				537614C21E591887005AABF0 /* EditWineInteractor.swift */,
				537614C31E591887005AABF0 /* EditWineModels.swift */,
				537614C41E591887005AABF0 /* EditWinePresenter.swift */,
				537614C51E591887005AABF0 /* EditWineRouter.swift */,
				537614C61E591887005AABF0 /* EditWineViewController.swift */,
				537614C71E591887005AABF0 /* EditWineWorker.swift */,
			);
			name = EditWine;
			sourceTree = "<group>";
		};
		537614CF1E591F31005AABF0 /* Shared */ = {
			isa = PBXGroup;
			children = (
				537614D01E591FA5005AABF0 /* WineForm.swift */,
				537740A31E5BC73600A1D282 /* Models.swift */,
				537740A71E5BD35E00A1D282 /* VarietyTranslator.swift */,
				537740A91E5BD58A00A1D282 /* WineImageWorker.swift */,
				539196971E6B68EE001AE149 /* WineTypeWorker.swift */,
			);
			name = Shared;
			sourceTree = "<group>";
		};
		538995AA1EE475BB00CF1330 /* Scenes */ = {
			isa = PBXGroup;
			children = (
				5321FB661F0BE5D9001D2040 /* AddWine */,
				538995AB1EE475C200CF1330 /* EditWine */,
			);
			name = Scenes;
			sourceTree = "<group>";
		};
		538995AB1EE475C200CF1330 /* EditWine */ = {
			isa = PBXGroup;
			children = (
				538995AC1EE475EF00CF1330 /* EditWineInteractorTests.swift */,
				538995AD1EE475EF00CF1330 /* EditWinePresenterTests.swift */,
				538995AE1EE475EF00CF1330 /* EditWineViewControllerTests.swift */,
				538995AF1EE475EF00CF1330 /* EditWineWorkerTests.swift */,
			);
			name = EditWine;
			sourceTree = "<group>";
		};
		538F77971E7DCBC200C08263 /* SortAndFilter */ = {
			isa = PBXGroup;
			children = (
				538F77981E7DCC0D00C08263 /* SortAndFilterConfigurator.swift */,
				538F77991E7DCC0D00C08263 /* SortAndFilterInteractor.swift */,
				538F779A1E7DCC0D00C08263 /* SortAndFilterModels.swift */,
				538F779B1E7DCC0D00C08263 /* SortAndFilterPresenter.swift */,
				538F779C1E7DCC0D00C08263 /* SortAndFilterRouter.swift */,
				538F779D1E7DCC0D00C08263 /* SortAndFilterViewController.swift */,
				538F779E1E7DCC0D00C08263 /* SortAndFilterWorker.swift */,
			);
			name = SortAndFilter;
			sourceTree = "<group>";
		};
		5391969C1E6B79F6001AE149 /* Utilities */ = {
			isa = PBXGroup;
			children = (
				5391969F1E6B7A1D001AE149 /* Delay.swift */,
			);
			name = Utilities;
			sourceTree = "<group>";
		};
		53C88BFA1F085D17009B7D29 /* Views */ = {
			isa = PBXGroup;
			children = (
				53C88BFB1F085D56009B7D29 /* ButtonPrimary.swift */,
			);
			name = Views;
			sourceTree = "<group>";
		};
		53D8EDCE1E41857100696FAE /* EurekaRows */ = {
			isa = PBXGroup;
			children = (
				53D8EDCF1E4185B000696FAE /* RatingRow.swift */,
				53D8EDD11E41868E00696FAE /* RatingCell.xib */,
				5320BF361E42B0BB00F2405E /* PhotoCell.xib */,
				5320BF381E436FF200F2405E /* PhotoRow.swift */,
			);
			name = EurekaRows;
			sourceTree = "<group>";
		};
		53F5ABE71E2176080067AB62 = {
			isa = PBXGroup;
			children = (
				53D8EDD31E4186A300696FAE /* Podfile */,
				53F5ABF21E2176080067AB62 /* mowine */,
				53F5AC0A1E2176090067AB62 /* mowineTests */,
				53F5AC151E2176090067AB62 /* mowineUITests */,
				53F5ABF11E2176080067AB62 /* Products */,
				8C78297C0DD49907F0106DDF /* Pods */,
				8E45E83822A4C492508A446C /* Frameworks */,
			);
			sourceTree = "<group>";
		};
		53F5ABF11E2176080067AB62 /* Products */ = {
			isa = PBXGroup;
			children = (
				53F5ABF01E2176080067AB62 /* mowine.app */,
				53F5AC071E2176090067AB62 /* mowineTests.xctest */,
				53F5AC121E2176090067AB62 /* mowineUITests.xctest */,
			);
			name = Products;
			sourceTree = "<group>";
		};
		53F5ABF21E2176080067AB62 /* mowine */ = {
			isa = PBXGroup;
			children = (
				53C88BFA1F085D17009B7D29 /* Views */,
				5391969C1E6B79F6001AE149 /* Utilities */,
				537614CF1E591F31005AABF0 /* Shared */,
				53D8EDCE1E41857100696FAE /* EurekaRows */,
				535C0B1D1E3579EB008A8117 /* Models */,
				53F5AC251E2185750067AB62 /* Extensions */,
				53F5AC241E217E210067AB62 /* Scenes */,
				53F5ABF31E2176080067AB62 /* AppDelegate.swift */,
				53F5ABF71E2176080067AB62 /* Main.storyboard */,
				53F5ABFD1E2176080067AB62 /* Assets.xcassets */,
				53F5ABFF1E2176080067AB62 /* LaunchScreen.storyboard */,
				53F5AC021E2176080067AB62 /* Info.plist */,
				53F5ABFA1E2176080067AB62 /* mowine.xcdatamodeld */,
			);
			path = mowine;
			sourceTree = "<group>";
		};
		53F5AC0A1E2176090067AB62 /* mowineTests */ = {
			isa = PBXGroup;
			children = (
				538995AA1EE475BB00CF1330 /* Scenes */,
				53F5AC0B1E2176090067AB62 /* mowineTests.swift */,
				53F5AC0D1E2176090067AB62 /* Info.plist */,
				538995B41EE476A100CF1330 /* TestDoubles.swift */,
				538995B61EE4A42E00CF1330 /* CoreDataHelpers.swift */,
			);
			path = mowineTests;
			sourceTree = "<group>";
		};
		53F5AC151E2176090067AB62 /* mowineUITests */ = {
			isa = PBXGroup;
			children = (
				53F5AC161E2176090067AB62 /* mowineUITests.swift */,
				53F5AC181E2176090067AB62 /* Info.plist */,
			);
			path = mowineUITests;
			sourceTree = "<group>";
		};
		53F5AC241E217E210067AB62 /* Scenes */ = {
			isa = PBXGroup;
			children = (
				538F77971E7DCBC200C08263 /* SortAndFilter */,
				537614C01E591867005AABF0 /* EditWine */,
				535793571E21A1CD00FDD56A /* MyWines */,
				53F5AC2B1E2187F90067AB62 /* AddWine */,
				53F5AC281E2185950067AB62 /* MainMenu */,
			);
			name = Scenes;
			sourceTree = "<group>";
		};
		53F5AC251E2185750067AB62 /* Extensions */ = {
			isa = PBXGroup;
			children = (
				53F5AC261E2185830067AB62 /* UIImageView.swift */,
				537740A51E5BD11C00A1D282 /* UIViewController.swift */,
				53C88BF81F084FDB009B7D29 /* UIColor.swift */,
			);
			name = Extensions;
			sourceTree = "<group>";
		};
		53F5AC281E2185950067AB62 /* MainMenu */ = {
			isa = PBXGroup;
			children = (
				53F5AC291E2185C00067AB62 /* MainMenuViewController.swift */,
			);
			name = MainMenu;
			sourceTree = "<group>";
		};
		53F5AC2B1E2187F90067AB62 /* AddWine */ = {
			isa = PBXGroup;
			children = (
				5321FB8E1F0BEE09001D2040 /* SelectType */,
				5321FB9B1F0BF2F2001D2040 /* SelectVariety */,
			);
			name = AddWine;
			sourceTree = "<group>";
		};
		8C78297C0DD49907F0106DDF /* Pods */ = {
			isa = PBXGroup;
			children = (
				C229246CC7D6CF9239D2004A /* Pods-mowine.debug.xcconfig */,
				4398BA28CCE6264B4FB742A1 /* Pods-mowine.release.xcconfig */,
				2FA374DDFB53A0C1DAA61952 /* Pods-mowineTests.debug.xcconfig */,
				E71D4ABFC5D16C6D043FAD82 /* Pods-mowineTests.release.xcconfig */,
				D16E81C6D3F0F303D341805A /* Pods-mowineUITests.debug.xcconfig */,
				2D9F878AAEDCB250F4BF2D2E /* Pods-mowineUITests.release.xcconfig */,
			);
			name = Pods;
			sourceTree = "<group>";
		};
		8E45E83822A4C492508A446C /* Frameworks */ = {
			isa = PBXGroup;
			children = (
				6D0D2FACD3CCEEB7590312C1 /* Pods_mowine.framework */,
				36539C48DA1F84502E2FD95D /* Pods_mowineTests.framework */,
				79EA782740BFA91CCEF1AC4D /* Pods_mowineUITests.framework */,
			);
			name = Frameworks;
			sourceTree = "<group>";
		};
/* End PBXGroup section */

/* Begin PBXNativeTarget section */
		53F5ABEF1E2176080067AB62 /* mowine */ = {
			isa = PBXNativeTarget;
			buildConfigurationList = 53F5AC1B1E2176090067AB62 /* Build configuration list for PBXNativeTarget "mowine" */;
			buildPhases = (
				A5FFEA42EBFF366F720C6CB5 /* [CP] Check Pods Manifest.lock */,
				53F5ABEC1E2176080067AB62 /* Sources */,
				53F5ABED1E2176080067AB62 /* Frameworks */,
				53F5ABEE1E2176080067AB62 /* Resources */,
				42C5F7793FDAF041737844CF /* [CP] Embed Pods Frameworks */,
				F77494430CD0EC0621FC36D6 /* [CP] Copy Pods Resources */,
			);
			buildRules = (
			);
			dependencies = (
			);
			name = mowine;
			productName = mowine;
			productReference = 53F5ABF01E2176080067AB62 /* mowine.app */;
			productType = "com.apple.product-type.application";
		};
		53F5AC061E2176090067AB62 /* mowineTests */ = {
			isa = PBXNativeTarget;
			buildConfigurationList = 53F5AC1E1E2176090067AB62 /* Build configuration list for PBXNativeTarget "mowineTests" */;
			buildPhases = (
				DA697A79BA92B0D6E5631F20 /* [CP] Check Pods Manifest.lock */,
				53F5AC031E2176090067AB62 /* Sources */,
				53F5AC041E2176090067AB62 /* Frameworks */,
				53F5AC051E2176090067AB62 /* Resources */,
				A9AE12F1F31609777605FA92 /* [CP] Embed Pods Frameworks */,
				4A397CC04E98C40730248846 /* [CP] Copy Pods Resources */,
			);
			buildRules = (
			);
			dependencies = (
				53F5AC091E2176090067AB62 /* PBXTargetDependency */,
			);
			name = mowineTests;
			productName = mowineTests;
			productReference = 53F5AC071E2176090067AB62 /* mowineTests.xctest */;
			productType = "com.apple.product-type.bundle.unit-test";
		};
		53F5AC111E2176090067AB62 /* mowineUITests */ = {
			isa = PBXNativeTarget;
			buildConfigurationList = 53F5AC211E2176090067AB62 /* Build configuration list for PBXNativeTarget "mowineUITests" */;
			buildPhases = (
				F33352C28B2E27A47C525D64 /* [CP] Check Pods Manifest.lock */,
				53F5AC0E1E2176090067AB62 /* Sources */,
				53F5AC0F1E2176090067AB62 /* Frameworks */,
				53F5AC101E2176090067AB62 /* Resources */,
				AFDF6D76E4EBF5FB84746361 /* [CP] Copy Pods Resources */,
				F847DFEC184BB770BB2AB128 /* [CP] Embed Pods Frameworks */,
			);
			buildRules = (
			);
			dependencies = (
				53F5AC141E2176090067AB62 /* PBXTargetDependency */,
			);
			name = mowineUITests;
			productName = mowineUITests;
			productReference = 53F5AC121E2176090067AB62 /* mowineUITests.xctest */;
			productType = "com.apple.product-type.bundle.ui-testing";
		};
/* End PBXNativeTarget section */

/* Begin PBXProject section */
		53F5ABE81E2176080067AB62 /* Project object */ = {
			isa = PBXProject;
			attributes = {
				LastSwiftUpdateCheck = 0820;
				LastUpgradeCheck = 0820;
				ORGANIZATIONNAME = BleepSmazz;
				TargetAttributes = {
					53F5ABEF1E2176080067AB62 = {
						CreatedOnToolsVersion = 8.2.1;
						DevelopmentTeam = Q96RZM5NAK;
						ProvisioningStyle = Automatic;
					};
					53F5AC061E2176090067AB62 = {
						CreatedOnToolsVersion = 8.2.1;
						DevelopmentTeam = Q96RZM5NAK;
						ProvisioningStyle = Automatic;
						TestTargetID = 53F5ABEF1E2176080067AB62;
					};
					53F5AC111E2176090067AB62 = {
						CreatedOnToolsVersion = 8.2.1;
						DevelopmentTeam = Q96RZM5NAK;
						ProvisioningStyle = Automatic;
						TestTargetID = 53F5ABEF1E2176080067AB62;
					};
				};
			};
			buildConfigurationList = 53F5ABEB1E2176080067AB62 /* Build configuration list for PBXProject "mowine" */;
			compatibilityVersion = "Xcode 3.2";
			developmentRegion = English;
			hasScannedForEncodings = 0;
			knownRegions = (
				en,
				Base,
			);
			mainGroup = 53F5ABE71E2176080067AB62;
			productRefGroup = 53F5ABF11E2176080067AB62 /* Products */;
			projectDirPath = "";
			projectRoot = "";
			targets = (
				53F5ABEF1E2176080067AB62 /* mowine */,
				53F5AC061E2176090067AB62 /* mowineTests */,
				53F5AC111E2176090067AB62 /* mowineUITests */,
			);
		};
/* End PBXProject section */

/* Begin PBXResourcesBuildPhase section */
		53F5ABEE1E2176080067AB62 /* Resources */ = {
			isa = PBXResourcesBuildPhase;
			buildActionMask = 2147483647;
			files = (
				53D8EDD41E4186A300696FAE /* Podfile in Resources */,
				53FD50B31E4947CD00F474A6 /* WineTableViewCell.xib in Resources */,
				53D8EDD21E41868E00696FAE /* RatingCell.xib in Resources */,
				53F5AC011E2176080067AB62 /* LaunchScreen.storyboard in Resources */,
				53F5ABFE1E2176080067AB62 /* Assets.xcassets in Resources */,
				53F5ABF91E2176080067AB62 /* Main.storyboard in Resources */,
				5320BF371E42B0BB00F2405E /* PhotoCell.xib in Resources */,
			);
			runOnlyForDeploymentPostprocessing = 0;
		};
		53F5AC051E2176090067AB62 /* Resources */ = {
			isa = PBXResourcesBuildPhase;
			buildActionMask = 2147483647;
			files = (
			);
			runOnlyForDeploymentPostprocessing = 0;
		};
		53F5AC101E2176090067AB62 /* Resources */ = {
			isa = PBXResourcesBuildPhase;
			buildActionMask = 2147483647;
			files = (
			);
			runOnlyForDeploymentPostprocessing = 0;
		};
/* End PBXResourcesBuildPhase section */

/* Begin PBXShellScriptBuildPhase section */
		42C5F7793FDAF041737844CF /* [CP] Embed Pods Frameworks */ = {
			isa = PBXShellScriptBuildPhase;
			buildActionMask = 2147483647;
			files = (
			);
			inputPaths = (
			);
			name = "[CP] Embed Pods Frameworks";
			outputPaths = (
			);
			runOnlyForDeploymentPostprocessing = 0;
			shellPath = /bin/sh;
			shellScript = "\"${SRCROOT}/Pods/Target Support Files/Pods-mowine/Pods-mowine-frameworks.sh\"\n";
			showEnvVarsInLog = 0;
		};
		4A397CC04E98C40730248846 /* [CP] Copy Pods Resources */ = {
			isa = PBXShellScriptBuildPhase;
			buildActionMask = 2147483647;
			files = (
			);
			inputPaths = (
			);
			name = "[CP] Copy Pods Resources";
			outputPaths = (
			);
			runOnlyForDeploymentPostprocessing = 0;
			shellPath = /bin/sh;
			shellScript = "\"${SRCROOT}/Pods/Target Support Files/Pods-mowineTests/Pods-mowineTests-resources.sh\"\n";
			showEnvVarsInLog = 0;
		};
		A5FFEA42EBFF366F720C6CB5 /* [CP] Check Pods Manifest.lock */ = {
			isa = PBXShellScriptBuildPhase;
			buildActionMask = 2147483647;
			files = (
			);
			inputPaths = (
			);
			name = "[CP] Check Pods Manifest.lock";
			outputPaths = (
			);
			runOnlyForDeploymentPostprocessing = 0;
			shellPath = /bin/sh;
			shellScript = "diff \"${PODS_PODFILE_DIR_PATH}/Podfile.lock\" \"${PODS_ROOT}/Manifest.lock\" > /dev/null\nif [ $? != 0 ] ; then\n    # print error to STDERR\n    echo \"error: The sandbox is not in sync with the Podfile.lock. Run 'pod install' or update your CocoaPods installation.\" >&2\n    exit 1\nfi\n";
			showEnvVarsInLog = 0;
		};
		A9AE12F1F31609777605FA92 /* [CP] Embed Pods Frameworks */ = {
			isa = PBXShellScriptBuildPhase;
			buildActionMask = 2147483647;
			files = (
			);
			inputPaths = (
			);
			name = "[CP] Embed Pods Frameworks";
			outputPaths = (
			);
			runOnlyForDeploymentPostprocessing = 0;
			shellPath = /bin/sh;
			shellScript = "\"${SRCROOT}/Pods/Target Support Files/Pods-mowineTests/Pods-mowineTests-frameworks.sh\"\n";
			showEnvVarsInLog = 0;
		};
		AFDF6D76E4EBF5FB84746361 /* [CP] Copy Pods Resources */ = {
			isa = PBXShellScriptBuildPhase;
			buildActionMask = 2147483647;
			files = (
			);
			inputPaths = (
			);
			name = "[CP] Copy Pods Resources";
			outputPaths = (
			);
			runOnlyForDeploymentPostprocessing = 0;
			shellPath = /bin/sh;
			shellScript = "\"${SRCROOT}/Pods/Target Support Files/Pods-mowineUITests/Pods-mowineUITests-resources.sh\"\n";
			showEnvVarsInLog = 0;
		};
		DA697A79BA92B0D6E5631F20 /* [CP] Check Pods Manifest.lock */ = {
			isa = PBXShellScriptBuildPhase;
			buildActionMask = 2147483647;
			files = (
			);
			inputPaths = (
			);
			name = "[CP] Check Pods Manifest.lock";
			outputPaths = (
			);
			runOnlyForDeploymentPostprocessing = 0;
			shellPath = /bin/sh;
			shellScript = "diff \"${PODS_PODFILE_DIR_PATH}/Podfile.lock\" \"${PODS_ROOT}/Manifest.lock\" > /dev/null\nif [ $? != 0 ] ; then\n    # print error to STDERR\n    echo \"error: The sandbox is not in sync with the Podfile.lock. Run 'pod install' or update your CocoaPods installation.\" >&2\n    exit 1\nfi\n";
			showEnvVarsInLog = 0;
		};
		F33352C28B2E27A47C525D64 /* [CP] Check Pods Manifest.lock */ = {
			isa = PBXShellScriptBuildPhase;
			buildActionMask = 2147483647;
			files = (
			);
			inputPaths = (
			);
			name = "[CP] Check Pods Manifest.lock";
			outputPaths = (
			);
			runOnlyForDeploymentPostprocessing = 0;
			shellPath = /bin/sh;
			shellScript = "diff \"${PODS_PODFILE_DIR_PATH}/Podfile.lock\" \"${PODS_ROOT}/Manifest.lock\" > /dev/null\nif [ $? != 0 ] ; then\n    # print error to STDERR\n    echo \"error: The sandbox is not in sync with the Podfile.lock. Run 'pod install' or update your CocoaPods installation.\" >&2\n    exit 1\nfi\n";
			showEnvVarsInLog = 0;
		};
		F77494430CD0EC0621FC36D6 /* [CP] Copy Pods Resources */ = {
			isa = PBXShellScriptBuildPhase;
			buildActionMask = 2147483647;
			files = (
			);
			inputPaths = (
			);
			name = "[CP] Copy Pods Resources";
			outputPaths = (
			);
			runOnlyForDeploymentPostprocessing = 0;
			shellPath = /bin/sh;
			shellScript = "\"${SRCROOT}/Pods/Target Support Files/Pods-mowine/Pods-mowine-resources.sh\"\n";
			showEnvVarsInLog = 0;
		};
		F847DFEC184BB770BB2AB128 /* [CP] Embed Pods Frameworks */ = {
			isa = PBXShellScriptBuildPhase;
			buildActionMask = 2147483647;
			files = (
			);
			inputPaths = (
			);
			name = "[CP] Embed Pods Frameworks";
			outputPaths = (
			);
			runOnlyForDeploymentPostprocessing = 0;
			shellPath = /bin/sh;
			shellScript = "\"${SRCROOT}/Pods/Target Support Files/Pods-mowineUITests/Pods-mowineUITests-frameworks.sh\"\n";
			showEnvVarsInLog = 0;
		};
/* End PBXShellScriptBuildPhase section */

/* Begin PBXSourcesBuildPhase section */
		53F5ABEC1E2176080067AB62 /* Sources */ = {
			isa = PBXSourcesBuildPhase;
			buildActionMask = 2147483647;
			files = (
				538F77A21E7DCC0D00C08263 /* SortAndFilterPresenter.swift in Sources */,
				538F77A51E7DCC0D00C08263 /* SortAndFilterWorker.swift in Sources */,
				537740A81E5BD35E00A1D282 /* VarietyTranslator.swift in Sources */,
				538F77A11E7DCC0D00C08263 /* SortAndFilterModels.swift in Sources */,
				537614CB1E591887005AABF0 /* EditWinePresenter.swift in Sources */,
				53F5AC2A1E2185C00067AB62 /* MainMenuViewController.swift in Sources */,
				538F77A01E7DCC0D00C08263 /* SortAndFilterInteractor.swift in Sources */,
				53F5AC271E2185830067AB62 /* UIImageView.swift in Sources */,
				5321FB951F0BEE27001D2040 /* SelectTypeInteractor.swift in Sources */,
				5357935F1E21A1EB00FDD56A /* MyWinesConfigurator.swift in Sources */,
				5321FBA41F0BF594001D2040 /* SelectVarietyPresenter.swift in Sources */,
				53F5ABFC1E2176080067AB62 /* mowine.xcdatamodeld in Sources */,
				5321FB9A1F0BEE27001D2040 /* SelectTypeWorker.swift in Sources */,
				535793641E21A1EB00FDD56A /* MyWinesViewController.swift in Sources */,
				53FD50B21E4947CD00F474A6 /* WineTableViewCell.swift in Sources */,
				537740A41E5BC73600A1D282 /* Models.swift in Sources */,
				53D8EDD01E4185B000696FAE /* RatingRow.swift in Sources */,
				5321FBA21F0BF594001D2040 /* SelectVarietyInteractor.swift in Sources */,
				5321FB991F0BEE27001D2040 /* SelectTypeViewController.swift in Sources */,
				53F5ABF41E2176080067AB62 /* AppDelegate.swift in Sources */,
				53C88BF91F084FDB009B7D29 /* UIColor.swift in Sources */,
				539196981E6B68EE001AE149 /* WineTypeWorker.swift in Sources */,
				538F77A41E7DCC0D00C08263 /* SortAndFilterViewController.swift in Sources */,
				5321FBA31F0BF594001D2040 /* SelectVarietyModels.swift in Sources */,
				53C88BFC1F085D56009B7D29 /* ButtonPrimary.swift in Sources */,
				535793621E21A1EB00FDD56A /* MyWinesPresenter.swift in Sources */,
				538F779F1E7DCC0D00C08263 /* SortAndFilterConfigurator.swift in Sources */,
				535793651E21A1EB00FDD56A /* MyWinesWorker.swift in Sources */,
				537614D11E591FA5005AABF0 /* WineForm.swift in Sources */,
				5321FBA51F0BF594001D2040 /* SelectVarietyRouter.swift in Sources */,
				535793611E21A1EB00FDD56A /* MyWinesModels.swift in Sources */,
				537614C81E591887005AABF0 /* EditWineConfigurator.swift in Sources */,
				537614CC1E591887005AABF0 /* EditWineRouter.swift in Sources */,
				535793631E21A1EB00FDD56A /* MyWinesRouter.swift in Sources */,
				5320BF391E436FF200F2405E /* PhotoRow.swift in Sources */,
				537614CD1E591887005AABF0 /* EditWineViewController.swift in Sources */,
				537740AA1E5BD58A00A1D282 /* WineImageWorker.swift in Sources */,
				538F77A31E7DCC0D00C08263 /* SortAndFilterRouter.swift in Sources */,
				5321FB961F0BEE27001D2040 /* SelectTypeModels.swift in Sources */,
				537614CA1E591887005AABF0 /* EditWineModels.swift in Sources */,
				537740A61E5BD11C00A1D282 /* UIViewController.swift in Sources */,
				539196961E6B612D001AE149 /* Notifications.swift in Sources */,
				535793601E21A1EB00FDD56A /* MyWinesInteractor.swift in Sources */,
				5321FB981F0BEE27001D2040 /* SelectTypeRouter.swift in Sources */,
				539196A01E6B7A1D001AE149 /* Delay.swift in Sources */,
				5321FBA71F0BF594001D2040 /* SelectVarietyWorker.swift in Sources */,
				5321FBA61F0BF594001D2040 /* SelectVarietyViewController.swift in Sources */,
				537614CE1E591887005AABF0 /* EditWineWorker.swift in Sources */,
				5321FB971F0BEE27001D2040 /* SelectTypePresenter.swift in Sources */,
				537614C91E591887005AABF0 /* EditWineInteractor.swift in Sources */,
				5321FBA91F0BFA09001D2040 /* VarietyCollectionViewCell.swift in Sources */,
			);
			runOnlyForDeploymentPostprocessing = 0;
		};
		53F5AC031E2176090067AB62 /* Sources */ = {
			isa = PBXSourcesBuildPhase;
			buildActionMask = 2147483647;
			files = (
				538995B31EE475EF00CF1330 /* EditWineWorkerTests.swift in Sources */,
				53F5AC0C1E2176090067AB62 /* mowineTests.swift in Sources */,
				538995B21EE475EF00CF1330 /* EditWineViewControllerTests.swift in Sources */,
				538995B11EE475EF00CF1330 /* EditWinePresenterTests.swift in Sources */,
				538995B71EE4A42E00CF1330 /* CoreDataHelpers.swift in Sources */,
				538995B51EE476A100CF1330 /* TestDoubles.swift in Sources */,
				538995B01EE475EF00CF1330 /* EditWineInteractorTests.swift in Sources */,
			);
			runOnlyForDeploymentPostprocessing = 0;
		};
		53F5AC0E1E2176090067AB62 /* Sources */ = {
			isa = PBXSourcesBuildPhase;
			buildActionMask = 2147483647;
			files = (
				53F5AC171E2176090067AB62 /* mowineUITests.swift in Sources */,
			);
			runOnlyForDeploymentPostprocessing = 0;
		};
/* End PBXSourcesBuildPhase section */

/* Begin PBXTargetDependency section */
		53F5AC091E2176090067AB62 /* PBXTargetDependency */ = {
			isa = PBXTargetDependency;
			target = 53F5ABEF1E2176080067AB62 /* mowine */;
			targetProxy = 53F5AC081E2176090067AB62 /* PBXContainerItemProxy */;
		};
		53F5AC141E2176090067AB62 /* PBXTargetDependency */ = {
			isa = PBXTargetDependency;
			target = 53F5ABEF1E2176080067AB62 /* mowine */;
			targetProxy = 53F5AC131E2176090067AB62 /* PBXContainerItemProxy */;
		};
/* End PBXTargetDependency section */

/* Begin PBXVariantGroup section */
		53F5ABF71E2176080067AB62 /* Main.storyboard */ = {
			isa = PBXVariantGroup;
			children = (
				53F5ABF81E2176080067AB62 /* Base */,
			);
			name = Main.storyboard;
			sourceTree = "<group>";
		};
		53F5ABFF1E2176080067AB62 /* LaunchScreen.storyboard */ = {
			isa = PBXVariantGroup;
			children = (
				53F5AC001E2176080067AB62 /* Base */,
			);
			name = LaunchScreen.storyboard;
			sourceTree = "<group>";
		};
/* End PBXVariantGroup section */

/* Begin XCBuildConfiguration section */
		53F5AC191E2176090067AB62 /* Debug */ = {
			isa = XCBuildConfiguration;
			buildSettings = {
				ALWAYS_SEARCH_USER_PATHS = NO;
				CLANG_ANALYZER_NONNULL = YES;
				CLANG_CXX_LANGUAGE_STANDARD = "gnu++0x";
				CLANG_CXX_LIBRARY = "libc++";
				CLANG_ENABLE_MODULES = YES;
				CLANG_ENABLE_OBJC_ARC = YES;
				CLANG_WARN_BOOL_CONVERSION = YES;
				CLANG_WARN_CONSTANT_CONVERSION = YES;
				CLANG_WARN_DIRECT_OBJC_ISA_USAGE = YES_ERROR;
				CLANG_WARN_DOCUMENTATION_COMMENTS = YES;
				CLANG_WARN_EMPTY_BODY = YES;
				CLANG_WARN_ENUM_CONVERSION = YES;
				CLANG_WARN_INFINITE_RECURSION = YES;
				CLANG_WARN_INT_CONVERSION = YES;
				CLANG_WARN_OBJC_ROOT_CLASS = YES_ERROR;
				CLANG_WARN_SUSPICIOUS_MOVE = YES;
				CLANG_WARN_UNREACHABLE_CODE = YES;
				CLANG_WARN__DUPLICATE_METHOD_MATCH = YES;
				"CODE_SIGN_IDENTITY[sdk=iphoneos*]" = "iPhone Developer";
				COPY_PHASE_STRIP = NO;
				DEBUG_INFORMATION_FORMAT = dwarf;
				ENABLE_STRICT_OBJC_MSGSEND = YES;
				ENABLE_TESTABILITY = YES;
				GCC_C_LANGUAGE_STANDARD = gnu99;
				GCC_DYNAMIC_NO_PIC = NO;
				GCC_NO_COMMON_BLOCKS = YES;
				GCC_OPTIMIZATION_LEVEL = 0;
				GCC_PREPROCESSOR_DEFINITIONS = (
					"DEBUG=1",
					"$(inherited)",
				);
				GCC_WARN_64_TO_32_BIT_CONVERSION = YES;
				GCC_WARN_ABOUT_RETURN_TYPE = YES_ERROR;
				GCC_WARN_UNDECLARED_SELECTOR = YES;
				GCC_WARN_UNINITIALIZED_AUTOS = YES_AGGRESSIVE;
				GCC_WARN_UNUSED_FUNCTION = YES;
				GCC_WARN_UNUSED_VARIABLE = YES;
				IPHONEOS_DEPLOYMENT_TARGET = 10.2;
				MTL_ENABLE_DEBUG_INFO = YES;
				ONLY_ACTIVE_ARCH = YES;
				SDKROOT = iphoneos;
				SWIFT_ACTIVE_COMPILATION_CONDITIONS = DEBUG;
				SWIFT_OPTIMIZATION_LEVEL = "-Onone";
				TARGETED_DEVICE_FAMILY = "1,2";
			};
			name = Debug;
		};
		53F5AC1A1E2176090067AB62 /* Release */ = {
			isa = XCBuildConfiguration;
			buildSettings = {
				ALWAYS_SEARCH_USER_PATHS = NO;
				CLANG_ANALYZER_NONNULL = YES;
				CLANG_CXX_LANGUAGE_STANDARD = "gnu++0x";
				CLANG_CXX_LIBRARY = "libc++";
				CLANG_ENABLE_MODULES = YES;
				CLANG_ENABLE_OBJC_ARC = YES;
				CLANG_WARN_BOOL_CONVERSION = YES;
				CLANG_WARN_CONSTANT_CONVERSION = YES;
				CLANG_WARN_DIRECT_OBJC_ISA_USAGE = YES_ERROR;
				CLANG_WARN_DOCUMENTATION_COMMENTS = YES;
				CLANG_WARN_EMPTY_BODY = YES;
				CLANG_WARN_ENUM_CONVERSION = YES;
				CLANG_WARN_INFINITE_RECURSION = YES;
				CLANG_WARN_INT_CONVERSION = YES;
				CLANG_WARN_OBJC_ROOT_CLASS = YES_ERROR;
				CLANG_WARN_SUSPICIOUS_MOVE = YES;
				CLANG_WARN_UNREACHABLE_CODE = YES;
				CLANG_WARN__DUPLICATE_METHOD_MATCH = YES;
				"CODE_SIGN_IDENTITY[sdk=iphoneos*]" = "iPhone Developer";
				COPY_PHASE_STRIP = NO;
				DEBUG_INFORMATION_FORMAT = "dwarf-with-dsym";
				ENABLE_NS_ASSERTIONS = NO;
				ENABLE_STRICT_OBJC_MSGSEND = YES;
				GCC_C_LANGUAGE_STANDARD = gnu99;
				GCC_NO_COMMON_BLOCKS = YES;
				GCC_WARN_64_TO_32_BIT_CONVERSION = YES;
				GCC_WARN_ABOUT_RETURN_TYPE = YES_ERROR;
				GCC_WARN_UNDECLARED_SELECTOR = YES;
				GCC_WARN_UNINITIALIZED_AUTOS = YES_AGGRESSIVE;
				GCC_WARN_UNUSED_FUNCTION = YES;
				GCC_WARN_UNUSED_VARIABLE = YES;
				IPHONEOS_DEPLOYMENT_TARGET = 10.2;
				MTL_ENABLE_DEBUG_INFO = NO;
				SDKROOT = iphoneos;
				SWIFT_OPTIMIZATION_LEVEL = "-Owholemodule";
				TARGETED_DEVICE_FAMILY = "1,2";
				VALIDATE_PRODUCT = YES;
			};
			name = Release;
		};
		53F5AC1C1E2176090067AB62 /* Debug */ = {
			isa = XCBuildConfiguration;
			baseConfigurationReference = C229246CC7D6CF9239D2004A /* Pods-mowine.debug.xcconfig */;
			buildSettings = {
				ASSETCATALOG_COMPILER_APPICON_NAME = AppIcon;
				DEVELOPMENT_TEAM = Q96RZM5NAK;
				INFOPLIST_FILE = mowine/Info.plist;
				LD_RUNPATH_SEARCH_PATHS = "$(inherited) @executable_path/Frameworks";
				PRODUCT_BUNDLE_IDENTIFIER = com.bleepsmazz.mowine;
				PRODUCT_NAME = "$(TARGET_NAME)";
				SWIFT_VERSION = 3.0;
			};
			name = Debug;
		};
		53F5AC1D1E2176090067AB62 /* Release */ = {
			isa = XCBuildConfiguration;
			baseConfigurationReference = 4398BA28CCE6264B4FB742A1 /* Pods-mowine.release.xcconfig */;
			buildSettings = {
				ASSETCATALOG_COMPILER_APPICON_NAME = AppIcon;
				DEVELOPMENT_TEAM = Q96RZM5NAK;
				INFOPLIST_FILE = mowine/Info.plist;
				LD_RUNPATH_SEARCH_PATHS = "$(inherited) @executable_path/Frameworks";
				PRODUCT_BUNDLE_IDENTIFIER = com.bleepsmazz.mowine;
				PRODUCT_NAME = "$(TARGET_NAME)";
				SWIFT_VERSION = 3.0;
			};
			name = Release;
		};
		53F5AC1F1E2176090067AB62 /* Debug */ = {
			isa = XCBuildConfiguration;
			baseConfigurationReference = 2FA374DDFB53A0C1DAA61952 /* Pods-mowineTests.debug.xcconfig */;
			buildSettings = {
				ALWAYS_EMBED_SWIFT_STANDARD_LIBRARIES = YES;
				BUNDLE_LOADER = "$(TEST_HOST)";
				DEVELOPMENT_TEAM = Q96RZM5NAK;
				INFOPLIST_FILE = mowineTests/Info.plist;
				LD_RUNPATH_SEARCH_PATHS = "$(inherited) @executable_path/Frameworks @loader_path/Frameworks";
				PRODUCT_BUNDLE_IDENTIFIER = com.bleepsmazz.mowineTests;
				PRODUCT_NAME = "$(TARGET_NAME)";
				SWIFT_VERSION = 3.0;
				TEST_HOST = "$(BUILT_PRODUCTS_DIR)/mowine.app/mowine";
			};
			name = Debug;
		};
		53F5AC201E2176090067AB62 /* Release */ = {
			isa = XCBuildConfiguration;
			baseConfigurationReference = E71D4ABFC5D16C6D043FAD82 /* Pods-mowineTests.release.xcconfig */;
			buildSettings = {
				ALWAYS_EMBED_SWIFT_STANDARD_LIBRARIES = YES;
				BUNDLE_LOADER = "$(TEST_HOST)";
				DEVELOPMENT_TEAM = Q96RZM5NAK;
				INFOPLIST_FILE = mowineTests/Info.plist;
				LD_RUNPATH_SEARCH_PATHS = "$(inherited) @executable_path/Frameworks @loader_path/Frameworks";
				PRODUCT_BUNDLE_IDENTIFIER = com.bleepsmazz.mowineTests;
				PRODUCT_NAME = "$(TARGET_NAME)";
				SWIFT_VERSION = 3.0;
				TEST_HOST = "$(BUILT_PRODUCTS_DIR)/mowine.app/mowine";
			};
			name = Release;
		};
		53F5AC221E2176090067AB62 /* Debug */ = {
			isa = XCBuildConfiguration;
			baseConfigurationReference = D16E81C6D3F0F303D341805A /* Pods-mowineUITests.debug.xcconfig */;
			buildSettings = {
				ALWAYS_EMBED_SWIFT_STANDARD_LIBRARIES = YES;
				DEVELOPMENT_TEAM = Q96RZM5NAK;
				INFOPLIST_FILE = mowineUITests/Info.plist;
				LD_RUNPATH_SEARCH_PATHS = "$(inherited) @executable_path/Frameworks @loader_path/Frameworks";
				PRODUCT_BUNDLE_IDENTIFIER = com.bleepsmazz.mowineUITests;
				PRODUCT_NAME = "$(TARGET_NAME)";
				SWIFT_VERSION = 3.0;
				TEST_TARGET_NAME = mowine;
			};
			name = Debug;
		};
		53F5AC231E2176090067AB62 /* Release */ = {
			isa = XCBuildConfiguration;
			baseConfigurationReference = 2D9F878AAEDCB250F4BF2D2E /* Pods-mowineUITests.release.xcconfig */;
			buildSettings = {
				ALWAYS_EMBED_SWIFT_STANDARD_LIBRARIES = YES;
				DEVELOPMENT_TEAM = Q96RZM5NAK;
				INFOPLIST_FILE = mowineUITests/Info.plist;
				LD_RUNPATH_SEARCH_PATHS = "$(inherited) @executable_path/Frameworks @loader_path/Frameworks";
				PRODUCT_BUNDLE_IDENTIFIER = com.bleepsmazz.mowineUITests;
				PRODUCT_NAME = "$(TARGET_NAME)";
				SWIFT_VERSION = 3.0;
				TEST_TARGET_NAME = mowine;
			};
			name = Release;
		};
/* End XCBuildConfiguration section */

/* Begin XCConfigurationList section */
		53F5ABEB1E2176080067AB62 /* Build configuration list for PBXProject "mowine" */ = {
			isa = XCConfigurationList;
			buildConfigurations = (
				53F5AC191E2176090067AB62 /* Debug */,
				53F5AC1A1E2176090067AB62 /* Release */,
			);
			defaultConfigurationIsVisible = 0;
			defaultConfigurationName = Release;
		};
		53F5AC1B1E2176090067AB62 /* Build configuration list for PBXNativeTarget "mowine" */ = {
			isa = XCConfigurationList;
			buildConfigurations = (
				53F5AC1C1E2176090067AB62 /* Debug */,
				53F5AC1D1E2176090067AB62 /* Release */,
			);
			defaultConfigurationIsVisible = 0;
			defaultConfigurationName = Release;
		};
		53F5AC1E1E2176090067AB62 /* Build configuration list for PBXNativeTarget "mowineTests" */ = {
			isa = XCConfigurationList;
			buildConfigurations = (
				53F5AC1F1E2176090067AB62 /* Debug */,
				53F5AC201E2176090067AB62 /* Release */,
			);
			defaultConfigurationIsVisible = 0;
			defaultConfigurationName = Release;
		};
		53F5AC211E2176090067AB62 /* Build configuration list for PBXNativeTarget "mowineUITests" */ = {
			isa = XCConfigurationList;
			buildConfigurations = (
				53F5AC221E2176090067AB62 /* Debug */,
				53F5AC231E2176090067AB62 /* Release */,
			);
			defaultConfigurationIsVisible = 0;
			defaultConfigurationName = Release;
		};
/* End XCConfigurationList section */

/* Begin XCVersionGroup section */
		53F5ABFA1E2176080067AB62 /* mowine.xcdatamodeld */ = {
			isa = XCVersionGroup;
			children = (
				53F5ABFB1E2176080067AB62 /* mowine.xcdatamodel */,
			);
			currentVersion = 53F5ABFB1E2176080067AB62 /* mowine.xcdatamodel */;
			path = mowine.xcdatamodeld;
			sourceTree = "<group>";
			versionGroupType = wrapper.xcdatamodel;
		};
/* End XCVersionGroup section */
	};
	rootObject = 53F5ABE81E2176080067AB62 /* Project object */;
}
